// !$*UTF8*$!
{
	archiveVersion = 1;
	classes = {
	};
	objectVersion = 46;
	objects = {

/* Begin PBXBuildFile section */
		3D6CEF131700DEEC00F770AD /* AccessClient.h in Headers */ = {isa = PBXBuildFile; fileRef = 3D6CEF111700DEEC00F770AD /* AccessClient.h */; };
		3D6CEF141700DEEC00F770AD /* AccessClient.m in Sources */ = {isa = PBXBuildFile; fileRef = 3D6CEF121700DEEC00F770AD /* AccessClient.m */; };
		3D6CEF151700DEEC00F770AD /* AccessClient.m in Sources */ = {isa = PBXBuildFile; fileRef = 3D6CEF121700DEEC00F770AD /* AccessClient.m */; };
		3D6D3BBC16F8BBDE0072F480 /* PYConstants.h in Headers */ = {isa = PBXBuildFile; fileRef = 3D6D3BBA16F8BBDE0072F480 /* PYConstants.h */; settings = {ATTRIBUTES = (Public, ); }; };
		3D6D3BBD16F8BBDE0072F480 /* PYConstants.m in Sources */ = {isa = PBXBuildFile; fileRef = 3D6D3BBB16F8BBDE0072F480 /* PYConstants.m */; };
		3D6D3BBE16F8BBDE0072F480 /* PYConstants.m in Sources */ = {isa = PBXBuildFile; fileRef = 3D6D3BBB16F8BBDE0072F480 /* PYConstants.m */; };
		3D6D3BC216F8BD5C0072F480 /* PYError.h in Headers */ = {isa = PBXBuildFile; fileRef = 3D6D3BC016F8BD5C0072F480 /* PYError.h */; settings = {ATTRIBUTES = (Public, ); }; };
		3D6D3BC316F8BD5C0072F480 /* PYError.m in Sources */ = {isa = PBXBuildFile; fileRef = 3D6D3BC116F8BD5C0072F480 /* PYError.m */; };
		3D6D3BC416F8BD5C0072F480 /* PYError.m in Sources */ = {isa = PBXBuildFile; fileRef = 3D6D3BC116F8BD5C0072F480 /* PYError.m */; };
		3D6FCEAC16F7C3960003D970 /* PYChannelClient.h in Headers */ = {isa = PBXBuildFile; fileRef = 3D6FCEAA16F7C3960003D970 /* PYChannelClient.h */; settings = {ATTRIBUTES = (Public, ); }; };
		3D6FCEAD16F7C3960003D970 /* PYChannelClient.m in Sources */ = {isa = PBXBuildFile; fileRef = 3D6FCEAB16F7C3960003D970 /* PYChannelClient.m */; };
		3D6FCEAE16F7C3960003D970 /* PYChannelClient.m in Sources */ = {isa = PBXBuildFile; fileRef = 3D6FCEAB16F7C3960003D970 /* PYChannelClient.m */; };
		3D6FCEB216F7C8A70003D970 /* PYFolderClient.h in Headers */ = {isa = PBXBuildFile; fileRef = 3D6FCEB016F7C8A70003D970 /* PYFolderClient.h */; settings = {ATTRIBUTES = (Public, ); }; };
		3D6FCEB316F7C8A70003D970 /* PYFolderClient.m in Sources */ = {isa = PBXBuildFile; fileRef = 3D6FCEB116F7C8A70003D970 /* PYFolderClient.m */; };
		3D6FCEB416F7C8A70003D970 /* PYFolderClient.m in Sources */ = {isa = PBXBuildFile; fileRef = 3D6FCEB116F7C8A70003D970 /* PYFolderClient.m */; };
		3D6FCEB716F7C8C00003D970 /* PYEventClient.h in Headers */ = {isa = PBXBuildFile; fileRef = 3D6FCEB516F7C8C00003D970 /* PYEventClient.h */; settings = {ATTRIBUTES = (Public, ); }; };
		3D6FCEB816F7C8C00003D970 /* PYEventClient.m in Sources */ = {isa = PBXBuildFile; fileRef = 3D6FCEB616F7C8C00003D970 /* PYEventClient.m */; };
		3D6FCEB916F7C8C00003D970 /* PYEventClient.m in Sources */ = {isa = PBXBuildFile; fileRef = 3D6FCEB616F7C8C00003D970 /* PYEventClient.m */; };
		3D6FCEBD16F7CB460003D970 /* PYFolder+JSON.h in Headers */ = {isa = PBXBuildFile; fileRef = 3D6FCEBB16F7CB460003D970 /* PYFolder+JSON.h */; settings = {ATTRIBUTES = (Public, ); }; };
		3D6FCEBE16F7CB460003D970 /* PYFolder+JSON.m in Sources */ = {isa = PBXBuildFile; fileRef = 3D6FCEBC16F7CB460003D970 /* PYFolder+JSON.m */; };
		3D6FCEBF16F7CB460003D970 /* PYFolder+JSON.m in Sources */ = {isa = PBXBuildFile; fileRef = 3D6FCEBC16F7CB460003D970 /* PYFolder+JSON.m */; };
		3D6FCEC216F7CB900003D970 /* PYEvent+JSON.h in Headers */ = {isa = PBXBuildFile; fileRef = 3D6FCEC016F7CB8F0003D970 /* PYEvent+JSON.h */; settings = {ATTRIBUTES = (Public, ); }; };
		3D6FCEC316F7CB900003D970 /* PYEvent+JSON.m in Sources */ = {isa = PBXBuildFile; fileRef = 3D6FCEC116F7CB8F0003D970 /* PYEvent+JSON.m */; };
		3D6FCEC416F7CB900003D970 /* PYEvent+JSON.m in Sources */ = {isa = PBXBuildFile; fileRef = 3D6FCEC116F7CB8F0003D970 /* PYEvent+JSON.m */; };
		3D6FCEC516F7D1BD0003D970 /* PYChannelClient.h in CopyFiles */ = {isa = PBXBuildFile; fileRef = 3D6FCEAA16F7C3960003D970 /* PYChannelClient.h */; };
		3D6FCEC616F7D21B0003D970 /* PYEventClient.h in CopyFiles */ = {isa = PBXBuildFile; fileRef = 3D6FCEB516F7C8C00003D970 /* PYEventClient.h */; };
		3D6FCEC716F7D22E0003D970 /* PYFolderClient.h in CopyFiles */ = {isa = PBXBuildFile; fileRef = 3D6FCEB016F7C8A70003D970 /* PYFolderClient.h */; };
		3D6FCEC816F7D2A90003D970 /* libPryvApiKit.a in Frameworks */ = {isa = PBXBuildFile; fileRef = FBC2049616B95F1B00CB5FFB /* libPryvApiKit.a */; };
		3D80AF061701B11F000D74FB /* CWLSynthesizeSingleton.h in Headers */ = {isa = PBXBuildFile; fileRef = 3D80AF051701B11F000D74FB /* CWLSynthesizeSingleton.h */; };
		4C97402D16E48EE700416C53 /* PryvJSONUtils.h in Headers */ = {isa = PBXBuildFile; fileRef = 4C97402B16E48EE700416C53 /* PryvJSONUtils.h */; settings = {ATTRIBUTES = (Public, ); }; };
		4C97402E16E48EE700416C53 /* PryvJSONUtils.m in Sources */ = {isa = PBXBuildFile; fileRef = 4C97402C16E48EE700416C53 /* PryvJSONUtils.m */; };
		4C9FC2BF16E50E6E00C157BD /* PryvAttachment.h in Headers */ = {isa = PBXBuildFile; fileRef = 4C9FC2BD16E50E6E00C157BD /* PryvAttachment.h */; settings = {ATTRIBUTES = (Public, ); }; };
		4C9FC2C016E50E6E00C157BD /* PryvAttachment.m in Sources */ = {isa = PBXBuildFile; fileRef = 4C9FC2BE16E50E6E00C157BD /* PryvAttachment.m */; };
		4C9FC2C316E50FDF00C157BD /* PryvLocation.h in Headers */ = {isa = PBXBuildFile; fileRef = 4C9FC2C116E50FDF00C157BD /* PryvLocation.h */; settings = {ATTRIBUTES = (Public, ); }; };
		4C9FC2C416E50FDF00C157BD /* PryvLocation.m in Sources */ = {isa = PBXBuildFile; fileRef = 4C9FC2C216E50FDF00C157BD /* PryvLocation.m */; };
		4CA22ABF16E62A0B00EC30FB /* PryvType.h in Headers */ = {isa = PBXBuildFile; fileRef = 4CA22ABD16E62A0B00EC30FB /* PryvType.h */; settings = {ATTRIBUTES = (Public, ); }; };
		4CA22AC016E62A0B00EC30FB /* PryvType.m in Sources */ = {isa = PBXBuildFile; fileRef = 4CA22ABE16E62A0B00EC30FB /* PryvType.m */; };
		4CA28D9F16E5D72200D14F17 /* libsbjson-ios.a in Frameworks */ = {isa = PBXBuildFile; fileRef = 4CA28D9516E5D70900D14F17 /* libsbjson-ios.a */; };
		4E582DD016C25378003B59DB /* UIKit.framework in Frameworks */ = {isa = PBXBuildFile; fileRef = 4E582DCF16C25378003B59DB /* UIKit.framework */; };
		4E582DD116C25378003B59DB /* Foundation.framework in Frameworks */ = {isa = PBXBuildFile; fileRef = FBC2049716B95F1C00CB5FFB /* Foundation.framework */; };
		4E582DD316C25378003B59DB /* CoreGraphics.framework in Frameworks */ = {isa = PBXBuildFile; fileRef = 4E582DD216C25378003B59DB /* CoreGraphics.framework */; };
		4E582DD916C25378003B59DB /* InfoPlist.strings in Resources */ = {isa = PBXBuildFile; fileRef = 4E582DD716C25378003B59DB /* InfoPlist.strings */; };
		4E582DDB16C25378003B59DB /* main.m in Sources */ = {isa = PBXBuildFile; fileRef = 4E582DDA16C25378003B59DB /* main.m */; };
		4E582DDF16C25379003B59DB /* PYEAppDelegate.m in Sources */ = {isa = PBXBuildFile; fileRef = 4E582DDE16C25379003B59DB /* PYEAppDelegate.m */; };
		4E582DE116C25379003B59DB /* Default.png in Resources */ = {isa = PBXBuildFile; fileRef = 4E582DE016C25379003B59DB /* Default.png */; };
		4E582DE316C25379003B59DB /* Default@2x.png in Resources */ = {isa = PBXBuildFile; fileRef = 4E582DE216C25379003B59DB /* Default@2x.png */; };
		4E582DE516C25379003B59DB /* Default-568h@2x.png in Resources */ = {isa = PBXBuildFile; fileRef = 4E582DE416C25379003B59DB /* Default-568h@2x.png */; };
		4E582DE816C25379003B59DB /* MainStoryboard_iPhone.storyboard in Resources */ = {isa = PBXBuildFile; fileRef = 4E582DE616C25379003B59DB /* MainStoryboard_iPhone.storyboard */; };
		4E582DEB16C25379003B59DB /* MainStoryboard_iPad.storyboard in Resources */ = {isa = PBXBuildFile; fileRef = 4E582DE916C25379003B59DB /* MainStoryboard_iPad.storyboard */; };
		4E582DEE16C25379003B59DB /* PYEViewController.m in Sources */ = {isa = PBXBuildFile; fileRef = 4E582DED16C25379003B59DB /* PYEViewController.m */; };
		8A6D9E7216FB5895008F2B2C /* PYClient.h in CopyFiles */ = {isa = PBXBuildFile; fileRef = 8AB2361D16FA895800B28F06 /* PYClient.h */; };
		8A6D9E7616FB79A1008F2B2C /* PyErrorUtility.h in Headers */ = {isa = PBXBuildFile; fileRef = 8A6D9E7416FB79A1008F2B2C /* PyErrorUtility.h */; settings = {ATTRIBUTES = (Public, ); }; };
		8A6D9E7716FB79A1008F2B2C /* PyErrorUtility.m in Sources */ = {isa = PBXBuildFile; fileRef = 8A6D9E7516FB79A1008F2B2C /* PyErrorUtility.m */; };
		8A6D9E7816FB79A1008F2B2C /* PyErrorUtility.m in Sources */ = {isa = PBXBuildFile; fileRef = 8A6D9E7516FB79A1008F2B2C /* PyErrorUtility.m */; };
		8A92AE7616FB8E09005AE251 /* PyErrorUtility.h in CopyFiles */ = {isa = PBXBuildFile; fileRef = 8A6D9E7416FB79A1008F2B2C /* PyErrorUtility.h */; };
		8AB2361C16FA6C6900B28F06 /* PYConstants.h in CopyFiles */ = {isa = PBXBuildFile; fileRef = 3D6D3BBA16F8BBDE0072F480 /* PYConstants.h */; };
		8AB2361F16FA895800B28F06 /* PYClient.h in Headers */ = {isa = PBXBuildFile; fileRef = 8AB2361D16FA895800B28F06 /* PYClient.h */; settings = {ATTRIBUTES = (Public, ); }; };
		8AB2362016FA895800B28F06 /* PYClient.m in Sources */ = {isa = PBXBuildFile; fileRef = 8AB2361E16FA895800B28F06 /* PYClient.m */; };
		8AB2362116FA895800B28F06 /* PYClient.m in Sources */ = {isa = PBXBuildFile; fileRef = 8AB2361E16FA895800B28F06 /* PYClient.m */; };
		FB03E21916B97FD400DAD162 /* AFHTTPClient.h in Headers */ = {isa = PBXBuildFile; fileRef = FB03E20616B97FD400DAD162 /* AFHTTPClient.h */; settings = {ATTRIBUTES = (Public, ); }; };
		FB03E21A16B97FD400DAD162 /* AFHTTPClient.m in Sources */ = {isa = PBXBuildFile; fileRef = FB03E20716B97FD400DAD162 /* AFHTTPClient.m */; };
		FB03E21B16B97FD400DAD162 /* AFHTTPClient.m in Sources */ = {isa = PBXBuildFile; fileRef = FB03E20716B97FD400DAD162 /* AFHTTPClient.m */; };
		FB03E21C16B97FD400DAD162 /* AFHTTPRequestOperation.h in Headers */ = {isa = PBXBuildFile; fileRef = FB03E20816B97FD400DAD162 /* AFHTTPRequestOperation.h */; settings = {ATTRIBUTES = (Public, ); }; };
		FB03E21E16B97FD400DAD162 /* AFHTTPRequestOperation.m in Sources */ = {isa = PBXBuildFile; fileRef = FB03E20916B97FD400DAD162 /* AFHTTPRequestOperation.m */; };
		FB03E21F16B97FD400DAD162 /* AFImageRequestOperation.h in Headers */ = {isa = PBXBuildFile; fileRef = FB03E20A16B97FD400DAD162 /* AFImageRequestOperation.h */; settings = {ATTRIBUTES = (Public, ); }; };
		FB03E22116B97FD400DAD162 /* AFImageRequestOperation.m in Sources */ = {isa = PBXBuildFile; fileRef = FB03E20B16B97FD400DAD162 /* AFImageRequestOperation.m */; };
		FB03E22216B97FD400DAD162 /* AFJSONRequestOperation.h in Headers */ = {isa = PBXBuildFile; fileRef = FB03E20C16B97FD400DAD162 /* AFJSONRequestOperation.h */; settings = {ATTRIBUTES = (Public, ); }; };
		FB03E22416B97FD400DAD162 /* AFJSONRequestOperation.m in Sources */ = {isa = PBXBuildFile; fileRef = FB03E20D16B97FD400DAD162 /* AFJSONRequestOperation.m */; };
		FB03E22516B97FD400DAD162 /* AFNetworkActivityIndicatorManager.h in Headers */ = {isa = PBXBuildFile; fileRef = FB03E20E16B97FD400DAD162 /* AFNetworkActivityIndicatorManager.h */; settings = {ATTRIBUTES = (Public, ); }; };
		FB03E22716B97FD400DAD162 /* AFNetworkActivityIndicatorManager.m in Sources */ = {isa = PBXBuildFile; fileRef = FB03E20F16B97FD400DAD162 /* AFNetworkActivityIndicatorManager.m */; };
		FB03E22816B97FD400DAD162 /* AFNetworking.h in Headers */ = {isa = PBXBuildFile; fileRef = FB03E21016B97FD400DAD162 /* AFNetworking.h */; settings = {ATTRIBUTES = (Public, ); }; };
		FB03E22916B97FD400DAD162 /* AFPropertyListRequestOperation.h in Headers */ = {isa = PBXBuildFile; fileRef = FB03E21116B97FD400DAD162 /* AFPropertyListRequestOperation.h */; settings = {ATTRIBUTES = (Public, ); }; };
		FB03E22B16B97FD400DAD162 /* AFPropertyListRequestOperation.m in Sources */ = {isa = PBXBuildFile; fileRef = FB03E21216B97FD400DAD162 /* AFPropertyListRequestOperation.m */; };
		FB03E22C16B97FD400DAD162 /* AFURLConnectionOperation.h in Headers */ = {isa = PBXBuildFile; fileRef = FB03E21316B97FD400DAD162 /* AFURLConnectionOperation.h */; settings = {ATTRIBUTES = (Public, ); }; };
		FB03E22E16B97FD400DAD162 /* AFURLConnectionOperation.m in Sources */ = {isa = PBXBuildFile; fileRef = FB03E21416B97FD400DAD162 /* AFURLConnectionOperation.m */; };
		FB03E22F16B97FD400DAD162 /* AFXMLRequestOperation.h in Headers */ = {isa = PBXBuildFile; fileRef = FB03E21516B97FD400DAD162 /* AFXMLRequestOperation.h */; settings = {ATTRIBUTES = (Public, ); }; };
		FB03E23116B97FD400DAD162 /* AFXMLRequestOperation.m in Sources */ = {isa = PBXBuildFile; fileRef = FB03E21616B97FD400DAD162 /* AFXMLRequestOperation.m */; };
		FB03E23216B97FD400DAD162 /* UIImageView+AFNetworking.h in Headers */ = {isa = PBXBuildFile; fileRef = FB03E21716B97FD400DAD162 /* UIImageView+AFNetworking.h */; settings = {ATTRIBUTES = (Public, ); }; };
		FB03E23416B97FD400DAD162 /* UIImageView+AFNetworking.m in Sources */ = {isa = PBXBuildFile; fileRef = FB03E21816B97FD400DAD162 /* UIImageView+AFNetworking.m */; };
		FB03E23516B9800A00DAD162 /* PryvApiKit.h in Sources */ = {isa = PBXBuildFile; fileRef = FBC2048A16B95B3800CB5FFB /* PryvApiKit.h */; };
		FB03E24E16B982CD00DAD162 /* PYUser.h in Headers */ = {isa = PBXBuildFile; fileRef = FB03E23C16B982CC00DAD162 /* PYUser.h */; settings = {ATTRIBUTES = (Public, ); }; };
		FB03E24F16B982CD00DAD162 /* PYUser.m in Sources */ = {isa = PBXBuildFile; fileRef = FB03E23D16B982CC00DAD162 /* PYUser.m */; };
		FB03E25016B982CD00DAD162 /* PYUser.m in Sources */ = {isa = PBXBuildFile; fileRef = FB03E23D16B982CC00DAD162 /* PYUser.m */; };
		FB03E25416B982CD00DAD162 /* PYChannel.h in Headers */ = {isa = PBXBuildFile; fileRef = FB03E24016B982CC00DAD162 /* PYChannel.h */; settings = {ATTRIBUTES = (Public, ); }; };
		FB03E25516B982CD00DAD162 /* PYChannel.m in Sources */ = {isa = PBXBuildFile; fileRef = FB03E24116B982CC00DAD162 /* PYChannel.m */; };
		FB03E25616B982CD00DAD162 /* PYChannel.m in Sources */ = {isa = PBXBuildFile; fileRef = FB03E24116B982CC00DAD162 /* PYChannel.m */; };
		FB03E25A16B982CD00DAD162 /* PYEvent.h in Headers */ = {isa = PBXBuildFile; fileRef = FB03E24416B982CC00DAD162 /* PYEvent.h */; settings = {ATTRIBUTES = (Public, ); }; };
		FB03E25B16B982CD00DAD162 /* PYEvent.m in Sources */ = {isa = PBXBuildFile; fileRef = FB03E24516B982CC00DAD162 /* PYEvent.m */; };
		FB03E25C16B982CD00DAD162 /* PYEvent.m in Sources */ = {isa = PBXBuildFile; fileRef = FB03E24516B982CC00DAD162 /* PYEvent.m */; };
		FB03E26016B982CD00DAD162 /* PYEventAttachment.h in Headers */ = {isa = PBXBuildFile; fileRef = FB03E24816B982CC00DAD162 /* PYEventAttachment.h */; settings = {ATTRIBUTES = (Public, ); }; };
		FB03E26116B982CD00DAD162 /* PYEventAttachment.m in Sources */ = {isa = PBXBuildFile; fileRef = FB03E24916B982CC00DAD162 /* PYEventAttachment.m */; };
		FB03E26216B982CD00DAD162 /* PYEventAttachment.m in Sources */ = {isa = PBXBuildFile; fileRef = FB03E24916B982CC00DAD162 /* PYEventAttachment.m */; };
		FB03E26316B982CD00DAD162 /* PYFolder.h in Headers */ = {isa = PBXBuildFile; fileRef = FB03E24A16B982CC00DAD162 /* PYFolder.h */; settings = {ATTRIBUTES = (Public, ); }; };
		FB03E26416B982CD00DAD162 /* PYFolder.m in Sources */ = {isa = PBXBuildFile; fileRef = FB03E24B16B982CD00DAD162 /* PYFolder.m */; };
		FB03E26516B982CD00DAD162 /* PYFolder.m in Sources */ = {isa = PBXBuildFile; fileRef = FB03E24B16B982CD00DAD162 /* PYFolder.m */; };
		FB03E26D16B9835500DAD162 /* PYApiConnectionClient.h in Headers */ = {isa = PBXBuildFile; fileRef = FB03E26816B9835500DAD162 /* PYApiConnectionClient.h */; settings = {ATTRIBUTES = (Public, ); }; };
		FB03E26E16B9835500DAD162 /* PYApiConnectionClient.m in Sources */ = {isa = PBXBuildFile; fileRef = FB03E26916B9835500DAD162 /* PYApiConnectionClient.m */; };
		FB03E26F16B9835500DAD162 /* PYApiConnectionClient.m in Sources */ = {isa = PBXBuildFile; fileRef = FB03E26916B9835500DAD162 /* PYApiConnectionClient.m */; };
		FB03E27716B9850D00DAD162 /* AFJSONUtilities.h in Headers */ = {isa = PBXBuildFile; fileRef = FB03E27516B9850D00DAD162 /* AFJSONUtilities.h */; settings = {ATTRIBUTES = (Public, ); }; };
		FB03E27916B9850D00DAD162 /* AFJSONUtilities.m in Sources */ = {isa = PBXBuildFile; fileRef = FB03E27616B9850D00DAD162 /* AFJSONUtilities.m */; };
		FB03E27D16B98BFC00DAD162 /* PYApiConnectionClient.h in CopyFiles */ = {isa = PBXBuildFile; fileRef = FB03E26816B9835500DAD162 /* PYApiConnectionClient.h */; };
		FB03E27E16B98BFC00DAD162 /* PYUser.h in CopyFiles */ = {isa = PBXBuildFile; fileRef = FB03E23C16B982CC00DAD162 /* PYUser.h */; };
		FB03E28016B98BFC00DAD162 /* PYChannel.h in CopyFiles */ = {isa = PBXBuildFile; fileRef = FB03E24016B982CC00DAD162 /* PYChannel.h */; };
		FB03E28216B98BFC00DAD162 /* PYEvent.h in CopyFiles */ = {isa = PBXBuildFile; fileRef = FB03E24416B982CC00DAD162 /* PYEvent.h */; };
		FB03E28416B98BFC00DAD162 /* PYEventAttachment.h in CopyFiles */ = {isa = PBXBuildFile; fileRef = FB03E24816B982CC00DAD162 /* PYEventAttachment.h */; };
		FB03E28516B98BFC00DAD162 /* PYFolder.h in CopyFiles */ = {isa = PBXBuildFile; fileRef = FB03E24A16B982CC00DAD162 /* PYFolder.h */; };
		FB03E28616B98C2A00DAD162 /* AFHTTPClient.h in CopyFiles */ = {isa = PBXBuildFile; fileRef = FB03E20616B97FD400DAD162 /* AFHTTPClient.h */; };
		FB03E28716B98C2A00DAD162 /* AFHTTPRequestOperation.h in CopyFiles */ = {isa = PBXBuildFile; fileRef = FB03E20816B97FD400DAD162 /* AFHTTPRequestOperation.h */; };
		FB03E28816B98C2A00DAD162 /* AFImageRequestOperation.h in CopyFiles */ = {isa = PBXBuildFile; fileRef = FB03E20A16B97FD400DAD162 /* AFImageRequestOperation.h */; };
		FB03E28916B98C2A00DAD162 /* AFJSONRequestOperation.h in CopyFiles */ = {isa = PBXBuildFile; fileRef = FB03E20C16B97FD400DAD162 /* AFJSONRequestOperation.h */; };
		FB03E28A16B98C2A00DAD162 /* AFNetworkActivityIndicatorManager.h in CopyFiles */ = {isa = PBXBuildFile; fileRef = FB03E20E16B97FD400DAD162 /* AFNetworkActivityIndicatorManager.h */; };
		FB03E28B16B98C2A00DAD162 /* AFNetworking.h in CopyFiles */ = {isa = PBXBuildFile; fileRef = FB03E21016B97FD400DAD162 /* AFNetworking.h */; };
		FB03E28C16B98C2A00DAD162 /* AFJSONUtilities.h in CopyFiles */ = {isa = PBXBuildFile; fileRef = FB03E27516B9850D00DAD162 /* AFJSONUtilities.h */; };
		FB03E28D16B98C2A00DAD162 /* AFPropertyListRequestOperation.h in CopyFiles */ = {isa = PBXBuildFile; fileRef = FB03E21116B97FD400DAD162 /* AFPropertyListRequestOperation.h */; };
		FB03E28E16B98C2A00DAD162 /* AFURLConnectionOperation.h in CopyFiles */ = {isa = PBXBuildFile; fileRef = FB03E21316B97FD400DAD162 /* AFURLConnectionOperation.h */; };
		FB03E28F16B98C2A00DAD162 /* AFXMLRequestOperation.h in CopyFiles */ = {isa = PBXBuildFile; fileRef = FB03E21516B97FD400DAD162 /* AFXMLRequestOperation.h */; };
		FB03E29016B98C2A00DAD162 /* UIImageView+AFNetworking.h in CopyFiles */ = {isa = PBXBuildFile; fileRef = FB03E21716B97FD400DAD162 /* UIImageView+AFNetworking.h */; };
		FB991C7B16C19EA700BBCDE2 /* AFHTTPRequestOperation.m in Sources */ = {isa = PBXBuildFile; fileRef = FB03E20916B97FD400DAD162 /* AFHTTPRequestOperation.m */; };
		FB991C7C16C19EA700BBCDE2 /* AFImageRequestOperation.m in Sources */ = {isa = PBXBuildFile; fileRef = FB03E20B16B97FD400DAD162 /* AFImageRequestOperation.m */; };
		FB991C7D16C19EA700BBCDE2 /* AFJSONRequestOperation.m in Sources */ = {isa = PBXBuildFile; fileRef = FB03E20D16B97FD400DAD162 /* AFJSONRequestOperation.m */; };
		FB991C7E16C19EA700BBCDE2 /* AFNetworkActivityIndicatorManager.m in Sources */ = {isa = PBXBuildFile; fileRef = FB03E20F16B97FD400DAD162 /* AFNetworkActivityIndicatorManager.m */; };
		FB991C7F16C19EA700BBCDE2 /* AFJSONUtilities.m in Sources */ = {isa = PBXBuildFile; fileRef = FB03E27616B9850D00DAD162 /* AFJSONUtilities.m */; };
		FB991C8016C19EA700BBCDE2 /* AFPropertyListRequestOperation.m in Sources */ = {isa = PBXBuildFile; fileRef = FB03E21216B97FD400DAD162 /* AFPropertyListRequestOperation.m */; };
		FB991C8116C19EA700BBCDE2 /* AFURLConnectionOperation.m in Sources */ = {isa = PBXBuildFile; fileRef = FB03E21416B97FD400DAD162 /* AFURLConnectionOperation.m */; };
		FB991C8216C19EA700BBCDE2 /* AFXMLRequestOperation.m in Sources */ = {isa = PBXBuildFile; fileRef = FB03E21616B97FD400DAD162 /* AFXMLRequestOperation.m */; };
		FB991C8316C19EA700BBCDE2 /* UIImageView+AFNetworking.m in Sources */ = {isa = PBXBuildFile; fileRef = FB03E21816B97FD400DAD162 /* UIImageView+AFNetworking.m */; };
		FBC2047E16B95B3700CB5FFB /* Cocoa.framework in Frameworks */ = {isa = PBXBuildFile; fileRef = FBC2047D16B95B3700CB5FFB /* Cocoa.framework */; };
		FBC2048816B95B3800CB5FFB /* InfoPlist.strings in Resources */ = {isa = PBXBuildFile; fileRef = FBC2048616B95B3800CB5FFB /* InfoPlist.strings */; };
		FBC2049816B95F1C00CB5FFB /* Foundation.framework in Frameworks */ = {isa = PBXBuildFile; fileRef = FBC2049716B95F1C00CB5FFB /* Foundation.framework */; };
		FBC204A516B9629700CB5FFB /* PryvApiKit.h in Sources */ = {isa = PBXBuildFile; fileRef = FBC2048A16B95B3800CB5FFB /* PryvApiKit.h */; };
		FBC204AB16B9674500CB5FFB /* PryvApiKit.h in Headers */ = {isa = PBXBuildFile; fileRef = FBC2048A16B95B3800CB5FFB /* PryvApiKit.h */; settings = {ATTRIBUTES = (Public, ); }; };
		FBC204AC16B9682200CB5FFB /* PryvApiKit.h in CopyFiles */ = {isa = PBXBuildFile; fileRef = FBC2048A16B95B3800CB5FFB /* PryvApiKit.h */; };
/* End PBXBuildFile section */

/* Begin PBXContainerItemProxy section */
		4CA28D9016E5D70900D14F17 /* PBXContainerItemProxy */ = {
			isa = PBXContainerItemProxy;
			containerPortal = 4CA28D8916E5D70900D14F17 /* SBJson.xcodeproj */;
			proxyType = 2;
			remoteGlobalIDString = BC12323D1391D5CC00131607;
			remoteInfo = SBJson;
		};
		4CA28D9216E5D70900D14F17 /* PBXContainerItemProxy */ = {
			isa = PBXContainerItemProxy;
			containerPortal = 4CA28D8916E5D70900D14F17 /* SBJson.xcodeproj */;
			proxyType = 2;
			remoteGlobalIDString = BC1232521391D5CC00131607;
			remoteInfo = SBJsonTests;
		};
		4CA28D9416E5D70900D14F17 /* PBXContainerItemProxy */ = {
			isa = PBXContainerItemProxy;
			containerPortal = 4CA28D8916E5D70900D14F17 /* SBJson.xcodeproj */;
			proxyType = 2;
			remoteGlobalIDString = BCC2626913920FC7003D9994;
			remoteInfo = "sbjson-ios";
		};
		4CA28D9616E5D70900D14F17 /* PBXContainerItemProxy */ = {
			isa = PBXContainerItemProxy;
			containerPortal = 4CA28D8916E5D70900D14F17 /* SBJson.xcodeproj */;
			proxyType = 2;
			remoteGlobalIDString = BCC2627313920FC7003D9994;
			remoteInfo = "sbjson-iosTests";
		};
		4CA28D9916E5D71E00D14F17 /* PBXContainerItemProxy */ = {
			isa = PBXContainerItemProxy;
			containerPortal = 4CA28D8916E5D70900D14F17 /* SBJson.xcodeproj */;
			proxyType = 1;
			remoteGlobalIDString = BCC2626813920FC7003D9994;
			remoteInfo = "sbjson-ios";
		};
/* End PBXContainerItemProxy section */

/* Begin PBXCopyFilesBuildPhase section */
		FBC2049416B95F1B00CB5FFB /* CopyFiles */ = {
			isa = PBXCopyFilesBuildPhase;
			buildActionMask = 2147483647;
			dstPath = "include/${PRODUCT_NAME}";
			dstSubfolderSpec = 16;
			files = (
				8A92AE7616FB8E09005AE251 /* PyErrorUtility.h in CopyFiles */,
				8A6D9E7216FB5895008F2B2C /* PYClient.h in CopyFiles */,
				8AB2361C16FA6C6900B28F06 /* PYConstants.h in CopyFiles */,
				3D6FCEC716F7D22E0003D970 /* PYFolderClient.h in CopyFiles */,
				3D6FCEC616F7D21B0003D970 /* PYEventClient.h in CopyFiles */,
				3D6FCEC516F7D1BD0003D970 /* PYChannelClient.h in CopyFiles */,
				FBC204AC16B9682200CB5FFB /* PryvApiKit.h in CopyFiles */,
				FB03E27D16B98BFC00DAD162 /* PYApiConnectionClient.h in CopyFiles */,
				FB03E27E16B98BFC00DAD162 /* PYUser.h in CopyFiles */,
				FB03E28016B98BFC00DAD162 /* PYChannel.h in CopyFiles */,
				FB03E28216B98BFC00DAD162 /* PYEvent.h in CopyFiles */,
				FB03E28416B98BFC00DAD162 /* PYEventAttachment.h in CopyFiles */,
				FB03E28516B98BFC00DAD162 /* PYFolder.h in CopyFiles */,
				FB03E28616B98C2A00DAD162 /* AFHTTPClient.h in CopyFiles */,
				FB03E28716B98C2A00DAD162 /* AFHTTPRequestOperation.h in CopyFiles */,
				FB03E28816B98C2A00DAD162 /* AFImageRequestOperation.h in CopyFiles */,
				FB03E28916B98C2A00DAD162 /* AFJSONRequestOperation.h in CopyFiles */,
				FB03E28A16B98C2A00DAD162 /* AFNetworkActivityIndicatorManager.h in CopyFiles */,
				FB03E28B16B98C2A00DAD162 /* AFNetworking.h in CopyFiles */,
				FB03E28C16B98C2A00DAD162 /* AFJSONUtilities.h in CopyFiles */,
				FB03E28D16B98C2A00DAD162 /* AFPropertyListRequestOperation.h in CopyFiles */,
				FB03E28E16B98C2A00DAD162 /* AFURLConnectionOperation.h in CopyFiles */,
				FB03E28F16B98C2A00DAD162 /* AFXMLRequestOperation.h in CopyFiles */,
				FB03E29016B98C2A00DAD162 /* UIImageView+AFNetworking.h in CopyFiles */,
			);
			runOnlyForDeploymentPostprocessing = 0;
		};
/* End PBXCopyFilesBuildPhase section */

/* Begin PBXFileReference section */
		3D6CEF111700DEEC00F770AD /* AccessClient.h */ = {isa = PBXFileReference; fileEncoding = 4; lastKnownFileType = sourcecode.c.h; path = AccessClient.h; sourceTree = "<group>"; };
		3D6CEF121700DEEC00F770AD /* AccessClient.m */ = {isa = PBXFileReference; fileEncoding = 4; lastKnownFileType = sourcecode.c.objc; path = AccessClient.m; sourceTree = "<group>"; };
		3D6D3BBA16F8BBDE0072F480 /* PYConstants.h */ = {isa = PBXFileReference; fileEncoding = 4; lastKnownFileType = sourcecode.c.h; path = PYConstants.h; sourceTree = "<group>"; };
		3D6D3BBB16F8BBDE0072F480 /* PYConstants.m */ = {isa = PBXFileReference; fileEncoding = 4; lastKnownFileType = sourcecode.c.objc; path = PYConstants.m; sourceTree = "<group>"; };
		3D6D3BC016F8BD5C0072F480 /* PYError.h */ = {isa = PBXFileReference; fileEncoding = 4; lastKnownFileType = sourcecode.c.h; path = PYError.h; sourceTree = "<group>"; };
		3D6D3BC116F8BD5C0072F480 /* PYError.m */ = {isa = PBXFileReference; fileEncoding = 4; lastKnownFileType = sourcecode.c.objc; path = PYError.m; sourceTree = "<group>"; };
		3D6FCEAA16F7C3960003D970 /* PYChannelClient.h */ = {isa = PBXFileReference; fileEncoding = 4; lastKnownFileType = sourcecode.c.h; path = PYChannelClient.h; sourceTree = "<group>"; };
		3D6FCEAB16F7C3960003D970 /* PYChannelClient.m */ = {isa = PBXFileReference; fileEncoding = 4; lastKnownFileType = sourcecode.c.objc; path = PYChannelClient.m; sourceTree = "<group>"; };
		3D6FCEB016F7C8A70003D970 /* PYFolderClient.h */ = {isa = PBXFileReference; fileEncoding = 4; lastKnownFileType = sourcecode.c.h; path = PYFolderClient.h; sourceTree = "<group>"; };
		3D6FCEB116F7C8A70003D970 /* PYFolderClient.m */ = {isa = PBXFileReference; fileEncoding = 4; lastKnownFileType = sourcecode.c.objc; path = PYFolderClient.m; sourceTree = "<group>"; };
		3D6FCEB516F7C8C00003D970 /* PYEventClient.h */ = {isa = PBXFileReference; fileEncoding = 4; lastKnownFileType = sourcecode.c.h; path = PYEventClient.h; sourceTree = "<group>"; };
		3D6FCEB616F7C8C00003D970 /* PYEventClient.m */ = {isa = PBXFileReference; fileEncoding = 4; lastKnownFileType = sourcecode.c.objc; path = PYEventClient.m; sourceTree = "<group>"; };
		3D6FCEBB16F7CB460003D970 /* PYFolder+JSON.h */ = {isa = PBXFileReference; fileEncoding = 4; lastKnownFileType = sourcecode.c.h; path = "PYFolder+JSON.h"; sourceTree = "<group>"; };
		3D6FCEBC16F7CB460003D970 /* PYFolder+JSON.m */ = {isa = PBXFileReference; fileEncoding = 4; lastKnownFileType = sourcecode.c.objc; path = "PYFolder+JSON.m"; sourceTree = "<group>"; };
		3D6FCEC016F7CB8F0003D970 /* PYEvent+JSON.h */ = {isa = PBXFileReference; fileEncoding = 4; lastKnownFileType = sourcecode.c.h; path = "PYEvent+JSON.h"; sourceTree = "<group>"; };
		3D6FCEC116F7CB8F0003D970 /* PYEvent+JSON.m */ = {isa = PBXFileReference; fileEncoding = 4; lastKnownFileType = sourcecode.c.objc; path = "PYEvent+JSON.m"; sourceTree = "<group>"; };
		3D80AF051701B11F000D74FB /* CWLSynthesizeSingleton.h */ = {isa = PBXFileReference; fileEncoding = 4; lastKnownFileType = sourcecode.c.h; path = CWLSynthesizeSingleton.h; sourceTree = "<group>"; };
		4C97402B16E48EE700416C53 /* PryvJSONUtils.h */ = {isa = PBXFileReference; fileEncoding = 4; lastKnownFileType = sourcecode.c.h; path = PryvJSONUtils.h; sourceTree = "<group>"; };
		4C97402C16E48EE700416C53 /* PryvJSONUtils.m */ = {isa = PBXFileReference; fileEncoding = 4; lastKnownFileType = sourcecode.c.objc; path = PryvJSONUtils.m; sourceTree = "<group>"; };
		4C9FC2BD16E50E6E00C157BD /* PryvAttachment.h */ = {isa = PBXFileReference; fileEncoding = 4; lastKnownFileType = sourcecode.c.h; path = PryvAttachment.h; sourceTree = "<group>"; };
		4C9FC2BE16E50E6E00C157BD /* PryvAttachment.m */ = {isa = PBXFileReference; fileEncoding = 4; lastKnownFileType = sourcecode.c.objc; path = PryvAttachment.m; sourceTree = "<group>"; };
		4C9FC2C116E50FDF00C157BD /* PryvLocation.h */ = {isa = PBXFileReference; fileEncoding = 4; lastKnownFileType = sourcecode.c.h; name = PryvLocation.h; path = PryvApiKit/PryvLocation.h; sourceTree = "<group>"; };
		4C9FC2C216E50FDF00C157BD /* PryvLocation.m */ = {isa = PBXFileReference; fileEncoding = 4; lastKnownFileType = sourcecode.c.objc; name = PryvLocation.m; path = PryvApiKit/PryvLocation.m; sourceTree = "<group>"; };
		4CA22ABD16E62A0B00EC30FB /* PryvType.h */ = {isa = PBXFileReference; fileEncoding = 4; lastKnownFileType = sourcecode.c.h; path = PryvType.h; sourceTree = "<group>"; };
		4CA22ABE16E62A0B00EC30FB /* PryvType.m */ = {isa = PBXFileReference; fileEncoding = 4; lastKnownFileType = sourcecode.c.objc; path = PryvType.m; sourceTree = "<group>"; };
		4CA28D8916E5D70900D14F17 /* SBJson.xcodeproj */ = {isa = PBXFileReference; lastKnownFileType = "wrapper.pb-project"; name = SBJson.xcodeproj; path = "json-framework-master/SBJson.xcodeproj"; sourceTree = "<group>"; };
		4E582DCE16C25378003B59DB /* iOs Example.app */ = {isa = PBXFileReference; explicitFileType = wrapper.application; includeInIndex = 0; path = "iOs Example.app"; sourceTree = BUILT_PRODUCTS_DIR; };
		4E582DCF16C25378003B59DB /* UIKit.framework */ = {isa = PBXFileReference; lastKnownFileType = wrapper.framework; name = UIKit.framework; path = Library/Frameworks/UIKit.framework; sourceTree = DEVELOPER_DIR; };
		4E582DD216C25378003B59DB /* CoreGraphics.framework */ = {isa = PBXFileReference; lastKnownFileType = wrapper.framework; name = CoreGraphics.framework; path = Library/Frameworks/CoreGraphics.framework; sourceTree = DEVELOPER_DIR; };
		4E582DD616C25378003B59DB /* iOs Example-Info.plist */ = {isa = PBXFileReference; lastKnownFileType = text.plist.xml; path = "iOs Example-Info.plist"; sourceTree = "<group>"; };
		4E582DD816C25378003B59DB /* en */ = {isa = PBXFileReference; lastKnownFileType = text.plist.strings; name = en; path = en.lproj/InfoPlist.strings; sourceTree = "<group>"; };
		4E582DDA16C25378003B59DB /* main.m */ = {isa = PBXFileReference; lastKnownFileType = sourcecode.c.objc; path = main.m; sourceTree = "<group>"; };
		4E582DDC16C25378003B59DB /* iOs Example-Prefix.pch */ = {isa = PBXFileReference; lastKnownFileType = sourcecode.c.h; path = "iOs Example-Prefix.pch"; sourceTree = "<group>"; };
		4E582DDD16C25378003B59DB /* PYEAppDelegate.h */ = {isa = PBXFileReference; lastKnownFileType = sourcecode.c.h; path = PYEAppDelegate.h; sourceTree = "<group>"; };
		4E582DDE16C25379003B59DB /* PYEAppDelegate.m */ = {isa = PBXFileReference; lastKnownFileType = sourcecode.c.objc; path = PYEAppDelegate.m; sourceTree = "<group>"; };
		4E582DE016C25379003B59DB /* Default.png */ = {isa = PBXFileReference; lastKnownFileType = image.png; path = Default.png; sourceTree = "<group>"; };
		4E582DE216C25379003B59DB /* Default@2x.png */ = {isa = PBXFileReference; lastKnownFileType = image.png; path = "Default@2x.png"; sourceTree = "<group>"; };
		4E582DE416C25379003B59DB /* Default-568h@2x.png */ = {isa = PBXFileReference; lastKnownFileType = image.png; path = "Default-568h@2x.png"; sourceTree = "<group>"; };
		4E582DE716C25379003B59DB /* en */ = {isa = PBXFileReference; lastKnownFileType = file.storyboard; name = en; path = en.lproj/MainStoryboard_iPhone.storyboard; sourceTree = "<group>"; };
		4E582DEA16C25379003B59DB /* en */ = {isa = PBXFileReference; lastKnownFileType = file.storyboard; name = en; path = en.lproj/MainStoryboard_iPad.storyboard; sourceTree = "<group>"; };
		4E582DEC16C25379003B59DB /* PYEViewController.h */ = {isa = PBXFileReference; lastKnownFileType = sourcecode.c.h; path = PYEViewController.h; sourceTree = "<group>"; };
		4E582DED16C25379003B59DB /* PYEViewController.m */ = {isa = PBXFileReference; lastKnownFileType = sourcecode.c.objc; path = PYEViewController.m; sourceTree = "<group>"; };
		4E582DF516C25379003B59DB /* SenTestingKit.framework */ = {isa = PBXFileReference; lastKnownFileType = wrapper.framework; name = SenTestingKit.framework; path = Library/Frameworks/SenTestingKit.framework; sourceTree = DEVELOPER_DIR; };
		8A6D9E7416FB79A1008F2B2C /* PyErrorUtility.h */ = {isa = PBXFileReference; fileEncoding = 4; lastKnownFileType = sourcecode.c.h; path = PyErrorUtility.h; sourceTree = "<group>"; };
		8A6D9E7516FB79A1008F2B2C /* PyErrorUtility.m */ = {isa = PBXFileReference; fileEncoding = 4; lastKnownFileType = sourcecode.c.objc; path = PyErrorUtility.m; sourceTree = "<group>"; };
		8AB2361D16FA895800B28F06 /* PYClient.h */ = {isa = PBXFileReference; fileEncoding = 4; lastKnownFileType = sourcecode.c.h; path = PYClient.h; sourceTree = "<group>"; };
		8AB2361E16FA895800B28F06 /* PYClient.m */ = {isa = PBXFileReference; fileEncoding = 4; lastKnownFileType = sourcecode.c.objc; path = PYClient.m; sourceTree = "<group>"; };
		FB03E20616B97FD400DAD162 /* AFHTTPClient.h */ = {isa = PBXFileReference; fileEncoding = 4; lastKnownFileType = sourcecode.c.h; name = AFHTTPClient.h; path = Vendor/AFNetworking/AFNetworking/AFHTTPClient.h; sourceTree = SOURCE_ROOT; };
		FB03E20716B97FD400DAD162 /* AFHTTPClient.m */ = {isa = PBXFileReference; fileEncoding = 4; lastKnownFileType = sourcecode.c.objc; name = AFHTTPClient.m; path = Vendor/AFNetworking/AFNetworking/AFHTTPClient.m; sourceTree = SOURCE_ROOT; };
		FB03E20816B97FD400DAD162 /* AFHTTPRequestOperation.h */ = {isa = PBXFileReference; fileEncoding = 4; lastKnownFileType = sourcecode.c.h; name = AFHTTPRequestOperation.h; path = Vendor/AFNetworking/AFNetworking/AFHTTPRequestOperation.h; sourceTree = SOURCE_ROOT; };
		FB03E20916B97FD400DAD162 /* AFHTTPRequestOperation.m */ = {isa = PBXFileReference; fileEncoding = 4; lastKnownFileType = sourcecode.c.objc; name = AFHTTPRequestOperation.m; path = Vendor/AFNetworking/AFNetworking/AFHTTPRequestOperation.m; sourceTree = SOURCE_ROOT; };
		FB03E20A16B97FD400DAD162 /* AFImageRequestOperation.h */ = {isa = PBXFileReference; fileEncoding = 4; lastKnownFileType = sourcecode.c.h; name = AFImageRequestOperation.h; path = Vendor/AFNetworking/AFNetworking/AFImageRequestOperation.h; sourceTree = SOURCE_ROOT; };
		FB03E20B16B97FD400DAD162 /* AFImageRequestOperation.m */ = {isa = PBXFileReference; fileEncoding = 4; lastKnownFileType = sourcecode.c.objc; name = AFImageRequestOperation.m; path = Vendor/AFNetworking/AFNetworking/AFImageRequestOperation.m; sourceTree = SOURCE_ROOT; };
		FB03E20C16B97FD400DAD162 /* AFJSONRequestOperation.h */ = {isa = PBXFileReference; fileEncoding = 4; lastKnownFileType = sourcecode.c.h; name = AFJSONRequestOperation.h; path = Vendor/AFNetworking/AFNetworking/AFJSONRequestOperation.h; sourceTree = SOURCE_ROOT; };
		FB03E20D16B97FD400DAD162 /* AFJSONRequestOperation.m */ = {isa = PBXFileReference; fileEncoding = 4; lastKnownFileType = sourcecode.c.objc; name = AFJSONRequestOperation.m; path = Vendor/AFNetworking/AFNetworking/AFJSONRequestOperation.m; sourceTree = SOURCE_ROOT; };
		FB03E20E16B97FD400DAD162 /* AFNetworkActivityIndicatorManager.h */ = {isa = PBXFileReference; fileEncoding = 4; lastKnownFileType = sourcecode.c.h; name = AFNetworkActivityIndicatorManager.h; path = Vendor/AFNetworking/AFNetworking/AFNetworkActivityIndicatorManager.h; sourceTree = SOURCE_ROOT; };
		FB03E20F16B97FD400DAD162 /* AFNetworkActivityIndicatorManager.m */ = {isa = PBXFileReference; fileEncoding = 4; lastKnownFileType = sourcecode.c.objc; name = AFNetworkActivityIndicatorManager.m; path = Vendor/AFNetworking/AFNetworking/AFNetworkActivityIndicatorManager.m; sourceTree = SOURCE_ROOT; };
		FB03E21016B97FD400DAD162 /* AFNetworking.h */ = {isa = PBXFileReference; fileEncoding = 4; lastKnownFileType = sourcecode.c.h; name = AFNetworking.h; path = Vendor/AFNetworking/AFNetworking/AFNetworking.h; sourceTree = SOURCE_ROOT; };
		FB03E21116B97FD400DAD162 /* AFPropertyListRequestOperation.h */ = {isa = PBXFileReference; fileEncoding = 4; lastKnownFileType = sourcecode.c.h; name = AFPropertyListRequestOperation.h; path = Vendor/AFNetworking/AFNetworking/AFPropertyListRequestOperation.h; sourceTree = SOURCE_ROOT; };
		FB03E21216B97FD400DAD162 /* AFPropertyListRequestOperation.m */ = {isa = PBXFileReference; fileEncoding = 4; lastKnownFileType = sourcecode.c.objc; name = AFPropertyListRequestOperation.m; path = Vendor/AFNetworking/AFNetworking/AFPropertyListRequestOperation.m; sourceTree = SOURCE_ROOT; };
		FB03E21316B97FD400DAD162 /* AFURLConnectionOperation.h */ = {isa = PBXFileReference; fileEncoding = 4; lastKnownFileType = sourcecode.c.h; name = AFURLConnectionOperation.h; path = Vendor/AFNetworking/AFNetworking/AFURLConnectionOperation.h; sourceTree = SOURCE_ROOT; };
		FB03E21416B97FD400DAD162 /* AFURLConnectionOperation.m */ = {isa = PBXFileReference; fileEncoding = 4; lastKnownFileType = sourcecode.c.objc; name = AFURLConnectionOperation.m; path = Vendor/AFNetworking/AFNetworking/AFURLConnectionOperation.m; sourceTree = SOURCE_ROOT; };
		FB03E21516B97FD400DAD162 /* AFXMLRequestOperation.h */ = {isa = PBXFileReference; fileEncoding = 4; lastKnownFileType = sourcecode.c.h; name = AFXMLRequestOperation.h; path = Vendor/AFNetworking/AFNetworking/AFXMLRequestOperation.h; sourceTree = SOURCE_ROOT; };
		FB03E21616B97FD400DAD162 /* AFXMLRequestOperation.m */ = {isa = PBXFileReference; fileEncoding = 4; lastKnownFileType = sourcecode.c.objc; name = AFXMLRequestOperation.m; path = Vendor/AFNetworking/AFNetworking/AFXMLRequestOperation.m; sourceTree = SOURCE_ROOT; };
		FB03E21716B97FD400DAD162 /* UIImageView+AFNetworking.h */ = {isa = PBXFileReference; fileEncoding = 4; lastKnownFileType = sourcecode.c.h; name = "UIImageView+AFNetworking.h"; path = "Vendor/AFNetworking/AFNetworking/UIImageView+AFNetworking.h"; sourceTree = SOURCE_ROOT; };
		FB03E21816B97FD400DAD162 /* UIImageView+AFNetworking.m */ = {isa = PBXFileReference; fileEncoding = 4; lastKnownFileType = sourcecode.c.objc; name = "UIImageView+AFNetworking.m"; path = "Vendor/AFNetworking/AFNetworking/UIImageView+AFNetworking.m"; sourceTree = SOURCE_ROOT; };
		FB03E23C16B982CC00DAD162 /* PYUser.h */ = {isa = PBXFileReference; fileEncoding = 4; lastKnownFileType = sourcecode.c.h; path = PYUser.h; sourceTree = "<group>"; };
		FB03E23D16B982CC00DAD162 /* PYUser.m */ = {isa = PBXFileReference; fileEncoding = 4; lastKnownFileType = sourcecode.c.objc; path = PYUser.m; sourceTree = "<group>"; };
		FB03E24016B982CC00DAD162 /* PYChannel.h */ = {isa = PBXFileReference; fileEncoding = 4; lastKnownFileType = sourcecode.c.h; path = PYChannel.h; sourceTree = "<group>"; };
		FB03E24116B982CC00DAD162 /* PYChannel.m */ = {isa = PBXFileReference; fileEncoding = 4; lastKnownFileType = sourcecode.c.objc; path = PYChannel.m; sourceTree = "<group>"; };
		FB03E24416B982CC00DAD162 /* PYEvent.h */ = {isa = PBXFileReference; fileEncoding = 4; lastKnownFileType = sourcecode.c.h; path = PYEvent.h; sourceTree = "<group>"; };
		FB03E24516B982CC00DAD162 /* PYEvent.m */ = {isa = PBXFileReference; fileEncoding = 4; lastKnownFileType = sourcecode.c.objc; path = PYEvent.m; sourceTree = "<group>"; };
		FB03E24816B982CC00DAD162 /* PYEventAttachment.h */ = {isa = PBXFileReference; fileEncoding = 4; lastKnownFileType = sourcecode.c.h; path = PYEventAttachment.h; sourceTree = "<group>"; };
		FB03E24916B982CC00DAD162 /* PYEventAttachment.m */ = {isa = PBXFileReference; fileEncoding = 4; lastKnownFileType = sourcecode.c.objc; path = PYEventAttachment.m; sourceTree = "<group>"; };
		FB03E24A16B982CC00DAD162 /* PYFolder.h */ = {isa = PBXFileReference; fileEncoding = 4; lastKnownFileType = sourcecode.c.h; path = PYFolder.h; sourceTree = "<group>"; };
		FB03E24B16B982CD00DAD162 /* PYFolder.m */ = {isa = PBXFileReference; fileEncoding = 4; lastKnownFileType = sourcecode.c.objc; path = PYFolder.m; sourceTree = "<group>"; };
		FB03E26816B9835500DAD162 /* PYApiConnectionClient.h */ = {isa = PBXFileReference; fileEncoding = 4; lastKnownFileType = sourcecode.c.h; path = PYApiConnectionClient.h; sourceTree = "<group>"; };
		FB03E26916B9835500DAD162 /* PYApiConnectionClient.m */ = {isa = PBXFileReference; fileEncoding = 4; lastKnownFileType = sourcecode.c.objc; path = PYApiConnectionClient.m; sourceTree = "<group>"; };
		FB03E27516B9850D00DAD162 /* AFJSONUtilities.h */ = {isa = PBXFileReference; fileEncoding = 4; lastKnownFileType = sourcecode.c.h; name = AFJSONUtilities.h; path = ../Vendor/AFNetworking/AFNetworking/AFJSONUtilities.h; sourceTree = "<group>"; };
		FB03E27616B9850D00DAD162 /* AFJSONUtilities.m */ = {isa = PBXFileReference; fileEncoding = 4; lastKnownFileType = sourcecode.c.objc; name = AFJSONUtilities.m; path = ../Vendor/AFNetworking/AFNetworking/AFJSONUtilities.m; sourceTree = "<group>"; };
		FBC2047A16B95B3700CB5FFB /* PryvApiKit.framework */ = {isa = PBXFileReference; explicitFileType = wrapper.framework; includeInIndex = 0; path = PryvApiKit.framework; sourceTree = BUILT_PRODUCTS_DIR; };
		FBC2047D16B95B3700CB5FFB /* Cocoa.framework */ = {isa = PBXFileReference; lastKnownFileType = wrapper.framework; name = Cocoa.framework; path = System/Library/Frameworks/Cocoa.framework; sourceTree = SDKROOT; };
		FBC2048016B95B3700CB5FFB /* AppKit.framework */ = {isa = PBXFileReference; lastKnownFileType = wrapper.framework; name = AppKit.framework; path = System/Library/Frameworks/AppKit.framework; sourceTree = SDKROOT; };
		FBC2048216B95B3800CB5FFB /* Foundation.framework */ = {isa = PBXFileReference; lastKnownFileType = wrapper.framework; name = Foundation.framework; path = System/Library/Frameworks/Foundation.framework; sourceTree = SDKROOT; };
		FBC2048516B95B3800CB5FFB /* PryvApiKit-Info.plist */ = {isa = PBXFileReference; lastKnownFileType = text.plist.xml; path = "PryvApiKit-Info.plist"; sourceTree = "<group>"; };
		FBC2048716B95B3800CB5FFB /* en */ = {isa = PBXFileReference; lastKnownFileType = text.plist.strings; name = en; path = en.lproj/InfoPlist.strings; sourceTree = "<group>"; };
		FBC2048916B95B3800CB5FFB /* PryvApiKit-Prefix.pch */ = {isa = PBXFileReference; lastKnownFileType = sourcecode.c.h; path = "PryvApiKit-Prefix.pch"; sourceTree = "<group>"; };
		FBC2048A16B95B3800CB5FFB /* PryvApiKit.h */ = {isa = PBXFileReference; lastKnownFileType = sourcecode.c.h; path = PryvApiKit.h; sourceTree = "<group>"; };
		FBC2049616B95F1B00CB5FFB /* libPryvApiKit.a */ = {isa = PBXFileReference; explicitFileType = archive.ar; includeInIndex = 0; path = libPryvApiKit.a; sourceTree = BUILT_PRODUCTS_DIR; };
		FBC2049716B95F1C00CB5FFB /* Foundation.framework */ = {isa = PBXFileReference; lastKnownFileType = wrapper.framework; name = Foundation.framework; path = System/Library/Frameworks/Foundation.framework; sourceTree = SDKROOT; };
/* End PBXFileReference section */

/* Begin PBXFrameworksBuildPhase section */
		4E582DCB16C25378003B59DB /* Frameworks */ = {
			isa = PBXFrameworksBuildPhase;
			buildActionMask = 2147483647;
			files = (
				3D6FCEC816F7D2A90003D970 /* libPryvApiKit.a in Frameworks */,
				4CA28D9F16E5D72200D14F17 /* libsbjson-ios.a in Frameworks */,
				4E582DD016C25378003B59DB /* UIKit.framework in Frameworks */,
				4E582DD116C25378003B59DB /* Foundation.framework in Frameworks */,
				4E582DD316C25378003B59DB /* CoreGraphics.framework in Frameworks */,
			);
			runOnlyForDeploymentPostprocessing = 0;
		};
		FBC2047616B95B3700CB5FFB /* Frameworks */ = {
			isa = PBXFrameworksBuildPhase;
			buildActionMask = 2147483647;
			files = (
				FBC2047E16B95B3700CB5FFB /* Cocoa.framework in Frameworks */,
			);
			runOnlyForDeploymentPostprocessing = 0;
		};
		FBC2049316B95F1B00CB5FFB /* Frameworks */ = {
			isa = PBXFrameworksBuildPhase;
			buildActionMask = 2147483647;
			files = (
				FBC2049816B95F1C00CB5FFB /* Foundation.framework in Frameworks */,
			);
			runOnlyForDeploymentPostprocessing = 0;
		};
/* End PBXFrameworksBuildPhase section */

/* Begin PBXGroup section */
		3D6D3BB916F8BB9D0072F480 /* Constants */ = {
			isa = PBXGroup;
			children = (
				3D6D3BBA16F8BBDE0072F480 /* PYConstants.h */,
				3D6D3BBB16F8BBDE0072F480 /* PYConstants.m */,
			);
			name = Constants;
			sourceTree = "<group>";
		};
		3D6D3BBF16F8BD3C0072F480 /* Error */ = {
			isa = PBXGroup;
			children = (
				3D6D3BC016F8BD5C0072F480 /* PYError.h */,
				3D6D3BC116F8BD5C0072F480 /* PYError.m */,
				8A6D9E7416FB79A1008F2B2C /* PyErrorUtility.h */,
				8A6D9E7516FB79A1008F2B2C /* PyErrorUtility.m */,
			);
			name = Error;
			sourceTree = "<group>";
		};
		3D6FCEA616F7C2FF0003D970 /* Model */ = {
			isa = PBXGroup;
			children = (
				FB03E23C16B982CC00DAD162 /* PYUser.h */,
				FB03E23D16B982CC00DAD162 /* PYUser.m */,
				FB03E24016B982CC00DAD162 /* PYChannel.h */,
				FB03E24116B982CC00DAD162 /* PYChannel.m */,
				FB03E24416B982CC00DAD162 /* PYEvent.h */,
				FB03E24516B982CC00DAD162 /* PYEvent.m */,
				3D6FCEC016F7CB8F0003D970 /* PYEvent+JSON.h */,
				3D6FCEC116F7CB8F0003D970 /* PYEvent+JSON.m */,
				FB03E24816B982CC00DAD162 /* PYEventAttachment.h */,
				FB03E24916B982CC00DAD162 /* PYEventAttachment.m */,
				FB03E24A16B982CC00DAD162 /* PYFolder.h */,
				FB03E24B16B982CD00DAD162 /* PYFolder.m */,
				3D6FCEBB16F7CB460003D970 /* PYFolder+JSON.h */,
				3D6FCEBC16F7CB460003D970 /* PYFolder+JSON.m */,
				4C9FC2BD16E50E6E00C157BD /* PryvAttachment.h */,
				4C9FC2BE16E50E6E00C157BD /* PryvAttachment.m */,
				4CA22ABD16E62A0B00EC30FB /* PryvType.h */,
				4CA22ABE16E62A0B00EC30FB /* PryvType.m */,
			);
			name = Model;
			sourceTree = "<group>";
		};
		3D6FCEAF16F7C3B60003D970 /* Clients */ = {
			isa = PBXGroup;
			children = (
				FBC2048A16B95B3800CB5FFB /* PryvApiKit.h */,
				FB03E26816B9835500DAD162 /* PYApiConnectionClient.h */,
				FB03E26916B9835500DAD162 /* PYApiConnectionClient.m */,
				8AB2361D16FA895800B28F06 /* PYClient.h */,
				8AB2361E16FA895800B28F06 /* PYClient.m */,
				3D6FCEAA16F7C3960003D970 /* PYChannelClient.h */,
				3D6FCEAB16F7C3960003D970 /* PYChannelClient.m */,
				3D6FCEB516F7C8C00003D970 /* PYEventClient.h */,
				3D6FCEB616F7C8C00003D970 /* PYEventClient.m */,
				3D6FCEB016F7C8A70003D970 /* PYFolderClient.h */,
				3D6FCEB116F7C8A70003D970 /* PYFolderClient.m */,
				3D6CEF111700DEEC00F770AD /* AccessClient.h */,
				3D6CEF121700DEEC00F770AD /* AccessClient.m */,
			);
			name = Clients;
			sourceTree = "<group>";
		};
		4C97402F16E4991400416C53 /* JSON */ = {
			isa = PBXGroup;
			children = (
			);
			name = JSON;
			sourceTree = "<group>";
		};
		4CA28D8A16E5D70900D14F17 /* Products */ = {
			isa = PBXGroup;
			children = (
				4CA28D9116E5D70900D14F17 /* SBJson.framework */,
				4CA28D9316E5D70900D14F17 /* SBJsonTests.octest */,
				4CA28D9516E5D70900D14F17 /* libsbjson-ios.a */,
				4CA28D9716E5D70900D14F17 /* sbjson-iosTests.octest */,
			);
			name = Products;
			sourceTree = "<group>";
		};
		4E582DD416C25378003B59DB /* iOs Example */ = {
			isa = PBXGroup;
			children = (
				4E582DDD16C25378003B59DB /* PYEAppDelegate.h */,
				4E582DDE16C25379003B59DB /* PYEAppDelegate.m */,
				4E582DE616C25379003B59DB /* MainStoryboard_iPhone.storyboard */,
				4E582DE916C25379003B59DB /* MainStoryboard_iPad.storyboard */,
				4E582DEC16C25379003B59DB /* PYEViewController.h */,
				4E582DED16C25379003B59DB /* PYEViewController.m */,
				4E582DD516C25378003B59DB /* Supporting Files */,
			);
			path = "iOs Example";
			sourceTree = "<group>";
		};
		4E582DD516C25378003B59DB /* Supporting Files */ = {
			isa = PBXGroup;
			children = (
				4E582DD616C25378003B59DB /* iOs Example-Info.plist */,
				4E582DD716C25378003B59DB /* InfoPlist.strings */,
				4E582DDA16C25378003B59DB /* main.m */,
				4E582DDC16C25378003B59DB /* iOs Example-Prefix.pch */,
				4E582DE016C25379003B59DB /* Default.png */,
				4E582DE216C25379003B59DB /* Default@2x.png */,
				4E582DE416C25379003B59DB /* Default-568h@2x.png */,
			);
			name = "Supporting Files";
			sourceTree = "<group>";
		};
		FB03E20416B97F9100DAD162 /* Vendor */ = {
			isa = PBXGroup;
			children = (
				4C97402F16E4991400416C53 /* JSON */,
				FB03E20516B97F9E00DAD162 /* AFNetworking */,
			);
			name = Vendor;
			sourceTree = "<group>";
		};
		FB03E20516B97F9E00DAD162 /* AFNetworking */ = {
			isa = PBXGroup;
			children = (
				FB03E20616B97FD400DAD162 /* AFHTTPClient.h */,
				FB03E20716B97FD400DAD162 /* AFHTTPClient.m */,
				FB03E20816B97FD400DAD162 /* AFHTTPRequestOperation.h */,
				FB03E20916B97FD400DAD162 /* AFHTTPRequestOperation.m */,
				FB03E20A16B97FD400DAD162 /* AFImageRequestOperation.h */,
				FB03E20B16B97FD400DAD162 /* AFImageRequestOperation.m */,
				FB03E20C16B97FD400DAD162 /* AFJSONRequestOperation.h */,
				FB03E20D16B97FD400DAD162 /* AFJSONRequestOperation.m */,
				FB03E20E16B97FD400DAD162 /* AFNetworkActivityIndicatorManager.h */,
				FB03E20F16B97FD400DAD162 /* AFNetworkActivityIndicatorManager.m */,
				FB03E21016B97FD400DAD162 /* AFNetworking.h */,
				FB03E27516B9850D00DAD162 /* AFJSONUtilities.h */,
				FB03E27616B9850D00DAD162 /* AFJSONUtilities.m */,
				FB03E21116B97FD400DAD162 /* AFPropertyListRequestOperation.h */,
				FB03E21216B97FD400DAD162 /* AFPropertyListRequestOperation.m */,
				FB03E21316B97FD400DAD162 /* AFURLConnectionOperation.h */,
				FB03E21416B97FD400DAD162 /* AFURLConnectionOperation.m */,
				FB03E21516B97FD400DAD162 /* AFXMLRequestOperation.h */,
				FB03E21616B97FD400DAD162 /* AFXMLRequestOperation.m */,
				FB03E21716B97FD400DAD162 /* UIImageView+AFNetworking.h */,
				FB03E21816B97FD400DAD162 /* UIImageView+AFNetworking.m */,
			);
			name = AFNetworking;
			sourceTree = "<group>";
		};
		FBC2047016B95B3700CB5FFB = {
			isa = PBXGroup;
			children = (
				4CA28D8916E5D70900D14F17 /* SBJson.xcodeproj */,
				4C9FC2C116E50FDF00C157BD /* PryvLocation.h */,
				4C9FC2C216E50FDF00C157BD /* PryvLocation.m */,
				FBC2048316B95B3800CB5FFB /* PryvApiKit */,
				4E582DD416C25378003B59DB /* iOs Example */,
				FBC2047C16B95B3700CB5FFB /* Frameworks */,
				FBC2047B16B95B3700CB5FFB /* Products */,
			);
			indentWidth = 4;
			sourceTree = "<group>";
			tabWidth = 4;
		};
		FBC2047B16B95B3700CB5FFB /* Products */ = {
			isa = PBXGroup;
			children = (
				FBC2047A16B95B3700CB5FFB /* PryvApiKit.framework */,
				FBC2049616B95F1B00CB5FFB /* libPryvApiKit.a */,
				4E582DCE16C25378003B59DB /* iOs Example.app */,
			);
			name = Products;
			sourceTree = "<group>";
		};
		FBC2047C16B95B3700CB5FFB /* Frameworks */ = {
			isa = PBXGroup;
			children = (
				FBC2047D16B95B3700CB5FFB /* Cocoa.framework */,
				FBC2049716B95F1C00CB5FFB /* Foundation.framework */,
				4E582DCF16C25378003B59DB /* UIKit.framework */,
				4E582DD216C25378003B59DB /* CoreGraphics.framework */,
				4E582DF516C25379003B59DB /* SenTestingKit.framework */,
				FBC2047F16B95B3700CB5FFB /* Other Frameworks */,
			);
			name = Frameworks;
			sourceTree = "<group>";
		};
		FBC2047F16B95B3700CB5FFB /* Other Frameworks */ = {
			isa = PBXGroup;
			children = (
				FBC2048016B95B3700CB5FFB /* AppKit.framework */,
				FBC2048216B95B3800CB5FFB /* Foundation.framework */,
			);
			name = "Other Frameworks";
			sourceTree = "<group>";
		};
		FBC2048316B95B3800CB5FFB /* PryvApiKit */ = {
			isa = PBXGroup;
			children = (
				3D80AF051701B11F000D74FB /* CWLSynthesizeSingleton.h */,
				3D6D3BBF16F8BD3C0072F480 /* Error */,
				3D6D3BB916F8BB9D0072F480 /* Constants */,
				3D6FCEA616F7C2FF0003D970 /* Model */,
				4C97402B16E48EE700416C53 /* PryvJSONUtils.h */,
				4C97402C16E48EE700416C53 /* PryvJSONUtils.m */,
				3D6FCEAF16F7C3B60003D970 /* Clients */,
				FB03E20416B97F9100DAD162 /* Vendor */,
				FBC2048416B95B3800CB5FFB /* Supporting Files */,
			);
			path = PryvApiKit;
			sourceTree = "<group>";
		};
		FBC2048416B95B3800CB5FFB /* Supporting Files */ = {
			isa = PBXGroup;
			children = (
				FBC2048516B95B3800CB5FFB /* PryvApiKit-Info.plist */,
				FBC2048616B95B3800CB5FFB /* InfoPlist.strings */,
				FBC2048916B95B3800CB5FFB /* PryvApiKit-Prefix.pch */,
			);
			name = "Supporting Files";
			sourceTree = "<group>";
		};
/* End PBXGroup section */

/* Begin PBXHeadersBuildPhase section */
		FBC2047716B95B3700CB5FFB /* Headers */ = {
			isa = PBXHeadersBuildPhase;
			buildActionMask = 2147483647;
			files = (
				8A6D9E7616FB79A1008F2B2C /* PyErrorUtility.h in Headers */,
				8AB2361F16FA895800B28F06 /* PYClient.h in Headers */,
				3D6D3BC216F8BD5C0072F480 /* PYError.h in Headers */,
				3D6FCEC216F7CB900003D970 /* PYEvent+JSON.h in Headers */,
				3D6FCEBD16F7CB460003D970 /* PYFolder+JSON.h in Headers */,
				4CA22ABF16E62A0B00EC30FB /* PryvType.h in Headers */,
				4C9FC2C316E50FDF00C157BD /* PryvLocation.h in Headers */,
				4C9FC2BF16E50E6E00C157BD /* PryvAttachment.h in Headers */,
				4C97402D16E48EE700416C53 /* PryvJSONUtils.h in Headers */,
				FBC204AB16B9674500CB5FFB /* PryvApiKit.h in Headers */,
				FB03E21916B97FD400DAD162 /* AFHTTPClient.h in Headers */,
				FB03E21C16B97FD400DAD162 /* AFHTTPRequestOperation.h in Headers */,
				FB03E21F16B97FD400DAD162 /* AFImageRequestOperation.h in Headers */,
				FB03E22216B97FD400DAD162 /* AFJSONRequestOperation.h in Headers */,
				FB03E22516B97FD400DAD162 /* AFNetworkActivityIndicatorManager.h in Headers */,
				FB03E22816B97FD400DAD162 /* AFNetworking.h in Headers */,
				FB03E22916B97FD400DAD162 /* AFPropertyListRequestOperation.h in Headers */,
				FB03E22C16B97FD400DAD162 /* AFURLConnectionOperation.h in Headers */,
				FB03E22F16B97FD400DAD162 /* AFXMLRequestOperation.h in Headers */,
				FB03E23216B97FD400DAD162 /* UIImageView+AFNetworking.h in Headers */,
				FB03E24E16B982CD00DAD162 /* PYUser.h in Headers */,
				FB03E25416B982CD00DAD162 /* PYChannel.h in Headers */,
				FB03E25A16B982CD00DAD162 /* PYEvent.h in Headers */,
				FB03E26016B982CD00DAD162 /* PYEventAttachment.h in Headers */,
				FB03E26316B982CD00DAD162 /* PYFolder.h in Headers */,
				FB03E26D16B9835500DAD162 /* PYApiConnectionClient.h in Headers */,
				FB03E27716B9850D00DAD162 /* AFJSONUtilities.h in Headers */,
				3D6FCEAC16F7C3960003D970 /* PYChannelClient.h in Headers */,
				3D6FCEB216F7C8A70003D970 /* PYFolderClient.h in Headers */,
				3D6FCEB716F7C8C00003D970 /* PYEventClient.h in Headers */,
				3D6D3BBC16F8BBDE0072F480 /* PYConstants.h in Headers */,
				3D6CEF131700DEEC00F770AD /* AccessClient.h in Headers */,
				3D80AF061701B11F000D74FB /* CWLSynthesizeSingleton.h in Headers */,
			);
			runOnlyForDeploymentPostprocessing = 0;
		};
/* End PBXHeadersBuildPhase section */

/* Begin PBXNativeTarget section */
		4E582DCD16C25378003B59DB /* iOs Example */ = {
			isa = PBXNativeTarget;
			buildConfigurationList = 4E582E0816C2537A003B59DB /* Build configuration list for PBXNativeTarget "iOs Example" */;
			buildPhases = (
				4E582DCA16C25378003B59DB /* Sources */,
				4E582DCB16C25378003B59DB /* Frameworks */,
				4E582DCC16C25378003B59DB /* Resources */,
			);
			buildRules = (
			);
			dependencies = (
				4CA28D9A16E5D71E00D14F17 /* PBXTargetDependency */,
			);
			name = "iOs Example";
			productName = "iOs Example";
			productReference = 4E582DCE16C25378003B59DB /* iOs Example.app */;
			productType = "com.apple.product-type.application";
		};
		FBC2047916B95B3700CB5FFB /* PryvApiKit.framework */ = {
			isa = PBXNativeTarget;
			buildConfigurationList = FBC2048F16B95B3800CB5FFB /* Build configuration list for PBXNativeTarget "PryvApiKit.framework" */;
			buildPhases = (
				FBC2047516B95B3700CB5FFB /* Sources */,
				FBC2047616B95B3700CB5FFB /* Frameworks */,
				FBC2047716B95B3700CB5FFB /* Headers */,
				FBC2047816B95B3700CB5FFB /* Resources */,
			);
			buildRules = (
			);
			dependencies = (
			);
			name = PryvApiKit.framework;
			productName = PryvApiKit;
			productReference = FBC2047A16B95B3700CB5FFB /* PryvApiKit.framework */;
			productType = "com.apple.product-type.framework";
		};
		FBC2049516B95F1B00CB5FFB /* libPryvApiKit.a */ = {
			isa = PBXNativeTarget;
			buildConfigurationList = FBC204A016B95F1C00CB5FFB /* Build configuration list for PBXNativeTarget "libPryvApiKit.a" */;
			buildPhases = (
				FBC2049216B95F1B00CB5FFB /* Sources */,
				FBC2049316B95F1B00CB5FFB /* Frameworks */,
				FBC2049416B95F1B00CB5FFB /* CopyFiles */,
			);
			buildRules = (
			);
			dependencies = (
			);
			name = libPryvApiKit.a;
			productName = PryvApiKit;
			productReference = FBC2049616B95F1B00CB5FFB /* libPryvApiKit.a */;
			productType = "com.apple.product-type.library.static";
		};
/* End PBXNativeTarget section */

/* Begin PBXProject section */
		FBC2047116B95B3700CB5FFB /* Project object */ = {
			isa = PBXProject;
			attributes = {
				LastUpgradeCheck = 0460;
				ORGANIZATIONNAME = Pryv;
			};
			buildConfigurationList = FBC2047416B95B3700CB5FFB /* Build configuration list for PBXProject "PryvApiKit" */;
			compatibilityVersion = "Xcode 3.2";
			developmentRegion = English;
			hasScannedForEncodings = 0;
			knownRegions = (
				en,
			);
			mainGroup = FBC2047016B95B3700CB5FFB;
			productRefGroup = FBC2047B16B95B3700CB5FFB /* Products */;
			projectDirPath = "";
			projectReferences = (
				{
					ProductGroup = 4CA28D8A16E5D70900D14F17 /* Products */;
					ProjectRef = 4CA28D8916E5D70900D14F17 /* SBJson.xcodeproj */;
				},
			);
			projectRoot = "";
			targets = (
				FBC2047916B95B3700CB5FFB /* PryvApiKit.framework */,
				FBC2049516B95F1B00CB5FFB /* libPryvApiKit.a */,
				4E582DCD16C25378003B59DB /* iOs Example */,
			);
		};
/* End PBXProject section */

/* Begin PBXReferenceProxy section */
		4CA28D9116E5D70900D14F17 /* SBJson.framework */ = {
			isa = PBXReferenceProxy;
			fileType = wrapper.framework;
			path = SBJson.framework;
			remoteRef = 4CA28D9016E5D70900D14F17 /* PBXContainerItemProxy */;
			sourceTree = BUILT_PRODUCTS_DIR;
		};
		4CA28D9316E5D70900D14F17 /* SBJsonTests.octest */ = {
			isa = PBXReferenceProxy;
			fileType = wrapper.cfbundle;
			path = SBJsonTests.octest;
			remoteRef = 4CA28D9216E5D70900D14F17 /* PBXContainerItemProxy */;
			sourceTree = BUILT_PRODUCTS_DIR;
		};
		4CA28D9516E5D70900D14F17 /* libsbjson-ios.a */ = {
			isa = PBXReferenceProxy;
			fileType = archive.ar;
			path = "libsbjson-ios.a";
			remoteRef = 4CA28D9416E5D70900D14F17 /* PBXContainerItemProxy */;
			sourceTree = BUILT_PRODUCTS_DIR;
		};
		4CA28D9716E5D70900D14F17 /* sbjson-iosTests.octest */ = {
			isa = PBXReferenceProxy;
			fileType = wrapper.cfbundle;
			path = "sbjson-iosTests.octest";
			remoteRef = 4CA28D9616E5D70900D14F17 /* PBXContainerItemProxy */;
			sourceTree = BUILT_PRODUCTS_DIR;
		};
/* End PBXReferenceProxy section */

/* Begin PBXResourcesBuildPhase section */
		4E582DCC16C25378003B59DB /* Resources */ = {
			isa = PBXResourcesBuildPhase;
			buildActionMask = 2147483647;
			files = (
				4E582DD916C25378003B59DB /* InfoPlist.strings in Resources */,
				4E582DE116C25379003B59DB /* Default.png in Resources */,
				4E582DE316C25379003B59DB /* Default@2x.png in Resources */,
				4E582DE516C25379003B59DB /* Default-568h@2x.png in Resources */,
				4E582DE816C25379003B59DB /* MainStoryboard_iPhone.storyboard in Resources */,
				4E582DEB16C25379003B59DB /* MainStoryboard_iPad.storyboard in Resources */,
			);
			runOnlyForDeploymentPostprocessing = 0;
		};
		FBC2047816B95B3700CB5FFB /* Resources */ = {
			isa = PBXResourcesBuildPhase;
			buildActionMask = 2147483647;
			files = (
				FBC2048816B95B3800CB5FFB /* InfoPlist.strings in Resources */,
			);
			runOnlyForDeploymentPostprocessing = 0;
		};
/* End PBXResourcesBuildPhase section */

/* Begin PBXSourcesBuildPhase section */
		4E582DCA16C25378003B59DB /* Sources */ = {
			isa = PBXSourcesBuildPhase;
			buildActionMask = 2147483647;
			files = (
				4E582DDB16C25378003B59DB /* main.m in Sources */,
				4E582DDF16C25379003B59DB /* PYEAppDelegate.m in Sources */,
				4E582DEE16C25379003B59DB /* PYEViewController.m in Sources */,
			);
			runOnlyForDeploymentPostprocessing = 0;
		};
		FBC2047516B95B3700CB5FFB /* Sources */ = {
			isa = PBXSourcesBuildPhase;
			buildActionMask = 2147483647;
			files = (
				FB03E23516B9800A00DAD162 /* PryvApiKit.h in Sources */,
				FB03E21A16B97FD400DAD162 /* AFHTTPClient.m in Sources */,
				FB991C7B16C19EA700BBCDE2 /* AFHTTPRequestOperation.m in Sources */,
				FB991C7C16C19EA700BBCDE2 /* AFImageRequestOperation.m in Sources */,
				FB991C7D16C19EA700BBCDE2 /* AFJSONRequestOperation.m in Sources */,
				FB991C7E16C19EA700BBCDE2 /* AFNetworkActivityIndicatorManager.m in Sources */,
				FB991C7F16C19EA700BBCDE2 /* AFJSONUtilities.m in Sources */,
				FB991C8016C19EA700BBCDE2 /* AFPropertyListRequestOperation.m in Sources */,
				FB991C8116C19EA700BBCDE2 /* AFURLConnectionOperation.m in Sources */,
				FB991C8216C19EA700BBCDE2 /* AFXMLRequestOperation.m in Sources */,
				FB991C8316C19EA700BBCDE2 /* UIImageView+AFNetworking.m in Sources */,
				FB03E24F16B982CD00DAD162 /* PYUser.m in Sources */,
				FB03E25516B982CD00DAD162 /* PYChannel.m in Sources */,
				FB03E25B16B982CD00DAD162 /* PYEvent.m in Sources */,
				FB03E26116B982CD00DAD162 /* PYEventAttachment.m in Sources */,
				FB03E26416B982CD00DAD162 /* PYFolder.m in Sources */,
				FB03E26E16B9835500DAD162 /* PYApiConnectionClient.m in Sources */,
				4C97402E16E48EE700416C53 /* PryvJSONUtils.m in Sources */,
				4C9FC2C016E50E6E00C157BD /* PryvAttachment.m in Sources */,
				4C9FC2C416E50FDF00C157BD /* PryvLocation.m in Sources */,
				4CA22AC016E62A0B00EC30FB /* PryvType.m in Sources */,
				3D6FCEAD16F7C3960003D970 /* PYChannelClient.m in Sources */,
				3D6FCEB316F7C8A70003D970 /* PYFolderClient.m in Sources */,
				3D6FCEB816F7C8C00003D970 /* PYEventClient.m in Sources */,
				3D6FCEBE16F7CB460003D970 /* PYFolder+JSON.m in Sources */,
				3D6FCEC316F7CB900003D970 /* PYEvent+JSON.m in Sources */,
				3D6D3BBD16F8BBDE0072F480 /* PYConstants.m in Sources */,
				3D6D3BC316F8BD5C0072F480 /* PYError.m in Sources */,
				8AB2362016FA895800B28F06 /* PYClient.m in Sources */,
				8A6D9E7716FB79A1008F2B2C /* PyErrorUtility.m in Sources */,
				3D6CEF141700DEEC00F770AD /* AccessClient.m in Sources */,
			);
			runOnlyForDeploymentPostprocessing = 0;
		};
		FBC2049216B95F1B00CB5FFB /* Sources */ = {
			isa = PBXSourcesBuildPhase;
			buildActionMask = 2147483647;
			files = (
				FBC204A516B9629700CB5FFB /* PryvApiKit.h in Sources */,
				FB03E21B16B97FD400DAD162 /* AFHTTPClient.m in Sources */,
				FB03E21E16B97FD400DAD162 /* AFHTTPRequestOperation.m in Sources */,
				FB03E22116B97FD400DAD162 /* AFImageRequestOperation.m in Sources */,
				FB03E22416B97FD400DAD162 /* AFJSONRequestOperation.m in Sources */,
				FB03E22716B97FD400DAD162 /* AFNetworkActivityIndicatorManager.m in Sources */,
				FB03E22B16B97FD400DAD162 /* AFPropertyListRequestOperation.m in Sources */,
				FB03E22E16B97FD400DAD162 /* AFURLConnectionOperation.m in Sources */,
				FB03E23116B97FD400DAD162 /* AFXMLRequestOperation.m in Sources */,
				FB03E23416B97FD400DAD162 /* UIImageView+AFNetworking.m in Sources */,
				FB03E27916B9850D00DAD162 /* AFJSONUtilities.m in Sources */,
				FB03E25016B982CD00DAD162 /* PYUser.m in Sources */,
				FB03E25616B982CD00DAD162 /* PYChannel.m in Sources */,
				FB03E25C16B982CD00DAD162 /* PYEvent.m in Sources */,
				FB03E26216B982CD00DAD162 /* PYEventAttachment.m in Sources */,
				FB03E26516B982CD00DAD162 /* PYFolder.m in Sources */,
				FB03E26F16B9835500DAD162 /* PYApiConnectionClient.m in Sources */,
				3D6FCEAE16F7C3960003D970 /* PYChannelClient.m in Sources */,
				3D6FCEB416F7C8A70003D970 /* PYFolderClient.m in Sources */,
				3D6FCEB916F7C8C00003D970 /* PYEventClient.m in Sources */,
				3D6FCEBF16F7CB460003D970 /* PYFolder+JSON.m in Sources */,
				3D6FCEC416F7CB900003D970 /* PYEvent+JSON.m in Sources */,
				3D6D3BBE16F8BBDE0072F480 /* PYConstants.m in Sources */,
				3D6D3BC416F8BD5C0072F480 /* PYError.m in Sources */,
				8AB2362116FA895800B28F06 /* PYClient.m in Sources */,
				8A6D9E7816FB79A1008F2B2C /* PyErrorUtility.m in Sources */,
				3D6CEF151700DEEC00F770AD /* AccessClient.m in Sources */,
			);
			runOnlyForDeploymentPostprocessing = 0;
		};
/* End PBXSourcesBuildPhase section */

/* Begin PBXTargetDependency section */
		4CA28D9A16E5D71E00D14F17 /* PBXTargetDependency */ = {
			isa = PBXTargetDependency;
			name = "sbjson-ios";
			targetProxy = 4CA28D9916E5D71E00D14F17 /* PBXContainerItemProxy */;
		};
/* End PBXTargetDependency section */

/* Begin PBXVariantGroup section */
		4E582DD716C25378003B59DB /* InfoPlist.strings */ = {
			isa = PBXVariantGroup;
			children = (
				4E582DD816C25378003B59DB /* en */,
			);
			name = InfoPlist.strings;
			sourceTree = "<group>";
		};
		4E582DE616C25379003B59DB /* MainStoryboard_iPhone.storyboard */ = {
			isa = PBXVariantGroup;
			children = (
				4E582DE716C25379003B59DB /* en */,
			);
			name = MainStoryboard_iPhone.storyboard;
			sourceTree = "<group>";
		};
		4E582DE916C25379003B59DB /* MainStoryboard_iPad.storyboard */ = {
			isa = PBXVariantGroup;
			children = (
				4E582DEA16C25379003B59DB /* en */,
			);
			name = MainStoryboard_iPad.storyboard;
			sourceTree = "<group>";
		};
		FBC2048616B95B3800CB5FFB /* InfoPlist.strings */ = {
			isa = PBXVariantGroup;
			children = (
				FBC2048716B95B3800CB5FFB /* en */,
			);
			name = InfoPlist.strings;
			sourceTree = "<group>";
		};
/* End PBXVariantGroup section */

/* Begin XCBuildConfiguration section */
		4E582E0416C2537A003B59DB /* Debug */ = {
			isa = XCBuildConfiguration;
			buildSettings = {
				"CODE_SIGN_IDENTITY[sdk=iphoneos*]" = "iPhone Developer";
				FRAMEWORK_SEARCH_PATHS = (
					"$(inherited)",
					"\"$(SYSTEM_APPS_DIR)/Xcode.app/Contents/Developer/Library/Frameworks\"",
				);
				GCC_PRECOMPILE_PREFIX_HEADER = YES;
				GCC_PREFIX_HEADER = "iOs Example/iOs Example-Prefix.pch";
				HEADER_SEARCH_PATHS = "$(BUILT_PRODUCTS_DIR)/**";
				INFOPLIST_FILE = "iOs Example/iOs Example-Info.plist";
				IPHONEOS_DEPLOYMENT_TARGET = 6.1;
				OTHER_LDFLAGS = "-ObjC";
				PRODUCT_NAME = "$(TARGET_NAME)";
				SDKROOT = iphoneos;
				TARGETED_DEVICE_FAMILY = "1,2";
				USER_HEADER_SEARCH_PATHS = "$(BUILT_PRODUCTS_DIR)/**";
				WRAPPER_EXTENSION = app;
			};
			name = Debug;
		};
		4E582E0516C2537A003B59DB /* Release */ = {
			isa = XCBuildConfiguration;
			buildSettings = {
				"CODE_SIGN_IDENTITY[sdk=iphoneos*]" = "iPhone Developer";
				FRAMEWORK_SEARCH_PATHS = (
					"$(inherited)",
					"\"$(SYSTEM_APPS_DIR)/Xcode.app/Contents/Developer/Library/Frameworks\"",
				);
				GCC_PRECOMPILE_PREFIX_HEADER = YES;
				GCC_PREFIX_HEADER = "iOs Example/iOs Example-Prefix.pch";
				HEADER_SEARCH_PATHS = "$(BUILT_PRODUCTS_DIR)/**";
				INFOPLIST_FILE = "iOs Example/iOs Example-Info.plist";
				IPHONEOS_DEPLOYMENT_TARGET = 6.1;
				OTHER_CFLAGS = "-DNS_BLOCK_ASSERTIONS=1";
				OTHER_LDFLAGS = "-ObjC";
				PRODUCT_NAME = "$(TARGET_NAME)";
				SDKROOT = iphoneos;
				TARGETED_DEVICE_FAMILY = "1,2";
				USER_HEADER_SEARCH_PATHS = "$(BUILT_PRODUCTS_DIR)/**";
				VALIDATE_PRODUCT = YES;
				WRAPPER_EXTENSION = app;
			};
			name = Release;
		};
		FBC2048D16B95B3800CB5FFB /* Debug */ = {
			isa = XCBuildConfiguration;
			buildSettings = {
				ALWAYS_SEARCH_USER_PATHS = NO;
				ARCHS = "$(ARCHS_STANDARD_64_BIT)";
				CLANG_CXX_LANGUAGE_STANDARD = "gnu++0x";
				CLANG_CXX_LIBRARY = "libc++";
				CLANG_ENABLE_OBJC_ARC = NO;
				CLANG_WARN_CONSTANT_CONVERSION = YES;
				CLANG_WARN_EMPTY_BODY = YES;
				CLANG_WARN_ENUM_CONVERSION = YES;
				CLANG_WARN_INT_CONVERSION = YES;
				CLANG_WARN__DUPLICATE_METHOD_MATCH = YES;
				COPY_PHASE_STRIP = NO;
				GCC_C_LANGUAGE_STANDARD = gnu99;
				GCC_DYNAMIC_NO_PIC = NO;
				GCC_ENABLE_OBJC_EXCEPTIONS = YES;
				GCC_OPTIMIZATION_LEVEL = 0;
				GCC_PREPROCESSOR_DEFINITIONS = (
					"DEBUG=1",
					"$(inherited)",
				);
				GCC_SYMBOLS_PRIVATE_EXTERN = NO;
				GCC_WARN_64_TO_32_BIT_CONVERSION = YES;
				GCC_WARN_ABOUT_RETURN_TYPE = YES;
				GCC_WARN_UNINITIALIZED_AUTOS = YES;
				GCC_WARN_UNUSED_VARIABLE = YES;
				MACOSX_DEPLOYMENT_TARGET = 10.8;
				ONLY_ACTIVE_ARCH = YES;
				SDKROOT = macosx;
			};
			name = Debug;
		};
		FBC2048E16B95B3800CB5FFB /* Release */ = {
			isa = XCBuildConfiguration;
			buildSettings = {
				ALWAYS_SEARCH_USER_PATHS = NO;
				ARCHS = "$(ARCHS_STANDARD_64_BIT)";
				CLANG_CXX_LANGUAGE_STANDARD = "gnu++0x";
				CLANG_CXX_LIBRARY = "libc++";
				CLANG_ENABLE_OBJC_ARC = NO;
				CLANG_WARN_CONSTANT_CONVERSION = YES;
				CLANG_WARN_EMPTY_BODY = YES;
				CLANG_WARN_ENUM_CONVERSION = YES;
				CLANG_WARN_INT_CONVERSION = YES;
				CLANG_WARN__DUPLICATE_METHOD_MATCH = YES;
				COPY_PHASE_STRIP = YES;
				DEBUG_INFORMATION_FORMAT = "dwarf-with-dsym";
				GCC_C_LANGUAGE_STANDARD = gnu99;
				GCC_ENABLE_OBJC_EXCEPTIONS = YES;
				GCC_WARN_64_TO_32_BIT_CONVERSION = YES;
				GCC_WARN_ABOUT_RETURN_TYPE = YES;
				GCC_WARN_UNINITIALIZED_AUTOS = YES;
				GCC_WARN_UNUSED_VARIABLE = YES;
				MACOSX_DEPLOYMENT_TARGET = 10.8;
				SDKROOT = macosx;
			};
			name = Release;
		};
		FBC2049016B95B3800CB5FFB /* Debug */ = {
			isa = XCBuildConfiguration;
			buildSettings = {
				ARCHS = "$(ARCHS_STANDARD_32_64_BIT)";
				CLANG_ENABLE_OBJC_ARC = NO;
				COMBINE_HIDPI_IMAGES = YES;
				DYLIB_COMPATIBILITY_VERSION = 1;
				DYLIB_CURRENT_VERSION = 1;
				FRAMEWORK_VERSION = A;
				GCC_PRECOMPILE_PREFIX_HEADER = YES;
				GCC_PREFIX_HEADER = "PryvApiKit/PryvApiKit-Prefix.pch";
				INFOPLIST_FILE = "PryvApiKit/PryvApiKit-Info.plist";
				MACOSX_DEPLOYMENT_TARGET = 10.6;
				ONLY_ACTIVE_ARCH = NO;
				PRODUCT_NAME = PryvApiKit;
				VALID_ARCHS = "x86_64 i386";
				WRAPPER_EXTENSION = framework;
			};
			name = Debug;
		};
		FBC2049116B95B3800CB5FFB /* Release */ = {
			isa = XCBuildConfiguration;
			buildSettings = {
				ARCHS = "$(ARCHS_STANDARD_32_64_BIT)";
				CLANG_ENABLE_OBJC_ARC = NO;
				COMBINE_HIDPI_IMAGES = YES;
				DYLIB_COMPATIBILITY_VERSION = 1;
				DYLIB_CURRENT_VERSION = 1;
				FRAMEWORK_VERSION = A;
				GCC_PRECOMPILE_PREFIX_HEADER = YES;
				GCC_PREFIX_HEADER = "PryvApiKit/PryvApiKit-Prefix.pch";
				INFOPLIST_FILE = "PryvApiKit/PryvApiKit-Info.plist";
				MACOSX_DEPLOYMENT_TARGET = 10.6;
				ONLY_ACTIVE_ARCH = NO;
				PRODUCT_NAME = PryvApiKit;
				VALID_ARCHS = "x86_64 i386";
				WRAPPER_EXTENSION = framework;
			};
			name = Release;
		};
		FBC204A116B95F1C00CB5FFB /* Debug */ = {
			isa = XCBuildConfiguration;
			buildSettings = {
				ARCHS = "$(ARCHS_STANDARD_32_BIT)";
				CLANG_ENABLE_OBJC_ARC = NO;
				DSTROOT = /tmp/PryvApiKit.dst;
				GCC_PRECOMPILE_PREFIX_HEADER = YES;
				GCC_PREFIX_HEADER = "PryvApiKit/PryvApiKit-Prefix.pch";
				GCC_VERSION = "";
				IPHONEOS_DEPLOYMENT_TARGET = 6.0;
				OTHER_LDFLAGS = (
					"-ObjC",
					"-all_load",
				);
				PRODUCT_NAME = PryvApiKit;
				PUBLIC_HEADERS_FOLDER_PATH = "include/$(PRODUCT_NAME)";
				SDKROOT = iphoneos;
				SKIP_INSTALL = YES;
				TARGETED_DEVICE_FAMILY = "1,2";
			};
			name = Debug;
		};
		FBC204A216B95F1C00CB5FFB /* Release */ = {
			isa = XCBuildConfiguration;
			buildSettings = {
				ARCHS = "$(ARCHS_STANDARD_32_BIT)";
				CLANG_ENABLE_OBJC_ARC = NO;
				DSTROOT = /tmp/PryvApiKit.dst;
				GCC_PRECOMPILE_PREFIX_HEADER = YES;
				GCC_PREFIX_HEADER = "PryvApiKit/PryvApiKit-Prefix.pch";
				GCC_VERSION = "";
				IPHONEOS_DEPLOYMENT_TARGET = 6.0;
				OTHER_LDFLAGS = (
					"-ObjC",
					"-all_load",
				);
				PRODUCT_NAME = PryvApiKit;
				PUBLIC_HEADERS_FOLDER_PATH = "include/$(PRODUCT_NAME)";
				SDKROOT = iphoneos;
				SKIP_INSTALL = YES;
				TARGETED_DEVICE_FAMILY = "1,2";
				VALIDATE_PRODUCT = YES;
			};
			name = Release;
		};
/* End XCBuildConfiguration section */

/* Begin XCConfigurationList section */
		4E582E0816C2537A003B59DB /* Build configuration list for PBXNativeTarget "iOs Example" */ = {
			isa = XCConfigurationList;
			buildConfigurations = (
				4E582E0416C2537A003B59DB /* Debug */,
				4E582E0516C2537A003B59DB /* Release */,
			);
			defaultConfigurationIsVisible = 0;
			defaultConfigurationName = Release;
		};
		FBC2047416B95B3700CB5FFB /* Build configuration list for PBXProject "PryvApiKit" */ = {
			isa = XCConfigurationList;
			buildConfigurations = (
				FBC2048D16B95B3800CB5FFB /* Debug */,
				FBC2048E16B95B3800CB5FFB /* Release */,
			);
			defaultConfigurationIsVisible = 0;
			defaultConfigurationName = Release;
		};
		FBC2048F16B95B3800CB5FFB /* Build configuration list for PBXNativeTarget "PryvApiKit.framework" */ = {
			isa = XCConfigurationList;
			buildConfigurations = (
				FBC2049016B95B3800CB5FFB /* Debug */,
				FBC2049116B95B3800CB5FFB /* Release */,
			);
			defaultConfigurationIsVisible = 0;
			defaultConfigurationName = Release;
		};
		FBC204A016B95F1C00CB5FFB /* Build configuration list for PBXNativeTarget "libPryvApiKit.a" */ = {
			isa = XCConfigurationList;
			buildConfigurations = (
				FBC204A116B95F1C00CB5FFB /* Debug */,
				FBC204A216B95F1C00CB5FFB /* Release */,
			);
			defaultConfigurationIsVisible = 0;
			defaultConfigurationName = Release;
		};
/* End XCConfigurationList section */
	};
	rootObject = FBC2047116B95B3700CB5FFB /* Project object */;
}
