// !$*UTF8*$!
{
	archiveVersion = 1;
	classes = {
	};
	objectVersion = 46;
	objects = {

/* Begin PBXBuildFile section */
		0C2DEE94178BF79400CDBB54 /* PYWebLoginViewController.m in Sources */ = {isa = PBXBuildFile; fileRef = 3D67FF9E173410B5008D437F /* PYWebLoginViewController.m */; };
		0C2DEE95178BFC8800CDBB54 /* PYWebLoginViewController.h in Headers */ = {isa = PBXBuildFile; fileRef = 3D67FF9D173410B5008D437F /* PYWebLoginViewController.h */; };
		0C35F98517CB8B520010132B /* PYConnection+DataManagement.m in Sources */ = {isa = PBXBuildFile; fileRef = 0CEB44DF17BBCDB9009756E7 /* PYConnection+DataManagement.m */; };
		0C45BEBB17BA43B5005AB58E /* User.m in Sources */ = {isa = PBXBuildFile; fileRef = 0C45BEBA17BA43B5005AB58E /* User.m */; };
		0C54EE0E178C4D3600235B84 /* SigninWindowController.m in Sources */ = {isa = PBXBuildFile; fileRef = 0C54EE0C178C4D3600235B84 /* SigninWindowController.m */; };
		0C54EE0F178C4D3600235B84 /* SigninWindowController.xib in Resources */ = {isa = PBXBuildFile; fileRef = 0C54EE0D178C4D3600235B84 /* SigninWindowController.xib */; };
		0C54EE15178C5EBE00235B84 /* WebViewController.m in Sources */ = {isa = PBXBuildFile; fileRef = 0C54EE14178C5EBE00235B84 /* WebViewController.m */; };
		0C60CCF8178C07F800406974 /* WebKit.framework in Frameworks */ = {isa = PBXBuildFile; fileRef = 0CDAF32B178B53AD0070049C /* WebKit.framework */; };
		0C60CD01178C462400406974 /* WelcomeWindowController.m in Sources */ = {isa = PBXBuildFile; fileRef = 0C60CCFF178C462400406974 /* WelcomeWindowController.m */; };
		0C60CD02178C462400406974 /* WelcomeWindowController.xib in Resources */ = {isa = PBXBuildFile; fileRef = 0C60CD00178C462400406974 /* WelcomeWindowController.xib */; };
		0CDAF32C178B53AD0070049C /* WebKit.framework in Frameworks */ = {isa = PBXBuildFile; fileRef = 0CDAF32B178B53AD0070049C /* WebKit.framework */; };
		0CEB44E017BBCDB9009756E7 /* PYConnection+DataManagement.h in Headers */ = {isa = PBXBuildFile; fileRef = 0CEB44DE17BBCDB9009756E7 /* PYConnection+DataManagement.h */; };
		0CEB44E117BBCDB9009756E7 /* PYConnection+DataManagement.m in Sources */ = {isa = PBXBuildFile; fileRef = 0CEB44DF17BBCDB9009756E7 /* PYConnection+DataManagement.m */; };
		3D1F6A07170B6A6400DF893C /* CoreLocation.framework in Frameworks */ = {isa = PBXBuildFile; fileRef = 3D1F6A06170B6A6400DF893C /* CoreLocation.framework */; };
		3D2397B81733086400A72637 /* AppKit.framework in Frameworks */ = {isa = PBXBuildFile; fileRef = FBC2048016B95B3700CB5FFB /* AppKit.framework */; };
		3D2397B9173308B500A72637 /* MobileCoreServices.framework in Frameworks */ = {isa = PBXBuildFile; fileRef = 3DAB592417175EB900F2009D /* MobileCoreServices.framework */; };
		3D2397BA17330C0100A72637 /* MobileCoreServices.framework in Frameworks */ = {isa = PBXBuildFile; fileRef = 3DAB592417175EB900F2009D /* MobileCoreServices.framework */; };
		3D2397BD1733109A00A72637 /* PYJSONUtility.h in Headers */ = {isa = PBXBuildFile; fileRef = 3D2397BB1733109900A72637 /* PYJSONUtility.h */; settings = {ATTRIBUTES = (Public, ); }; };
		3D2397BE1733109A00A72637 /* PYJSONUtility.m in Sources */ = {isa = PBXBuildFile; fileRef = 3D2397BC1733109A00A72637 /* PYJSONUtility.m */; };
		3D2397BF1733109A00A72637 /* PYJSONUtility.m in Sources */ = {isa = PBXBuildFile; fileRef = 3D2397BC1733109A00A72637 /* PYJSONUtility.m */; };
		3D4897401778E8AC008C7B66 /* SenTestingKit.framework in Frameworks */ = {isa = PBXBuildFile; fileRef = 4E582DF516C25379003B59DB /* SenTestingKit.framework */; };
		3D4897411778E8AC008C7B66 /* UIKit.framework in Frameworks */ = {isa = PBXBuildFile; fileRef = 3DD28EBA17135EA900602603 /* UIKit.framework */; };
		3D4897421778E8AC008C7B66 /* Foundation.framework in Frameworks */ = {isa = PBXBuildFile; fileRef = FBC2049716B95F1C00CB5FFB /* Foundation.framework */; };
		3D4897481778E8AC008C7B66 /* InfoPlist.strings in Resources */ = {isa = PBXBuildFile; fileRef = 3D4897461778E8AC008C7B66 /* InfoPlist.strings */; };
		3D48974B1778E8AC008C7B66 /* libPryvApiKitLogicTests.m in Sources */ = {isa = PBXBuildFile; fileRef = 3D48974A1778E8AC008C7B66 /* libPryvApiKitLogicTests.m */; };
		3D4897541778EE34008C7B66 /* PryvCachingTests.m in Sources */ = {isa = PBXBuildFile; fileRef = 3D4897531778EE34008C7B66 /* PryvCachingTests.m */; };
		3D4C386817416B65004E75BE /* PYWebLoginViewController.h in CopyFiles */ = {isa = PBXBuildFile; fileRef = 3D67FF9D173410B5008D437F /* PYWebLoginViewController.h */; };
		3D5B9CB11768FFA2007A107A /* PYChannelsCachingUtillity.h in Headers */ = {isa = PBXBuildFile; fileRef = 3D5B9CAF1768FFA2007A107A /* PYChannelsCachingUtillity.h */; settings = {ATTRIBUTES = (Public, ); }; };
		3D5B9CB71768FFC0007A107A /* PYStreamsCachingUtillity.h in Headers */ = {isa = PBXBuildFile; fileRef = 3D5B9CB51768FFC0007A107A /* PYStreamsCachingUtillity.h */; settings = {ATTRIBUTES = (Public, ); }; };
		3D5B9CB81768FFC0007A107A /* PYStreamsCachingUtillity.m in Sources */ = {isa = PBXBuildFile; fileRef = 3D5B9CB61768FFC0007A107A /* PYStreamsCachingUtillity.m */; };
		3D5B9CB91768FFC0007A107A /* PYStreamsCachingUtillity.m in Sources */ = {isa = PBXBuildFile; fileRef = 3D5B9CB61768FFC0007A107A /* PYStreamsCachingUtillity.m */; };
		3D61E1F01729DB9800BE1E80 /* PryvApiKit.h in Headers */ = {isa = PBXBuildFile; fileRef = FBC2048A16B95B3800CB5FFB /* PryvApiKit.h */; settings = {ATTRIBUTES = (Public, ); }; };
		3D64493917639F070042C14C /* PYEventFilterUtility.h in Headers */ = {isa = PBXBuildFile; fileRef = 3D64493717639F070042C14C /* PYEventFilterUtility.h */; settings = {ATTRIBUTES = (Public, ); }; };
		3D64493A17639F070042C14C /* PYEventFilterUtility.m in Sources */ = {isa = PBXBuildFile; fileRef = 3D64493817639F070042C14C /* PYEventFilterUtility.m */; };
		3D64493B17639F070042C14C /* PYEventFilterUtility.m in Sources */ = {isa = PBXBuildFile; fileRef = 3D64493817639F070042C14C /* PYEventFilterUtility.m */; };
		3D67412617106EA10050B251 /* PYEvent+JSON.h in Headers */ = {isa = PBXBuildFile; fileRef = 3D67412417106EA10050B251 /* PYEvent+JSON.h */; settings = {ATTRIBUTES = (Public, ); }; };
		3D67412717106EA10050B251 /* PYEvent+JSON.m in Sources */ = {isa = PBXBuildFile; fileRef = 3D67412517106EA10050B251 /* PYEvent+JSON.m */; };
		3D67412817106EA10050B251 /* PYEvent+JSON.m in Sources */ = {isa = PBXBuildFile; fileRef = 3D67412517106EA10050B251 /* PYEvent+JSON.m */; };
		3D67FFA0173410B5008D437F /* PYWebLoginViewController.m in Sources */ = {isa = PBXBuildFile; fileRef = 3D67FF9E173410B5008D437F /* PYWebLoginViewController.m */; };
		3D6925E4177B73400031F624 /* PYConnectionTests.m in Sources */ = {isa = PBXBuildFile; fileRef = 3D6925E3177B73400031F624 /* PYConnectionTests.m */; };
		3D6925E7177B79150031F624 /* PYEventsTests.m in Sources */ = {isa = PBXBuildFile; fileRef = 3D6925E6177B79150031F624 /* PYEventsTests.m */; };
		3D6925EA177B87DC0031F624 /* PYStreamsTests.m in Sources */ = {isa = PBXBuildFile; fileRef = 3D6925E9177B87DC0031F624 /* PYStreamsTests.m */; };
		3D6A9577175E75C900FF614E /* PYEventFilter.h in CopyFiles */ = {isa = PBXBuildFile; fileRef = 4E6DFE0E1757417F000DFF7A /* PYEventFilter.h */; };
		3D6BE315171C75EB0023A39C /* PYAsyncService.h in Headers */ = {isa = PBXBuildFile; fileRef = 3D6BE313171C75EB0023A39C /* PYAsyncService.h */; settings = {ATTRIBUTES = (Public, ); }; };
		3D6BE316171C75EB0023A39C /* PYAsyncService.m in Sources */ = {isa = PBXBuildFile; fileRef = 3D6BE314171C75EB0023A39C /* PYAsyncService.m */; };
		3D6BE317171C75EB0023A39C /* PYAsyncService.m in Sources */ = {isa = PBXBuildFile; fileRef = 3D6BE314171C75EB0023A39C /* PYAsyncService.m */; };
		3D6C755F1703812B000B9195 /* PYConnection.h in Headers */ = {isa = PBXBuildFile; fileRef = 3D6C755D1703812B000B9195 /* PYConnection.h */; settings = {ATTRIBUTES = (Public, ); }; };
		3D6C75601703812B000B9195 /* PYConnection.m in Sources */ = {isa = PBXBuildFile; fileRef = 3D6C755E1703812B000B9195 /* PYConnection.m */; };
		3D6C75611703812B000B9195 /* PYConnection.m in Sources */ = {isa = PBXBuildFile; fileRef = 3D6C755E1703812B000B9195 /* PYConnection.m */; };
		3D6C7562170398F0000B9195 /* PYConnection.h in CopyFiles */ = {isa = PBXBuildFile; fileRef = 3D6C755D1703812B000B9195 /* PYConnection.h */; };
		3D6D3BBC16F8BBDE0072F480 /* PYConstants.h in Headers */ = {isa = PBXBuildFile; fileRef = 3D6D3BBA16F8BBDE0072F480 /* PYConstants.h */; settings = {ATTRIBUTES = (Public, ); }; };
		3D6D3BBD16F8BBDE0072F480 /* PYConstants.m in Sources */ = {isa = PBXBuildFile; fileRef = 3D6D3BBB16F8BBDE0072F480 /* PYConstants.m */; };
		3D6D3BBE16F8BBDE0072F480 /* PYConstants.m in Sources */ = {isa = PBXBuildFile; fileRef = 3D6D3BBB16F8BBDE0072F480 /* PYConstants.m */; };
		3D6D3BC216F8BD5C0072F480 /* PYError.h in Headers */ = {isa = PBXBuildFile; fileRef = 3D6D3BC016F8BD5C0072F480 /* PYError.h */; settings = {ATTRIBUTES = (Public, ); }; };
		3D6D3BC316F8BD5C0072F480 /* PYError.m in Sources */ = {isa = PBXBuildFile; fileRef = 3D6D3BC116F8BD5C0072F480 /* PYError.m */; };
		3D6D3BC416F8BD5C0072F480 /* PYError.m in Sources */ = {isa = PBXBuildFile; fileRef = 3D6D3BC116F8BD5C0072F480 /* PYError.m */; };
		3D6FCEBD16F7CB460003D970 /* PYStream+JSON.h in Headers */ = {isa = PBXBuildFile; fileRef = 3D6FCEBB16F7CB460003D970 /* PYStream+JSON.h */; settings = {ATTRIBUTES = (Public, ); }; };
		3D6FCEBE16F7CB460003D970 /* PYStream+JSON.m in Sources */ = {isa = PBXBuildFile; fileRef = 3D6FCEBC16F7CB460003D970 /* PYStream+JSON.m */; };
		3D6FCEBF16F7CB460003D970 /* PYStream+JSON.m in Sources */ = {isa = PBXBuildFile; fileRef = 3D6FCEBC16F7CB460003D970 /* PYStream+JSON.m */; };
		3D75F4CD173304F200380629 /* CHANGELOG.md in Resources */ = {isa = PBXBuildFile; fileRef = 3D75F4C9173304F200380629 /* CHANGELOG.md */; };
		3D75F4CE173304F200380629 /* JSONKit.h in Headers */ = {isa = PBXBuildFile; fileRef = 3D75F4CA173304F200380629 /* JSONKit.h */; };
		3D75F4CF173304F200380629 /* JSONKit.m in Sources */ = {isa = PBXBuildFile; fileRef = 3D75F4CB173304F200380629 /* JSONKit.m */; };
		3D75F4D0173304F200380629 /* README.md in Resources */ = {isa = PBXBuildFile; fileRef = 3D75F4CC173304F200380629 /* README.md */; };
		3D75F4D31733056A00380629 /* CWLSynthesizeSingleton.h in CopyFiles */ = {isa = PBXBuildFile; fileRef = 3DD608EB1702543F00905533 /* CWLSynthesizeSingleton.h */; };
		3D75F4D41733057700380629 /* PYError.h in CopyFiles */ = {isa = PBXBuildFile; fileRef = 3D6D3BC016F8BD5C0072F480 /* PYError.h */; };
		3D80798D176A5DC4009ECE86 /* PYChannelFilter.h in Headers */ = {isa = PBXBuildFile; fileRef = 3D80798B176A5DC4009ECE86 /* PYChannelFilter.h */; settings = {ATTRIBUTES = (Public, ); }; };
		3D807992176A6DAE009ECE86 /* PYChannelFilterUtility.h in Headers */ = {isa = PBXBuildFile; fileRef = 3D807990176A6DAE009ECE86 /* PYChannelFilterUtility.h */; settings = {ATTRIBUTES = (Public, ); }; };
		3D82A98B173EDE2A00CB100D /* Reachability.h in Headers */ = {isa = PBXBuildFile; fileRef = 3D82A989173EDE2A00CB100D /* Reachability.h */; };
		3D82A98C173EDE2A00CB100D /* Reachability.m in Sources */ = {isa = PBXBuildFile; fileRef = 3D82A98A173EDE2A00CB100D /* Reachability.m */; };
		3D82A98D173EDE2A00CB100D /* Reachability.m in Sources */ = {isa = PBXBuildFile; fileRef = 3D82A98A173EDE2A00CB100D /* Reachability.m */; };
		3D82A98F173EDE4600CB100D /* SystemConfiguration.framework in Frameworks */ = {isa = PBXBuildFile; fileRef = 3D82A98E173EDE4600CB100D /* SystemConfiguration.framework */; };
		3D82A990173EDE4E00CB100D /* SystemConfiguration.framework in Frameworks */ = {isa = PBXBuildFile; fileRef = 3D82A98E173EDE4600CB100D /* SystemConfiguration.framework */; };
		3D82A991173EE43100CB100D /* SystemConfiguration.framework in Frameworks */ = {isa = PBXBuildFile; fileRef = 3D82A98E173EDE4600CB100D /* SystemConfiguration.framework */; };
		3D9DCF301752BEE20010FE84 /* PYCachingController.h in Headers */ = {isa = PBXBuildFile; fileRef = 3D9DCF2E1752BEE20010FE84 /* PYCachingController.h */; settings = {ATTRIBUTES = (Public, ); }; };
		3D9DCF311752BEE20010FE84 /* PYCachingController.m in Sources */ = {isa = PBXBuildFile; fileRef = 3D9DCF2F1752BEE20010FE84 /* PYCachingController.m */; };
		3D9DCF321752BEE20010FE84 /* PYCachingController.m in Sources */ = {isa = PBXBuildFile; fileRef = 3D9DCF2F1752BEE20010FE84 /* PYCachingController.m */; };
		3D9DCF331752C0C00010FE84 /* PYCachingController.h in CopyFiles */ = {isa = PBXBuildFile; fileRef = 3D9DCF2E1752BEE20010FE84 /* PYCachingController.h */; };
		3DAB59261717616200F2009D /* UIKit.framework in Frameworks */ = {isa = PBXBuildFile; fileRef = 3DD28EBA17135EA900602603 /* UIKit.framework */; };
		3DAB592A171761F600F2009D /* libPryvApiKit.a in Frameworks */ = {isa = PBXBuildFile; fileRef = FBC2049616B95F1B00CB5FFB /* libPryvApiKit.a */; };
		3DAF21CA172B28E900B62416 /* Cocoa.framework in Frameworks */ = {isa = PBXBuildFile; fileRef = FBC2047D16B95B3700CB5FFB /* Cocoa.framework */; };
		3DAF21D0172B28E900B62416 /* InfoPlist.strings in Resources */ = {isa = PBXBuildFile; fileRef = 3DAF21CE172B28E900B62416 /* InfoPlist.strings */; };
		3DAF21D2172B28E900B62416 /* main.m in Sources */ = {isa = PBXBuildFile; fileRef = 3DAF21D1172B28E900B62416 /* main.m */; };
		3DAF21D6172B28E900B62416 /* Credits.rtf in Resources */ = {isa = PBXBuildFile; fileRef = 3DAF21D4172B28E900B62416 /* Credits.rtf */; };
		3DAF21D9172B28E900B62416 /* AppDelegate.m in Sources */ = {isa = PBXBuildFile; fileRef = 3DAF21D8172B28E900B62416 /* AppDelegate.m */; };
		3DAF21DC172B28E900B62416 /* MainMenu.xib in Resources */ = {isa = PBXBuildFile; fileRef = 3DAF21DA172B28E900B62416 /* MainMenu.xib */; };
		3DAF21E2172B298D00B62416 /* PryvApiKit.framework in Frameworks */ = {isa = PBXBuildFile; fileRef = FBC2047A16B95B3700CB5FFB /* PryvApiKit.framework */; };
		3DC8170F1754021D00A91142 /* PYEventsCachingUtillity.h in Headers */ = {isa = PBXBuildFile; fileRef = 3DC8170D1754021D00A91142 /* PYEventsCachingUtillity.h */; settings = {ATTRIBUTES = (Public, ); }; };
		3DC817101754021D00A91142 /* PYEventsCachingUtillity.m in Sources */ = {isa = PBXBuildFile; fileRef = 3DC8170E1754021D00A91142 /* PYEventsCachingUtillity.m */; };
		3DC817111754021D00A91142 /* PYEventsCachingUtillity.m in Sources */ = {isa = PBXBuildFile; fileRef = 3DC8170E1754021D00A91142 /* PYEventsCachingUtillity.m */; };
		3DC817121754028700A91142 /* PYEventsCachingUtillity.h in CopyFiles */ = {isa = PBXBuildFile; fileRef = 3DC8170D1754021D00A91142 /* PYEventsCachingUtillity.h */; };
		3DD608EC1702543F00905533 /* CWLSynthesizeSingleton.h in Headers */ = {isa = PBXBuildFile; fileRef = 3DD608EB1702543F00905533 /* CWLSynthesizeSingleton.h */; settings = {ATTRIBUTES = (Public, ); }; };
		4E582DD116C25378003B59DB /* Foundation.framework in Frameworks */ = {isa = PBXBuildFile; fileRef = FBC2049716B95F1C00CB5FFB /* Foundation.framework */; };
		4E582DD916C25378003B59DB /* InfoPlist.strings in Resources */ = {isa = PBXBuildFile; fileRef = 4E582DD716C25378003B59DB /* InfoPlist.strings */; };
		4E582DDB16C25378003B59DB /* main.m in Sources */ = {isa = PBXBuildFile; fileRef = 4E582DDA16C25378003B59DB /* main.m */; };
		4E582DDF16C25379003B59DB /* PYEAppDelegate.m in Sources */ = {isa = PBXBuildFile; fileRef = 4E582DDE16C25379003B59DB /* PYEAppDelegate.m */; };
		4E582DE116C25379003B59DB /* Default.png in Resources */ = {isa = PBXBuildFile; fileRef = 4E582DE016C25379003B59DB /* Default.png */; };
		4E582DE316C25379003B59DB /* Default@2x.png in Resources */ = {isa = PBXBuildFile; fileRef = 4E582DE216C25379003B59DB /* Default@2x.png */; };
		4E582DE516C25379003B59DB /* Default-568h@2x.png in Resources */ = {isa = PBXBuildFile; fileRef = 4E582DE416C25379003B59DB /* Default-568h@2x.png */; };
		4E582DE816C25379003B59DB /* MainStoryboard_iPhone.storyboard in Resources */ = {isa = PBXBuildFile; fileRef = 4E582DE616C25379003B59DB /* MainStoryboard_iPhone.storyboard */; };
		4E582DEB16C25379003B59DB /* MainStoryboard_iPad.storyboard in Resources */ = {isa = PBXBuildFile; fileRef = 4E582DE916C25379003B59DB /* MainStoryboard_iPad.storyboard */; };
		4E582DEE16C25379003B59DB /* PYEViewController.m in Sources */ = {isa = PBXBuildFile; fileRef = 4E582DED16C25379003B59DB /* PYEViewController.m */; };
		4E6DFE101757417F000DFF7A /* PYEventFilter.h in Headers */ = {isa = PBXBuildFile; fileRef = 4E6DFE0E1757417F000DFF7A /* PYEventFilter.h */; settings = {ATTRIBUTES = (Public, ); }; };
		4E6DFE111757417F000DFF7A /* PYEventFilter.m in Sources */ = {isa = PBXBuildFile; fileRef = 4E6DFE0F1757417F000DFF7A /* PYEventFilter.m */; };
		4E6DFE121757417F000DFF7A /* PYEventFilter.m in Sources */ = {isa = PBXBuildFile; fileRef = 4E6DFE0F1757417F000DFF7A /* PYEventFilter.m */; };
		4EA29C53174B7AAA00233897 /* Reachability.h in CopyFiles */ = {isa = PBXBuildFile; fileRef = 3D82A989173EDE2A00CB100D /* Reachability.h */; };
		4EA29C54174B7AAA00233897 /* JSONKit.h in CopyFiles */ = {isa = PBXBuildFile; fileRef = 3D75F4CA173304F200380629 /* JSONKit.h */; };
		8A6D9E7216FB5895008F2B2C /* PYClient.h in CopyFiles */ = {isa = PBXBuildFile; fileRef = 8AB2361D16FA895800B28F06 /* PYClient.h */; };
		8A6D9E7616FB79A1008F2B2C /* PYErrorUtility.h in Headers */ = {isa = PBXBuildFile; fileRef = 8A6D9E7416FB79A1008F2B2C /* PYErrorUtility.h */; settings = {ATTRIBUTES = (Public, ); }; };
		8A6D9E7716FB79A1008F2B2C /* PYErrorUtility.m in Sources */ = {isa = PBXBuildFile; fileRef = 8A6D9E7516FB79A1008F2B2C /* PYErrorUtility.m */; };
		8A6D9E7816FB79A1008F2B2C /* PYErrorUtility.m in Sources */ = {isa = PBXBuildFile; fileRef = 8A6D9E7516FB79A1008F2B2C /* PYErrorUtility.m */; };
		8A92AE7616FB8E09005AE251 /* PYErrorUtility.h in CopyFiles */ = {isa = PBXBuildFile; fileRef = 8A6D9E7416FB79A1008F2B2C /* PYErrorUtility.h */; };
		8AB2361C16FA6C6900B28F06 /* PYConstants.h in CopyFiles */ = {isa = PBXBuildFile; fileRef = 3D6D3BBA16F8BBDE0072F480 /* PYConstants.h */; };
		8AB2361F16FA895800B28F06 /* PYClient.h in Headers */ = {isa = PBXBuildFile; fileRef = 8AB2361D16FA895800B28F06 /* PYClient.h */; settings = {ATTRIBUTES = (Public, ); }; };
		8AB2362016FA895800B28F06 /* PYClient.m in Sources */ = {isa = PBXBuildFile; fileRef = 8AB2361E16FA895800B28F06 /* PYClient.m */; };
		8AB2362116FA895800B28F06 /* PYClient.m in Sources */ = {isa = PBXBuildFile; fileRef = 8AB2361E16FA895800B28F06 /* PYClient.m */; };
		B6F1AEA0178379A1000ECD60 /* PYChannelsCachingUtillity.h in CopyFiles */ = {isa = PBXBuildFile; fileRef = 3D5B9CAF1768FFA2007A107A /* PYChannelsCachingUtillity.h */; };
		B6F1AEA1178379B9000ECD60 /* PYStreamsCachingUtillity.h in CopyFiles */ = {isa = PBXBuildFile; fileRef = 3D5B9CB51768FFC0007A107A /* PYStreamsCachingUtillity.h */; };
		FAD9DC741700D25F00A34AB3 /* PYChannel+JSON.h in Headers */ = {isa = PBXBuildFile; fileRef = FAD9DC721700D25F00A34AB3 /* PYChannel+JSON.h */; settings = {ATTRIBUTES = (Public, ); }; };
		FB03E25416B982CD00DAD162 /* PYChannel.h in Headers */ = {isa = PBXBuildFile; fileRef = FB03E24016B982CC00DAD162 /* PYChannel.h */; settings = {ATTRIBUTES = (Public, ); }; };
		FB03E25A16B982CD00DAD162 /* PYEvent.h in Headers */ = {isa = PBXBuildFile; fileRef = FB03E24416B982CC00DAD162 /* PYEvent.h */; settings = {ATTRIBUTES = (Public, ); }; };
		FB03E25B16B982CD00DAD162 /* PYEvent.m in Sources */ = {isa = PBXBuildFile; fileRef = FB03E24516B982CC00DAD162 /* PYEvent.m */; };
		FB03E25C16B982CD00DAD162 /* PYEvent.m in Sources */ = {isa = PBXBuildFile; fileRef = FB03E24516B982CC00DAD162 /* PYEvent.m */; };
		FB03E26016B982CD00DAD162 /* PYAttachment.h in Headers */ = {isa = PBXBuildFile; fileRef = FB03E24816B982CC00DAD162 /* PYAttachment.h */; settings = {ATTRIBUTES = (Public, ); }; };
		FB03E26116B982CD00DAD162 /* PYAttachment.m in Sources */ = {isa = PBXBuildFile; fileRef = FB03E24916B982CC00DAD162 /* PYAttachment.m */; };
		FB03E26216B982CD00DAD162 /* PYAttachment.m in Sources */ = {isa = PBXBuildFile; fileRef = FB03E24916B982CC00DAD162 /* PYAttachment.m */; };
		FB03E26316B982CD00DAD162 /* PYStream.h in Headers */ = {isa = PBXBuildFile; fileRef = FB03E24A16B982CC00DAD162 /* PYStream.h */; settings = {ATTRIBUTES = (Public, ); }; };
		FB03E26416B982CD00DAD162 /* PYStream.m in Sources */ = {isa = PBXBuildFile; fileRef = FB03E24B16B982CD00DAD162 /* PYStream.m */; };
		FB03E26516B982CD00DAD162 /* PYStream.m in Sources */ = {isa = PBXBuildFile; fileRef = FB03E24B16B982CD00DAD162 /* PYStream.m */; };
		FB03E28016B98BFC00DAD162 /* PYChannel.h in CopyFiles */ = {isa = PBXBuildFile; fileRef = FB03E24016B982CC00DAD162 /* PYChannel.h */; };
		FB03E28216B98BFC00DAD162 /* PYEvent.h in CopyFiles */ = {isa = PBXBuildFile; fileRef = FB03E24416B982CC00DAD162 /* PYEvent.h */; };
		FB03E28416B98BFC00DAD162 /* PYAttachment.h in CopyFiles */ = {isa = PBXBuildFile; fileRef = FB03E24816B982CC00DAD162 /* PYAttachment.h */; };
		FB03E28516B98BFC00DAD162 /* PYStream.h in CopyFiles */ = {isa = PBXBuildFile; fileRef = FB03E24A16B982CC00DAD162 /* PYStream.h */; };
		FBC2047E16B95B3700CB5FFB /* Cocoa.framework in Frameworks */ = {isa = PBXBuildFile; fileRef = FBC2047D16B95B3700CB5FFB /* Cocoa.framework */; };
		FBC2048816B95B3800CB5FFB /* InfoPlist.strings in Resources */ = {isa = PBXBuildFile; fileRef = FBC2048616B95B3800CB5FFB /* InfoPlist.strings */; };
		FBC2049816B95F1C00CB5FFB /* Foundation.framework in Frameworks */ = {isa = PBXBuildFile; fileRef = FBC2049716B95F1C00CB5FFB /* Foundation.framework */; };
		FBC204AC16B9682200CB5FFB /* PryvApiKit.h in CopyFiles */ = {isa = PBXBuildFile; fileRef = FBC2048A16B95B3800CB5FFB /* PryvApiKit.h */; };
/* End PBXBuildFile section */

/* Begin PBXContainerItemProxy section */
		3DAB5928171761E100F2009D /* PBXContainerItemProxy */ = {
			isa = PBXContainerItemProxy;
			containerPortal = FBC2047116B95B3700CB5FFB /* Project object */;
			proxyType = 1;
			remoteGlobalIDString = FBC2049516B95F1B00CB5FFB;
			remoteInfo = libPryvApiKit.a;
		};
/* End PBXContainerItemProxy section */

/* Begin PBXCopyFilesBuildPhase section */
		FBC2049416B95F1B00CB5FFB /* CopyFiles */ = {
			isa = PBXCopyFilesBuildPhase;
			buildActionMask = 2147483647;
			dstPath = "include/${PRODUCT_NAME}";
			dstSubfolderSpec = 16;
			files = (
				B6F1AEA1178379B9000ECD60 /* PYStreamsCachingUtillity.h in CopyFiles */,
				B6F1AEA0178379A1000ECD60 /* PYChannelsCachingUtillity.h in CopyFiles */,
				3D6A9577175E75C900FF614E /* PYEventFilter.h in CopyFiles */,
				3DC817121754028700A91142 /* PYEventsCachingUtillity.h in CopyFiles */,
				3D9DCF331752C0C00010FE84 /* PYCachingController.h in CopyFiles */,
				4EA29C53174B7AAA00233897 /* Reachability.h in CopyFiles */,
				4EA29C54174B7AAA00233897 /* JSONKit.h in CopyFiles */,
				3D4C386817416B65004E75BE /* PYWebLoginViewController.h in CopyFiles */,
				3D75F4D41733057700380629 /* PYError.h in CopyFiles */,
				3D75F4D31733056A00380629 /* CWLSynthesizeSingleton.h in CopyFiles */,
				3D6C7562170398F0000B9195 /* PYConnection.h in CopyFiles */,
				8A92AE7616FB8E09005AE251 /* PYErrorUtility.h in CopyFiles */,
				8A6D9E7216FB5895008F2B2C /* PYClient.h in CopyFiles */,
				8AB2361C16FA6C6900B28F06 /* PYConstants.h in CopyFiles */,
				FBC204AC16B9682200CB5FFB /* PryvApiKit.h in CopyFiles */,
				FB03E28016B98BFC00DAD162 /* PYChannel.h in CopyFiles */,
				FB03E28216B98BFC00DAD162 /* PYEvent.h in CopyFiles */,
				FB03E28416B98BFC00DAD162 /* PYAttachment.h in CopyFiles */,
				FB03E28516B98BFC00DAD162 /* PYStream.h in CopyFiles */,
			);
			runOnlyForDeploymentPostprocessing = 0;
		};
/* End PBXCopyFilesBuildPhase section */

/* Begin PBXFileReference section */
		0C45BEB917BA43B5005AB58E /* User.h */ = {isa = PBXFileReference; fileEncoding = 4; lastKnownFileType = sourcecode.c.h; path = User.h; sourceTree = "<group>"; };
		0C45BEBA17BA43B5005AB58E /* User.m */ = {isa = PBXFileReference; fileEncoding = 4; lastKnownFileType = sourcecode.c.objc; path = User.m; sourceTree = "<group>"; };
		0C54EE0B178C4D3600235B84 /* SigninWindowController.h */ = {isa = PBXFileReference; fileEncoding = 4; lastKnownFileType = sourcecode.c.h; path = SigninWindowController.h; sourceTree = "<group>"; };
		0C54EE0C178C4D3600235B84 /* SigninWindowController.m */ = {isa = PBXFileReference; fileEncoding = 4; lastKnownFileType = sourcecode.c.objc; path = SigninWindowController.m; sourceTree = "<group>"; };
		0C54EE0D178C4D3600235B84 /* SigninWindowController.xib */ = {isa = PBXFileReference; fileEncoding = 4; lastKnownFileType = file.xib; path = SigninWindowController.xib; sourceTree = "<group>"; };
		0C54EE13178C5EBD00235B84 /* WebViewController.h */ = {isa = PBXFileReference; fileEncoding = 4; lastKnownFileType = sourcecode.c.h; path = WebViewController.h; sourceTree = "<group>"; };
		0C54EE14178C5EBE00235B84 /* WebViewController.m */ = {isa = PBXFileReference; fileEncoding = 4; lastKnownFileType = sourcecode.c.objc; path = WebViewController.m; sourceTree = "<group>"; };
		0C60CCFE178C462400406974 /* WelcomeWindowController.h */ = {isa = PBXFileReference; fileEncoding = 4; lastKnownFileType = sourcecode.c.h; path = WelcomeWindowController.h; sourceTree = "<group>"; };
		0C60CCFF178C462400406974 /* WelcomeWindowController.m */ = {isa = PBXFileReference; fileEncoding = 4; lastKnownFileType = sourcecode.c.objc; path = WelcomeWindowController.m; sourceTree = "<group>"; };
		0C60CD00178C462400406974 /* WelcomeWindowController.xib */ = {isa = PBXFileReference; fileEncoding = 4; lastKnownFileType = file.xib; path = WelcomeWindowController.xib; sourceTree = "<group>"; };
		0CDAF32B178B53AD0070049C /* WebKit.framework */ = {isa = PBXFileReference; lastKnownFileType = wrapper.framework; name = WebKit.framework; path = System/Library/Frameworks/WebKit.framework; sourceTree = SDKROOT; };
		0CEB44DE17BBCDB9009756E7 /* PYConnection+DataManagement.h */ = {isa = PBXFileReference; fileEncoding = 4; lastKnownFileType = sourcecode.c.h; path = "PYConnection+DataManagement.h"; sourceTree = "<group>"; };
		0CEB44DF17BBCDB9009756E7 /* PYConnection+DataManagement.m */ = {isa = PBXFileReference; fileEncoding = 4; lastKnownFileType = sourcecode.c.objc; path = "PYConnection+DataManagement.m"; sourceTree = "<group>"; };
		3D1F6A06170B6A6400DF893C /* CoreLocation.framework */ = {isa = PBXFileReference; lastKnownFileType = wrapper.framework; name = CoreLocation.framework; path = Platforms/iPhoneOS.platform/Developer/SDKs/iPhoneOS6.1.sdk/System/Library/Frameworks/CoreLocation.framework; sourceTree = DEVELOPER_DIR; };
		3D2397BB1733109900A72637 /* PYJSONUtility.h */ = {isa = PBXFileReference; fileEncoding = 4; lastKnownFileType = sourcecode.c.h; path = PYJSONUtility.h; sourceTree = "<group>"; };
		3D2397BC1733109A00A72637 /* PYJSONUtility.m */ = {isa = PBXFileReference; fileEncoding = 4; lastKnownFileType = sourcecode.c.objc; path = PYJSONUtility.m; sourceTree = "<group>"; };
		3D48973F1778E8AC008C7B66 /* libPryvApiKitLogicTests.octest */ = {isa = PBXFileReference; explicitFileType = wrapper.cfbundle; includeInIndex = 0; path = libPryvApiKitLogicTests.octest; sourceTree = BUILT_PRODUCTS_DIR; };
		3D4897451778E8AC008C7B66 /* libPryvApiKitLogicTests-Info.plist */ = {isa = PBXFileReference; lastKnownFileType = text.plist.xml; path = "libPryvApiKitLogicTests-Info.plist"; sourceTree = "<group>"; };
		3D4897471778E8AC008C7B66 /* en */ = {isa = PBXFileReference; lastKnownFileType = text.plist.strings; name = en; path = en.lproj/InfoPlist.strings; sourceTree = "<group>"; };
		3D4897491778E8AC008C7B66 /* libPryvApiKitLogicTests.h */ = {isa = PBXFileReference; lastKnownFileType = sourcecode.c.h; path = libPryvApiKitLogicTests.h; sourceTree = "<group>"; };
		3D48974A1778E8AC008C7B66 /* libPryvApiKitLogicTests.m */ = {isa = PBXFileReference; lastKnownFileType = sourcecode.c.objc; path = libPryvApiKitLogicTests.m; sourceTree = "<group>"; };
		3D48974C1778E8AC008C7B66 /* libPryvApiKitLogicTests-Prefix.pch */ = {isa = PBXFileReference; lastKnownFileType = sourcecode.c.h; path = "libPryvApiKitLogicTests-Prefix.pch"; sourceTree = "<group>"; };
		3D4897521778EE34008C7B66 /* PryvCachingTests.h */ = {isa = PBXFileReference; fileEncoding = 4; lastKnownFileType = sourcecode.c.h; path = PryvCachingTests.h; sourceTree = "<group>"; };
		3D4897531778EE34008C7B66 /* PryvCachingTests.m */ = {isa = PBXFileReference; fileEncoding = 4; lastKnownFileType = sourcecode.c.objc; path = PryvCachingTests.m; sourceTree = "<group>"; };
		3D5B9CAF1768FFA2007A107A /* PYChannelsCachingUtillity.h */ = {isa = PBXFileReference; fileEncoding = 4; lastKnownFileType = sourcecode.c.h; path = PYChannelsCachingUtillity.h; sourceTree = "<group>"; };
		3D5B9CB01768FFA2007A107A /* PYChannelsCachingUtillity.m */ = {isa = PBXFileReference; fileEncoding = 4; lastKnownFileType = sourcecode.c.objc; path = PYChannelsCachingUtillity.m; sourceTree = "<group>"; };
		3D5B9CB51768FFC0007A107A /* PYStreamsCachingUtillity.h */ = {isa = PBXFileReference; fileEncoding = 4; lastKnownFileType = sourcecode.c.h; path = PYStreamsCachingUtillity.h; sourceTree = "<group>"; };
		3D5B9CB61768FFC0007A107A /* PYStreamsCachingUtillity.m */ = {isa = PBXFileReference; fileEncoding = 4; lastKnownFileType = sourcecode.c.objc; path = PYStreamsCachingUtillity.m; sourceTree = "<group>"; };
		3D61E1D51729D87000BE1E80 /* CoreData.framework */ = {isa = PBXFileReference; lastKnownFileType = wrapper.framework; name = CoreData.framework; path = System/Library/Frameworks/CoreData.framework; sourceTree = SDKROOT; };
		3D64493717639F070042C14C /* PYEventFilterUtility.h */ = {isa = PBXFileReference; fileEncoding = 4; lastKnownFileType = sourcecode.c.h; path = PYEventFilterUtility.h; sourceTree = "<group>"; };
		3D64493817639F070042C14C /* PYEventFilterUtility.m */ = {isa = PBXFileReference; fileEncoding = 4; lastKnownFileType = sourcecode.c.objc; path = PYEventFilterUtility.m; sourceTree = "<group>"; };
		3D67412417106EA10050B251 /* PYEvent+JSON.h */ = {isa = PBXFileReference; fileEncoding = 4; lastKnownFileType = sourcecode.c.h; path = "PYEvent+JSON.h"; sourceTree = "<group>"; };
		3D67412517106EA10050B251 /* PYEvent+JSON.m */ = {isa = PBXFileReference; fileEncoding = 4; lastKnownFileType = sourcecode.c.objc; path = "PYEvent+JSON.m"; sourceTree = "<group>"; };
		3D67FF9D173410B5008D437F /* PYWebLoginViewController.h */ = {isa = PBXFileReference; fileEncoding = 4; lastKnownFileType = sourcecode.c.h; path = PYWebLoginViewController.h; sourceTree = "<group>"; };
		3D67FF9E173410B5008D437F /* PYWebLoginViewController.m */ = {isa = PBXFileReference; fileEncoding = 4; lastKnownFileType = sourcecode.c.objc; path = PYWebLoginViewController.m; sourceTree = "<group>"; };
		3D6925E2177B73400031F624 /* PYConnectionTests.h */ = {isa = PBXFileReference; fileEncoding = 4; lastKnownFileType = sourcecode.c.h; path = PYConnectionTests.h; sourceTree = "<group>"; };
		3D6925E3177B73400031F624 /* PYConnectionTests.m */ = {isa = PBXFileReference; fileEncoding = 4; lastKnownFileType = sourcecode.c.objc; path = PYConnectionTests.m; sourceTree = "<group>"; };
		3D6925E5177B79150031F624 /* PYEventsTests.h */ = {isa = PBXFileReference; fileEncoding = 4; lastKnownFileType = sourcecode.c.h; path = PYEventsTests.h; sourceTree = "<group>"; };
		3D6925E6177B79150031F624 /* PYEventsTests.m */ = {isa = PBXFileReference; fileEncoding = 4; lastKnownFileType = sourcecode.c.objc; path = PYEventsTests.m; sourceTree = "<group>"; };
		3D6925E8177B87DC0031F624 /* PYStreamsTests.h */ = {isa = PBXFileReference; fileEncoding = 4; lastKnownFileType = sourcecode.c.h; path = PYStreamsTests.h; sourceTree = "<group>"; };
		3D6925E9177B87DC0031F624 /* PYStreamsTests.m */ = {isa = PBXFileReference; fileEncoding = 4; lastKnownFileType = sourcecode.c.objc; path = PYStreamsTests.m; sourceTree = "<group>"; };
		3D6BE313171C75EB0023A39C /* PYAsyncService.h */ = {isa = PBXFileReference; fileEncoding = 4; lastKnownFileType = sourcecode.c.h; path = PYAsyncService.h; sourceTree = "<group>"; };
		3D6BE314171C75EB0023A39C /* PYAsyncService.m */ = {isa = PBXFileReference; fileEncoding = 4; lastKnownFileType = sourcecode.c.objc; path = PYAsyncService.m; sourceTree = "<group>"; };
		3D6C755D1703812B000B9195 /* PYConnection.h */ = {isa = PBXFileReference; fileEncoding = 4; lastKnownFileType = sourcecode.c.h; path = PYConnection.h; sourceTree = "<group>"; };
		3D6C755E1703812B000B9195 /* PYConnection.m */ = {isa = PBXFileReference; fileEncoding = 4; lastKnownFileType = sourcecode.c.objc; path = PYConnection.m; sourceTree = "<group>"; };
		3D6D3BBA16F8BBDE0072F480 /* PYConstants.h */ = {isa = PBXFileReference; fileEncoding = 4; lastKnownFileType = sourcecode.c.h; path = PYConstants.h; sourceTree = "<group>"; };
		3D6D3BBB16F8BBDE0072F480 /* PYConstants.m */ = {isa = PBXFileReference; fileEncoding = 4; lastKnownFileType = sourcecode.c.objc; path = PYConstants.m; sourceTree = "<group>"; };
		3D6D3BC016F8BD5C0072F480 /* PYError.h */ = {isa = PBXFileReference; fileEncoding = 4; lastKnownFileType = sourcecode.c.h; path = PYError.h; sourceTree = "<group>"; };
		3D6D3BC116F8BD5C0072F480 /* PYError.m */ = {isa = PBXFileReference; fileEncoding = 4; lastKnownFileType = sourcecode.c.objc; path = PYError.m; sourceTree = "<group>"; };
		3D6FCEBB16F7CB460003D970 /* PYStream+JSON.h */ = {isa = PBXFileReference; fileEncoding = 4; lastKnownFileType = sourcecode.c.h; path = "PYStream+JSON.h"; sourceTree = "<group>"; };
		3D6FCEBC16F7CB460003D970 /* PYStream+JSON.m */ = {isa = PBXFileReference; fileEncoding = 4; lastKnownFileType = sourcecode.c.objc; path = "PYStream+JSON.m"; sourceTree = "<group>"; };
		3D75F4C9173304F200380629 /* CHANGELOG.md */ = {isa = PBXFileReference; fileEncoding = 4; lastKnownFileType = text; path = CHANGELOG.md; sourceTree = "<group>"; };
		3D75F4CA173304F200380629 /* JSONKit.h */ = {isa = PBXFileReference; fileEncoding = 4; lastKnownFileType = sourcecode.c.h; path = JSONKit.h; sourceTree = "<group>"; };
		3D75F4CB173304F200380629 /* JSONKit.m */ = {isa = PBXFileReference; fileEncoding = 4; lastKnownFileType = sourcecode.c.objc; path = JSONKit.m; sourceTree = "<group>"; };
		3D75F4CC173304F200380629 /* README.md */ = {isa = PBXFileReference; fileEncoding = 4; lastKnownFileType = text; path = README.md; sourceTree = "<group>"; };
		3D80798B176A5DC4009ECE86 /* PYChannelFilter.h */ = {isa = PBXFileReference; fileEncoding = 4; lastKnownFileType = sourcecode.c.h; name = PYChannelFilter.h; path = PryvApiKit/PYChannelFilter.h; sourceTree = "<group>"; };
		3D80798C176A5DC4009ECE86 /* PYChannelFilter.m */ = {isa = PBXFileReference; fileEncoding = 4; lastKnownFileType = sourcecode.c.objc; name = PYChannelFilter.m; path = PryvApiKit/PYChannelFilter.m; sourceTree = "<group>"; };
		3D807990176A6DAE009ECE86 /* PYChannelFilterUtility.h */ = {isa = PBXFileReference; fileEncoding = 4; lastKnownFileType = sourcecode.c.h; name = PYChannelFilterUtility.h; path = PryvApiKit/PYChannelFilterUtility.h; sourceTree = "<group>"; };
		3D807991176A6DAE009ECE86 /* PYChannelFilterUtility.m */ = {isa = PBXFileReference; fileEncoding = 4; lastKnownFileType = sourcecode.c.objc; name = PYChannelFilterUtility.m; path = PryvApiKit/PYChannelFilterUtility.m; sourceTree = "<group>"; };
		3D82A989173EDE2A00CB100D /* Reachability.h */ = {isa = PBXFileReference; fileEncoding = 4; lastKnownFileType = sourcecode.c.h; path = Reachability.h; sourceTree = "<group>"; };
		3D82A98A173EDE2A00CB100D /* Reachability.m */ = {isa = PBXFileReference; fileEncoding = 4; lastKnownFileType = sourcecode.c.objc; path = Reachability.m; sourceTree = "<group>"; };
		3D82A98E173EDE4600CB100D /* SystemConfiguration.framework */ = {isa = PBXFileReference; lastKnownFileType = wrapper.framework; name = SystemConfiguration.framework; path = Platforms/iPhoneOS.platform/Developer/SDKs/iPhoneOS6.1.sdk/System/Library/Frameworks/SystemConfiguration.framework; sourceTree = DEVELOPER_DIR; };
		3D9DCF2E1752BEE20010FE84 /* PYCachingController.h */ = {isa = PBXFileReference; fileEncoding = 4; lastKnownFileType = sourcecode.c.h; path = PYCachingController.h; sourceTree = "<group>"; };
		3D9DCF2F1752BEE20010FE84 /* PYCachingController.m */ = {isa = PBXFileReference; fileEncoding = 4; lastKnownFileType = sourcecode.c.objc; path = PYCachingController.m; sourceTree = "<group>"; };
		3DAB592417175EB900F2009D /* MobileCoreServices.framework */ = {isa = PBXFileReference; lastKnownFileType = wrapper.framework; name = MobileCoreServices.framework; path = Platforms/iPhoneOS.platform/Developer/SDKs/iPhoneOS6.1.sdk/System/Library/Frameworks/MobileCoreServices.framework; sourceTree = DEVELOPER_DIR; };
		3DAF21C9172B28E900B62416 /* OS X example.app */ = {isa = PBXFileReference; explicitFileType = wrapper.application; includeInIndex = 0; path = "OS X example.app"; sourceTree = BUILT_PRODUCTS_DIR; };
		3DAF21CD172B28E900B62416 /* OS X example-Info.plist */ = {isa = PBXFileReference; lastKnownFileType = text.plist.xml; path = "OS X example-Info.plist"; sourceTree = "<group>"; };
		3DAF21CF172B28E900B62416 /* en */ = {isa = PBXFileReference; lastKnownFileType = text.plist.strings; name = en; path = en.lproj/InfoPlist.strings; sourceTree = "<group>"; };
		3DAF21D1172B28E900B62416 /* main.m */ = {isa = PBXFileReference; lastKnownFileType = sourcecode.c.objc; path = main.m; sourceTree = "<group>"; };
		3DAF21D3172B28E900B62416 /* OS X example-Prefix.pch */ = {isa = PBXFileReference; lastKnownFileType = sourcecode.c.h; path = "OS X example-Prefix.pch"; sourceTree = "<group>"; };
		3DAF21D5172B28E900B62416 /* en */ = {isa = PBXFileReference; lastKnownFileType = text.rtf; name = en; path = en.lproj/Credits.rtf; sourceTree = "<group>"; };
		3DAF21D7172B28E900B62416 /* AppDelegate.h */ = {isa = PBXFileReference; lastKnownFileType = sourcecode.c.h; path = AppDelegate.h; sourceTree = "<group>"; };
		3DAF21D8172B28E900B62416 /* AppDelegate.m */ = {isa = PBXFileReference; lastKnownFileType = sourcecode.c.objc; path = AppDelegate.m; sourceTree = "<group>"; };
		3DAF21DB172B28E900B62416 /* en */ = {isa = PBXFileReference; lastKnownFileType = file.xib; name = en; path = en.lproj/MainMenu.xib; sourceTree = "<group>"; };
		3DC8170D1754021D00A91142 /* PYEventsCachingUtillity.h */ = {isa = PBXFileReference; fileEncoding = 4; lastKnownFileType = sourcecode.c.h; path = PYEventsCachingUtillity.h; sourceTree = "<group>"; };
		3DC8170E1754021D00A91142 /* PYEventsCachingUtillity.m */ = {isa = PBXFileReference; fileEncoding = 4; lastKnownFileType = sourcecode.c.objc; path = PYEventsCachingUtillity.m; sourceTree = "<group>"; };
		3DD28EBA17135EA900602603 /* UIKit.framework */ = {isa = PBXFileReference; lastKnownFileType = wrapper.framework; name = UIKit.framework; path = Platforms/iPhoneOS.platform/Developer/SDKs/iPhoneOS6.1.sdk/System/Library/Frameworks/UIKit.framework; sourceTree = DEVELOPER_DIR; };
		3DD608EB1702543F00905533 /* CWLSynthesizeSingleton.h */ = {isa = PBXFileReference; fileEncoding = 4; lastKnownFileType = sourcecode.c.h; path = CWLSynthesizeSingleton.h; sourceTree = "<group>"; };
		4E582DCE16C25378003B59DB /* iOs Example.app */ = {isa = PBXFileReference; explicitFileType = wrapper.application; includeInIndex = 0; path = "iOs Example.app"; sourceTree = BUILT_PRODUCTS_DIR; };
		4E582DD616C25378003B59DB /* iOs Example-Info.plist */ = {isa = PBXFileReference; lastKnownFileType = text.plist.xml; path = "iOs Example-Info.plist"; sourceTree = "<group>"; };
		4E582DD816C25378003B59DB /* en */ = {isa = PBXFileReference; lastKnownFileType = text.plist.strings; name = en; path = en.lproj/InfoPlist.strings; sourceTree = "<group>"; };
		4E582DDA16C25378003B59DB /* main.m */ = {isa = PBXFileReference; lastKnownFileType = sourcecode.c.objc; path = main.m; sourceTree = "<group>"; };
		4E582DDC16C25378003B59DB /* iOs Example-Prefix.pch */ = {isa = PBXFileReference; lastKnownFileType = sourcecode.c.h; path = "iOs Example-Prefix.pch"; sourceTree = "<group>"; };
		4E582DDD16C25378003B59DB /* PYEAppDelegate.h */ = {isa = PBXFileReference; lastKnownFileType = sourcecode.c.h; path = PYEAppDelegate.h; sourceTree = "<group>"; };
		4E582DDE16C25379003B59DB /* PYEAppDelegate.m */ = {isa = PBXFileReference; lastKnownFileType = sourcecode.c.objc; path = PYEAppDelegate.m; sourceTree = "<group>"; };
		4E582DE016C25379003B59DB /* Default.png */ = {isa = PBXFileReference; lastKnownFileType = image.png; path = Default.png; sourceTree = "<group>"; };
		4E582DE216C25379003B59DB /* Default@2x.png */ = {isa = PBXFileReference; lastKnownFileType = image.png; path = "Default@2x.png"; sourceTree = "<group>"; };
		4E582DE416C25379003B59DB /* Default-568h@2x.png */ = {isa = PBXFileReference; lastKnownFileType = image.png; path = "Default-568h@2x.png"; sourceTree = "<group>"; };
		4E582DE716C25379003B59DB /* en */ = {isa = PBXFileReference; lastKnownFileType = file.storyboard; name = en; path = en.lproj/MainStoryboard_iPhone.storyboard; sourceTree = "<group>"; };
		4E582DEA16C25379003B59DB /* en */ = {isa = PBXFileReference; lastKnownFileType = file.storyboard; name = en; path = en.lproj/MainStoryboard_iPad.storyboard; sourceTree = "<group>"; };
		4E582DEC16C25379003B59DB /* PYEViewController.h */ = {isa = PBXFileReference; lastKnownFileType = sourcecode.c.h; path = PYEViewController.h; sourceTree = "<group>"; };
		4E582DED16C25379003B59DB /* PYEViewController.m */ = {isa = PBXFileReference; lastKnownFileType = sourcecode.c.objc; path = PYEViewController.m; sourceTree = "<group>"; };
		4E582DF516C25379003B59DB /* SenTestingKit.framework */ = {isa = PBXFileReference; lastKnownFileType = wrapper.framework; name = SenTestingKit.framework; path = Library/Frameworks/SenTestingKit.framework; sourceTree = DEVELOPER_DIR; };
		4E6DFE0E1757417F000DFF7A /* PYEventFilter.h */ = {isa = PBXFileReference; fileEncoding = 4; lastKnownFileType = sourcecode.c.h; path = PYEventFilter.h; sourceTree = "<group>"; };
		4E6DFE0F1757417F000DFF7A /* PYEventFilter.m */ = {isa = PBXFileReference; fileEncoding = 4; lastKnownFileType = sourcecode.c.objc; path = PYEventFilter.m; sourceTree = "<group>"; };
		8A6D9E7416FB79A1008F2B2C /* PYErrorUtility.h */ = {isa = PBXFileReference; fileEncoding = 4; lastKnownFileType = sourcecode.c.h; path = PYErrorUtility.h; sourceTree = "<group>"; };
		8A6D9E7516FB79A1008F2B2C /* PYErrorUtility.m */ = {isa = PBXFileReference; fileEncoding = 4; lastKnownFileType = sourcecode.c.objc; path = PYErrorUtility.m; sourceTree = "<group>"; };
		8AB2361D16FA895800B28F06 /* PYClient.h */ = {isa = PBXFileReference; fileEncoding = 4; lastKnownFileType = sourcecode.c.h; path = PYClient.h; sourceTree = "<group>"; };
		8AB2361E16FA895800B28F06 /* PYClient.m */ = {isa = PBXFileReference; fileEncoding = 4; lastKnownFileType = sourcecode.c.objc; path = PYClient.m; sourceTree = "<group>"; };
		FAD9DC721700D25F00A34AB3 /* PYChannel+JSON.h */ = {isa = PBXFileReference; fileEncoding = 4; lastKnownFileType = sourcecode.c.h; name = "PYChannel+JSON.h"; path = "PryvApiKit/PYChannel+JSON.h"; sourceTree = "<group>"; };
		FAD9DC731700D25F00A34AB3 /* PYChannel+JSON.m */ = {isa = PBXFileReference; fileEncoding = 4; lastKnownFileType = sourcecode.c.objc; name = "PYChannel+JSON.m"; path = "PryvApiKit/PYChannel+JSON.m"; sourceTree = "<group>"; };
		FB03E24016B982CC00DAD162 /* PYChannel.h */ = {isa = PBXFileReference; fileEncoding = 4; lastKnownFileType = sourcecode.c.h; name = PYChannel.h; path = PryvApiKit/PYChannel.h; sourceTree = "<group>"; };
		FB03E24116B982CC00DAD162 /* PYChannel.m */ = {isa = PBXFileReference; fileEncoding = 4; lastKnownFileType = sourcecode.c.objc; name = PYChannel.m; path = PryvApiKit/PYChannel.m; sourceTree = "<group>"; };
		FB03E24416B982CC00DAD162 /* PYEvent.h */ = {isa = PBXFileReference; fileEncoding = 4; lastKnownFileType = sourcecode.c.h; path = PYEvent.h; sourceTree = "<group>"; };
		FB03E24516B982CC00DAD162 /* PYEvent.m */ = {isa = PBXFileReference; fileEncoding = 4; lastKnownFileType = sourcecode.c.objc; path = PYEvent.m; sourceTree = "<group>"; };
		FB03E24816B982CC00DAD162 /* PYAttachment.h */ = {isa = PBXFileReference; fileEncoding = 4; lastKnownFileType = sourcecode.c.h; path = PYAttachment.h; sourceTree = "<group>"; };
		FB03E24916B982CC00DAD162 /* PYAttachment.m */ = {isa = PBXFileReference; fileEncoding = 4; lastKnownFileType = sourcecode.c.objc; path = PYAttachment.m; sourceTree = "<group>"; };
		FB03E24A16B982CC00DAD162 /* PYStream.h */ = {isa = PBXFileReference; fileEncoding = 4; lastKnownFileType = sourcecode.c.h; path = PYStream.h; sourceTree = "<group>"; };
		FB03E24B16B982CD00DAD162 /* PYStream.m */ = {isa = PBXFileReference; fileEncoding = 4; lastKnownFileType = sourcecode.c.objc; path = PYStream.m; sourceTree = "<group>"; };
		FBC2047A16B95B3700CB5FFB /* PryvApiKit.framework */ = {isa = PBXFileReference; explicitFileType = wrapper.framework; includeInIndex = 0; path = PryvApiKit.framework; sourceTree = BUILT_PRODUCTS_DIR; };
		FBC2047D16B95B3700CB5FFB /* Cocoa.framework */ = {isa = PBXFileReference; lastKnownFileType = wrapper.framework; name = Cocoa.framework; path = System/Library/Frameworks/Cocoa.framework; sourceTree = SDKROOT; };
		FBC2048016B95B3700CB5FFB /* AppKit.framework */ = {isa = PBXFileReference; lastKnownFileType = wrapper.framework; name = AppKit.framework; path = System/Library/Frameworks/AppKit.framework; sourceTree = SDKROOT; };
		FBC2048216B95B3800CB5FFB /* Foundation.framework */ = {isa = PBXFileReference; lastKnownFileType = wrapper.framework; name = Foundation.framework; path = System/Library/Frameworks/Foundation.framework; sourceTree = SDKROOT; };
		FBC2048516B95B3800CB5FFB /* PryvApiKit-Info.plist */ = {isa = PBXFileReference; lastKnownFileType = text.plist.xml; path = "PryvApiKit-Info.plist"; sourceTree = "<group>"; };
		FBC2048716B95B3800CB5FFB /* en */ = {isa = PBXFileReference; lastKnownFileType = text.plist.strings; name = en; path = en.lproj/InfoPlist.strings; sourceTree = "<group>"; };
		FBC2048916B95B3800CB5FFB /* PryvApiKit-Prefix.pch */ = {isa = PBXFileReference; lastKnownFileType = sourcecode.c.h; path = "PryvApiKit-Prefix.pch"; sourceTree = "<group>"; };
		FBC2048A16B95B3800CB5FFB /* PryvApiKit.h */ = {isa = PBXFileReference; lastKnownFileType = sourcecode.c.h; path = PryvApiKit.h; sourceTree = "<group>"; };
		FBC2049616B95F1B00CB5FFB /* libPryvApiKit.a */ = {isa = PBXFileReference; explicitFileType = archive.ar; includeInIndex = 0; path = libPryvApiKit.a; sourceTree = BUILT_PRODUCTS_DIR; };
		FBC2049716B95F1C00CB5FFB /* Foundation.framework */ = {isa = PBXFileReference; lastKnownFileType = wrapper.framework; name = Foundation.framework; path = System/Library/Frameworks/Foundation.framework; sourceTree = SDKROOT; };
/* End PBXFileReference section */

/* Begin PBXFrameworksBuildPhase section */
		3D48973B1778E8AC008C7B66 /* Frameworks */ = {
			isa = PBXFrameworksBuildPhase;
			buildActionMask = 2147483647;
			files = (
				3D4897401778E8AC008C7B66 /* SenTestingKit.framework in Frameworks */,
				3D4897411778E8AC008C7B66 /* UIKit.framework in Frameworks */,
				3D4897421778E8AC008C7B66 /* Foundation.framework in Frameworks */,
			);
			runOnlyForDeploymentPostprocessing = 0;
		};
		3DAF21C6172B28E900B62416 /* Frameworks */ = {
			isa = PBXFrameworksBuildPhase;
			buildActionMask = 2147483647;
			files = (
				0CDAF32C178B53AD0070049C /* WebKit.framework in Frameworks */,
				3DAF21E2172B298D00B62416 /* PryvApiKit.framework in Frameworks */,
				3DAF21CA172B28E900B62416 /* Cocoa.framework in Frameworks */,
			);
			runOnlyForDeploymentPostprocessing = 0;
		};
		4E582DCB16C25378003B59DB /* Frameworks */ = {
			isa = PBXFrameworksBuildPhase;
			buildActionMask = 2147483647;
			files = (
				3DAB592A171761F600F2009D /* libPryvApiKit.a in Frameworks */,
				3DAB59261717616200F2009D /* UIKit.framework in Frameworks */,
				4E582DD116C25378003B59DB /* Foundation.framework in Frameworks */,
				3D2397B9173308B500A72637 /* MobileCoreServices.framework in Frameworks */,
				3D82A991173EE43100CB100D /* SystemConfiguration.framework in Frameworks */,
			);
			runOnlyForDeploymentPostprocessing = 0;
		};
		FBC2047616B95B3700CB5FFB /* Frameworks */ = {
			isa = PBXFrameworksBuildPhase;
			buildActionMask = 2147483647;
			files = (
				0C60CCF8178C07F800406974 /* WebKit.framework in Frameworks */,
				FBC2047E16B95B3700CB5FFB /* Cocoa.framework in Frameworks */,
				3D2397B81733086400A72637 /* AppKit.framework in Frameworks */,
				3D82A990173EDE4E00CB100D /* SystemConfiguration.framework in Frameworks */,
			);
			runOnlyForDeploymentPostprocessing = 0;
		};
		FBC2049316B95F1B00CB5FFB /* Frameworks */ = {
			isa = PBXFrameworksBuildPhase;
			buildActionMask = 2147483647;
			files = (
				3D82A98F173EDE4600CB100D /* SystemConfiguration.framework in Frameworks */,
				3D1F6A07170B6A6400DF893C /* CoreLocation.framework in Frameworks */,
				FBC2049816B95F1C00CB5FFB /* Foundation.framework in Frameworks */,
				3D2397BA17330C0100A72637 /* MobileCoreServices.framework in Frameworks */,
			);
			runOnlyForDeploymentPostprocessing = 0;
		};
/* End PBXFrameworksBuildPhase section */

/* Begin PBXGroup section */
		0C10B51717CC958200B1EB51 /* Deprecated 0.5.4 */ = {
			isa = PBXGroup;
			children = (
				3D80798B176A5DC4009ECE86 /* PYChannelFilter.h */,
				3D80798C176A5DC4009ECE86 /* PYChannelFilter.m */,
				3D807990176A6DAE009ECE86 /* PYChannelFilterUtility.h */,
				3D807991176A6DAE009ECE86 /* PYChannelFilterUtility.m */,
				FB03E24016B982CC00DAD162 /* PYChannel.h */,
				FB03E24116B982CC00DAD162 /* PYChannel.m */,
				FAD9DC721700D25F00A34AB3 /* PYChannel+JSON.h */,
				FAD9DC731700D25F00A34AB3 /* PYChannel+JSON.m */,
				3D5B9CAE1768FF5E007A107A /* CachingChannels */,
			);
			name = "Deprecated 0.5.4";
			sourceTree = "<group>";
		};
		0C45BEB817BA4393005AB58E /* Model */ = {
			isa = PBXGroup;
			children = (
				0C45BEB917BA43B5005AB58E /* User.h */,
				0C45BEBA17BA43B5005AB58E /* User.m */,
			);
			name = Model;
			sourceTree = "<group>";
		};
		0C54EE16178C609D00235B84 /* View */ = {
			isa = PBXGroup;
			children = (
				0C60CD00178C462400406974 /* WelcomeWindowController.xib */,
				0C54EE0D178C4D3600235B84 /* SigninWindowController.xib */,
				3DAF21DA172B28E900B62416 /* MainMenu.xib */,
			);
			name = View;
			sourceTree = "<group>";
		};
		0C54EE17178C60B100235B84 /* Controller */ = {
			isa = PBXGroup;
			children = (
				0C60CCFE178C462400406974 /* WelcomeWindowController.h */,
				0C60CCFF178C462400406974 /* WelcomeWindowController.m */,
				0C54EE0B178C4D3600235B84 /* SigninWindowController.h */,
				0C54EE0C178C4D3600235B84 /* SigninWindowController.m */,
				0C54EE13178C5EBD00235B84 /* WebViewController.h */,
				0C54EE14178C5EBE00235B84 /* WebViewController.m */,
			);
			name = Controller;
			sourceTree = "<group>";
		};
		3D4897431778E8AC008C7B66 /* libPryvApiKitLogicTests */ = {
			isa = PBXGroup;
			children = (
				3D4897491778E8AC008C7B66 /* libPryvApiKitLogicTests.h */,
				3D48974A1778E8AC008C7B66 /* libPryvApiKitLogicTests.m */,
				3D4897521778EE34008C7B66 /* PryvCachingTests.h */,
				3D4897531778EE34008C7B66 /* PryvCachingTests.m */,
				3D6925E2177B73400031F624 /* PYConnectionTests.h */,
				3D6925E3177B73400031F624 /* PYConnectionTests.m */,
				3D6925E8177B87DC0031F624 /* PYStreamsTests.h */,
				3D6925E9177B87DC0031F624 /* PYStreamsTests.m */,
				3D6925E5177B79150031F624 /* PYEventsTests.h */,
				3D6925E6177B79150031F624 /* PYEventsTests.m */,
				3D4897441778E8AC008C7B66 /* Supporting Files */,
			);
			path = libPryvApiKitLogicTests;
			sourceTree = "<group>";
		};
		3D4897441778E8AC008C7B66 /* Supporting Files */ = {
			isa = PBXGroup;
			children = (
				3D4897451778E8AC008C7B66 /* libPryvApiKitLogicTests-Info.plist */,
				3D4897461778E8AC008C7B66 /* InfoPlist.strings */,
				3D48974C1778E8AC008C7B66 /* libPryvApiKitLogicTests-Prefix.pch */,
			);
			name = "Supporting Files";
			sourceTree = "<group>";
		};
		3D5B9CAE1768FF5E007A107A /* CachingChannels */ = {
			isa = PBXGroup;
			children = (
				3D5B9CAF1768FFA2007A107A /* PYChannelsCachingUtillity.h */,
				3D5B9CB01768FFA2007A107A /* PYChannelsCachingUtillity.m */,
			);
			name = CachingChannels;
			path = PryvApiKit;
			sourceTree = "<group>";
		};
		3D5B9CB41768FFA7007A107A /* CachingStreams */ = {
			isa = PBXGroup;
			children = (
				3D5B9CB51768FFC0007A107A /* PYStreamsCachingUtillity.h */,
				3D5B9CB61768FFC0007A107A /* PYStreamsCachingUtillity.m */,
			);
			name = CachingStreams;
			sourceTree = "<group>";
		};
		3D67FF9C17340E57008D437F /* Login */ = {
			isa = PBXGroup;
			children = (
				3D67FF9D173410B5008D437F /* PYWebLoginViewController.h */,
				3D67FF9E173410B5008D437F /* PYWebLoginViewController.m */,
			);
			name = Login;
			sourceTree = "<group>";
		};
		3D6A502E170A175600025A20 /* PYEvent */ = {
			isa = PBXGroup;
			children = (
				FB03E24816B982CC00DAD162 /* PYAttachment.h */,
				FB03E24916B982CC00DAD162 /* PYAttachment.m */,
				FB03E24416B982CC00DAD162 /* PYEvent.h */,
				FB03E24516B982CC00DAD162 /* PYEvent.m */,
				3D67412417106EA10050B251 /* PYEvent+JSON.h */,
				3D67412517106EA10050B251 /* PYEvent+JSON.m */,
			);
			name = PYEvent;
			sourceTree = "<group>";
		};
		3D6D3BB916F8BB9D0072F480 /* Constants */ = {
			isa = PBXGroup;
			children = (
				3D6D3BBA16F8BBDE0072F480 /* PYConstants.h */,
				3D6D3BBB16F8BBDE0072F480 /* PYConstants.m */,
			);
			name = Constants;
			sourceTree = "<group>";
		};
		3D6D3BBF16F8BD3C0072F480 /* Error */ = {
			isa = PBXGroup;
			children = (
				3D6D3BC016F8BD5C0072F480 /* PYError.h */,
				3D6D3BC116F8BD5C0072F480 /* PYError.m */,
				8A6D9E7416FB79A1008F2B2C /* PYErrorUtility.h */,
				8A6D9E7516FB79A1008F2B2C /* PYErrorUtility.m */,
			);
			name = Error;
			sourceTree = "<group>";
		};
		3D6FCEA616F7C2FF0003D970 /* Model */ = {
			isa = PBXGroup;
			children = (
				3D6A502E170A175600025A20 /* PYEvent */,
				3D6C755D1703812B000B9195 /* PYConnection.h */,
				3D6C755E1703812B000B9195 /* PYConnection.m */,
				0CEB44DE17BBCDB9009756E7 /* PYConnection+DataManagement.h */,
				0CEB44DF17BBCDB9009756E7 /* PYConnection+DataManagement.m */,
				FB03E24A16B982CC00DAD162 /* PYStream.h */,
				FB03E24B16B982CD00DAD162 /* PYStream.m */,
				3D6FCEBB16F7CB460003D970 /* PYStream+JSON.h */,
				3D6FCEBC16F7CB460003D970 /* PYStream+JSON.m */,
			);
			name = Model;
			sourceTree = "<group>";
		};
		3D6FCEAF16F7C3B60003D970 /* Clients */ = {
			isa = PBXGroup;
			children = (
				FBC2048A16B95B3800CB5FFB /* PryvApiKit.h */,
				4E6DFE0E1757417F000DFF7A /* PYEventFilter.h */,
				4E6DFE0F1757417F000DFF7A /* PYEventFilter.m */,
				3D64493717639F070042C14C /* PYEventFilterUtility.h */,
				3D64493817639F070042C14C /* PYEventFilterUtility.m */,
				3D6BE313171C75EB0023A39C /* PYAsyncService.h */,
				3D6BE314171C75EB0023A39C /* PYAsyncService.m */,
				8AB2361D16FA895800B28F06 /* PYClient.h */,
				8AB2361E16FA895800B28F06 /* PYClient.m */,
				3D2397BB1733109900A72637 /* PYJSONUtility.h */,
				3D2397BC1733109A00A72637 /* PYJSONUtility.m */,
			);
			name = Clients;
			sourceTree = "<group>";
		};
		3D75F4C8173304CF00380629 /* Submodule */ = {
			isa = PBXGroup;
			children = (
				3D75F4C9173304F200380629 /* CHANGELOG.md */,
				3D75F4CA173304F200380629 /* JSONKit.h */,
				3D75F4CB173304F200380629 /* JSONKit.m */,
				3D75F4CC173304F200380629 /* README.md */,
			);
			name = Submodule;
			sourceTree = "<group>";
		};
		3D82A988173EDE0600CB100D /* Reachability */ = {
			isa = PBXGroup;
			children = (
				3D82A989173EDE2A00CB100D /* Reachability.h */,
				3D82A98A173EDE2A00CB100D /* Reachability.m */,
			);
			name = Reachability;
			sourceTree = "<group>";
		};
		3D9DCF2D1752BEB80010FE84 /* CachingEvents */ = {
			isa = PBXGroup;
			children = (
				3DC8170D1754021D00A91142 /* PYEventsCachingUtillity.h */,
				3DC8170E1754021D00A91142 /* PYEventsCachingUtillity.m */,
			);
			name = CachingEvents;
			sourceTree = "<group>";
		};
		3DAF21CB172B28E900B62416 /* OS X example */ = {
			isa = PBXGroup;
			children = (
				0C45BEB817BA4393005AB58E /* Model */,
				0C54EE17178C60B100235B84 /* Controller */,
				0C54EE16178C609D00235B84 /* View */,
				3DAF21CC172B28E900B62416 /* Supporting Files */,
			);
			path = "OS X example";
			sourceTree = "<group>";
		};
		3DAF21CC172B28E900B62416 /* Supporting Files */ = {
			isa = PBXGroup;
			children = (
				3DAF21D7172B28E900B62416 /* AppDelegate.h */,
				3DAF21D8172B28E900B62416 /* AppDelegate.m */,
				3DAF21CD172B28E900B62416 /* OS X example-Info.plist */,
				3DAF21CE172B28E900B62416 /* InfoPlist.strings */,
				3DAF21D1172B28E900B62416 /* main.m */,
				3DAF21D3172B28E900B62416 /* OS X example-Prefix.pch */,
				3DAF21D4172B28E900B62416 /* Credits.rtf */,
			);
			name = "Supporting Files";
			sourceTree = "<group>";
		};
		4E582DD416C25378003B59DB /* iOs Example */ = {
			isa = PBXGroup;
			children = (
				4E582DDD16C25378003B59DB /* PYEAppDelegate.h */,
				4E582DDE16C25379003B59DB /* PYEAppDelegate.m */,
				4E582DE616C25379003B59DB /* MainStoryboard_iPhone.storyboard */,
				4E582DE916C25379003B59DB /* MainStoryboard_iPad.storyboard */,
				4E582DEC16C25379003B59DB /* PYEViewController.h */,
				4E582DED16C25379003B59DB /* PYEViewController.m */,
				4E582DD516C25378003B59DB /* Supporting Files */,
			);
			path = "iOs Example";
			sourceTree = "<group>";
		};
		4E582DD516C25378003B59DB /* Supporting Files */ = {
			isa = PBXGroup;
			children = (
				4E582DD616C25378003B59DB /* iOs Example-Info.plist */,
				4E582DD716C25378003B59DB /* InfoPlist.strings */,
				4E582DDA16C25378003B59DB /* main.m */,
				4E582DDC16C25378003B59DB /* iOs Example-Prefix.pch */,
				4E582DE016C25379003B59DB /* Default.png */,
				4E582DE216C25379003B59DB /* Default@2x.png */,
				4E582DE416C25379003B59DB /* Default-568h@2x.png */,
			);
			name = "Supporting Files";
			sourceTree = "<group>";
		};
		FBC2047016B95B3700CB5FFB = {
			isa = PBXGroup;
			children = (
				0C10B51717CC958200B1EB51 /* Deprecated 0.5.4 */,
				FBC2048316B95B3800CB5FFB /* PryvApiKit */,
				4E582DD416C25378003B59DB /* iOs Example */,
				3DAF21CB172B28E900B62416 /* OS X example */,
				3D4897431778E8AC008C7B66 /* libPryvApiKitLogicTests */,
				FBC2047C16B95B3700CB5FFB /* Frameworks */,
				FBC2047B16B95B3700CB5FFB /* Products */,
			);
			indentWidth = 4;
			sourceTree = "<group>";
			tabWidth = 4;
		};
		FBC2047B16B95B3700CB5FFB /* Products */ = {
			isa = PBXGroup;
			children = (
				FBC2047A16B95B3700CB5FFB /* PryvApiKit.framework */,
				FBC2049616B95F1B00CB5FFB /* libPryvApiKit.a */,
				4E582DCE16C25378003B59DB /* iOs Example.app */,
				3DAF21C9172B28E900B62416 /* OS X example.app */,
				3D48973F1778E8AC008C7B66 /* libPryvApiKitLogicTests.octest */,
			);
			name = Products;
			sourceTree = "<group>";
		};
		FBC2047C16B95B3700CB5FFB /* Frameworks */ = {
			isa = PBXGroup;
			children = (
				0CDAF32B178B53AD0070049C /* WebKit.framework */,
				3D82A98E173EDE4600CB100D /* SystemConfiguration.framework */,
				3DD28EBA17135EA900602603 /* UIKit.framework */,
				3DAB592417175EB900F2009D /* MobileCoreServices.framework */,
				3D1F6A06170B6A6400DF893C /* CoreLocation.framework */,
				FBC2047D16B95B3700CB5FFB /* Cocoa.framework */,
				FBC2049716B95F1C00CB5FFB /* Foundation.framework */,
				4E582DF516C25379003B59DB /* SenTestingKit.framework */,
				FBC2047F16B95B3700CB5FFB /* Other Frameworks */,
			);
			name = Frameworks;
			sourceTree = "<group>";
		};
		FBC2047F16B95B3700CB5FFB /* Other Frameworks */ = {
			isa = PBXGroup;
			children = (
				FBC2048016B95B3700CB5FFB /* AppKit.framework */,
				FBC2048216B95B3800CB5FFB /* Foundation.framework */,
				3D61E1D51729D87000BE1E80 /* CoreData.framework */,
			);
			name = "Other Frameworks";
			sourceTree = "<group>";
		};
		FBC2048316B95B3800CB5FFB /* PryvApiKit */ = {
			isa = PBXGroup;
			children = (
				3D9DCF2E1752BEE20010FE84 /* PYCachingController.h */,
				3D9DCF2F1752BEE20010FE84 /* PYCachingController.m */,
				3D5B9CB41768FFA7007A107A /* CachingStreams */,
				3D9DCF2D1752BEB80010FE84 /* CachingEvents */,
				3D82A988173EDE0600CB100D /* Reachability */,
				3D67FF9C17340E57008D437F /* Login */,
				3D75F4C8173304CF00380629 /* Submodule */,
				3DD608EB1702543F00905533 /* CWLSynthesizeSingleton.h */,
				3D6D3BBF16F8BD3C0072F480 /* Error */,
				3D6D3BB916F8BB9D0072F480 /* Constants */,
				3D6FCEA616F7C2FF0003D970 /* Model */,
				3D6FCEAF16F7C3B60003D970 /* Clients */,
				FBC2048416B95B3800CB5FFB /* Supporting Files */,
			);
			path = PryvApiKit;
			sourceTree = "<group>";
		};
		FBC2048416B95B3800CB5FFB /* Supporting Files */ = {
			isa = PBXGroup;
			children = (
				FBC2048516B95B3800CB5FFB /* PryvApiKit-Info.plist */,
				FBC2048616B95B3800CB5FFB /* InfoPlist.strings */,
				FBC2048916B95B3800CB5FFB /* PryvApiKit-Prefix.pch */,
			);
			name = "Supporting Files";
			sourceTree = "<group>";
		};
/* End PBXGroup section */

/* Begin PBXHeadersBuildPhase section */
		FBC2047716B95B3700CB5FFB /* Headers */ = {
			isa = PBXHeadersBuildPhase;
			buildActionMask = 2147483647;
			files = (
				3D64493917639F070042C14C /* PYEventFilterUtility.h in Headers */,
				3D5B9CB11768FFA2007A107A /* PYChannelsCachingUtillity.h in Headers */,
				3D5B9CB71768FFC0007A107A /* PYStreamsCachingUtillity.h in Headers */,
				3D80798D176A5DC4009ECE86 /* PYChannelFilter.h in Headers */,
				3D807992176A6DAE009ECE86 /* PYChannelFilterUtility.h in Headers */,
				3D2397BD1733109A00A72637 /* PYJSONUtility.h in Headers */,
				4E6DFE101757417F000DFF7A /* PYEventFilter.h in Headers */,
				3DC8170F1754021D00A91142 /* PYEventsCachingUtillity.h in Headers */,
				3D9DCF301752BEE20010FE84 /* PYCachingController.h in Headers */,
				3DD608EC1702543F00905533 /* CWLSynthesizeSingleton.h in Headers */,
				3D67412617106EA10050B251 /* PYEvent+JSON.h in Headers */,
				3D6BE315171C75EB0023A39C /* PYAsyncService.h in Headers */,
				FAD9DC741700D25F00A34AB3 /* PYChannel+JSON.h in Headers */,
				3D6C755F1703812B000B9195 /* PYConnection.h in Headers */,
				8A6D9E7616FB79A1008F2B2C /* PYErrorUtility.h in Headers */,
				8AB2361F16FA895800B28F06 /* PYClient.h in Headers */,
				3D6D3BC216F8BD5C0072F480 /* PYError.h in Headers */,
				3D6FCEBD16F7CB460003D970 /* PYStream+JSON.h in Headers */,
				FB03E25416B982CD00DAD162 /* PYChannel.h in Headers */,
				FB03E25A16B982CD00DAD162 /* PYEvent.h in Headers */,
				FB03E26016B982CD00DAD162 /* PYAttachment.h in Headers */,
				FB03E26316B982CD00DAD162 /* PYStream.h in Headers */,
				3D6D3BBC16F8BBDE0072F480 /* PYConstants.h in Headers */,
				3D61E1F01729DB9800BE1E80 /* PryvApiKit.h in Headers */,
				3D75F4CE173304F200380629 /* JSONKit.h in Headers */,
				3D82A98B173EDE2A00CB100D /* Reachability.h in Headers */,
				0C2DEE95178BFC8800CDBB54 /* PYWebLoginViewController.h in Headers */,
				0CEB44E017BBCDB9009756E7 /* PYConnection+DataManagement.h in Headers */,
			);
			runOnlyForDeploymentPostprocessing = 0;
		};
/* End PBXHeadersBuildPhase section */

/* Begin PBXNativeTarget section */
		3D48973E1778E8AC008C7B66 /* libPryvApiKitLogicTests */ = {
			isa = PBXNativeTarget;
			buildConfigurationList = 3D48974D1778E8AC008C7B66 /* Build configuration list for PBXNativeTarget "libPryvApiKitLogicTests" */;
			buildPhases = (
				3D48973A1778E8AC008C7B66 /* Sources */,
				3D48973B1778E8AC008C7B66 /* Frameworks */,
				3D48973C1778E8AC008C7B66 /* Resources */,
				3D48973D1778E8AC008C7B66 /* ShellScript */,
			);
			buildRules = (
			);
			dependencies = (
			);
			name = libPryvApiKitLogicTests;
			productName = libPryvApiKitLogicTests;
			productReference = 3D48973F1778E8AC008C7B66 /* libPryvApiKitLogicTests.octest */;
			productType = "com.apple.product-type.bundle";
		};
		3DAF21C8172B28E900B62416 /* OS X example */ = {
			isa = PBXNativeTarget;
			buildConfigurationList = 3DAF21DD172B28E900B62416 /* Build configuration list for PBXNativeTarget "OS X example" */;
			buildPhases = (
				3DAF21C5172B28E900B62416 /* Sources */,
				3DAF21C6172B28E900B62416 /* Frameworks */,
				3DAF21C7172B28E900B62416 /* Resources */,
			);
			buildRules = (
			);
			dependencies = (
			);
			name = "OS X example";
			productName = "OS X example";
			productReference = 3DAF21C9172B28E900B62416 /* OS X example.app */;
			productType = "com.apple.product-type.application";
		};
		4E582DCD16C25378003B59DB /* iOs Example */ = {
			isa = PBXNativeTarget;
			buildConfigurationList = 4E582E0816C2537A003B59DB /* Build configuration list for PBXNativeTarget "iOs Example" */;
			buildPhases = (
				4E582DCA16C25378003B59DB /* Sources */,
				4E582DCB16C25378003B59DB /* Frameworks */,
				4E582DCC16C25378003B59DB /* Resources */,
			);
			buildRules = (
			);
			dependencies = (
				3DAB5929171761E100F2009D /* PBXTargetDependency */,
			);
			name = "iOs Example";
			productName = "iOs Example";
			productReference = 4E582DCE16C25378003B59DB /* iOs Example.app */;
			productType = "com.apple.product-type.application";
		};
		FBC2047916B95B3700CB5FFB /* PryvApiKit.framework */ = {
			isa = PBXNativeTarget;
			buildConfigurationList = FBC2048F16B95B3800CB5FFB /* Build configuration list for PBXNativeTarget "PryvApiKit.framework" */;
			buildPhases = (
				FBC2047516B95B3700CB5FFB /* Sources */,
				FBC2047616B95B3700CB5FFB /* Frameworks */,
				FBC2047716B95B3700CB5FFB /* Headers */,
				FBC2047816B95B3700CB5FFB /* Resources */,
			);
			buildRules = (
			);
			dependencies = (
			);
			name = PryvApiKit.framework;
			productName = PryvApiKit;
			productReference = FBC2047A16B95B3700CB5FFB /* PryvApiKit.framework */;
			productType = "com.apple.product-type.framework";
		};
		FBC2049516B95F1B00CB5FFB /* libPryvApiKit.a */ = {
			isa = PBXNativeTarget;
			buildConfigurationList = FBC204A016B95F1C00CB5FFB /* Build configuration list for PBXNativeTarget "libPryvApiKit.a" */;
			buildPhases = (
				FBC2049216B95F1B00CB5FFB /* Sources */,
				FBC2049316B95F1B00CB5FFB /* Frameworks */,
				FBC2049416B95F1B00CB5FFB /* CopyFiles */,
			);
			buildRules = (
			);
			dependencies = (
			);
			name = libPryvApiKit.a;
			productName = PryvApiKit;
			productReference = FBC2049616B95F1B00CB5FFB /* libPryvApiKit.a */;
			productType = "com.apple.product-type.library.static";
		};
/* End PBXNativeTarget section */

/* Begin PBXProject section */
		FBC2047116B95B3700CB5FFB /* Project object */ = {
			isa = PBXProject;
			attributes = {
				LastUpgradeCheck = 0500;
				ORGANIZATIONNAME = Pryv;
			};
			buildConfigurationList = FBC2047416B95B3700CB5FFB /* Build configuration list for PBXProject "PryvApiKit" */;
			compatibilityVersion = "Xcode 3.2";
			developmentRegion = English;
			hasScannedForEncodings = 0;
			knownRegions = (
				en,
			);
			mainGroup = FBC2047016B95B3700CB5FFB;
			productRefGroup = FBC2047B16B95B3700CB5FFB /* Products */;
			projectDirPath = "";
			projectRoot = "";
			targets = (
				FBC2047916B95B3700CB5FFB /* PryvApiKit.framework */,
				FBC2049516B95F1B00CB5FFB /* libPryvApiKit.a */,
				4E582DCD16C25378003B59DB /* iOs Example */,
				3DAF21C8172B28E900B62416 /* OS X example */,
				3D48973E1778E8AC008C7B66 /* libPryvApiKitLogicTests */,
			);
		};
/* End PBXProject section */

/* Begin PBXResourcesBuildPhase section */
		3D48973C1778E8AC008C7B66 /* Resources */ = {
			isa = PBXResourcesBuildPhase;
			buildActionMask = 2147483647;
			files = (
				3D4897481778E8AC008C7B66 /* InfoPlist.strings in Resources */,
			);
			runOnlyForDeploymentPostprocessing = 0;
		};
		3DAF21C7172B28E900B62416 /* Resources */ = {
			isa = PBXResourcesBuildPhase;
			buildActionMask = 2147483647;
			files = (
				3DAF21D0172B28E900B62416 /* InfoPlist.strings in Resources */,
				3DAF21D6172B28E900B62416 /* Credits.rtf in Resources */,
				3DAF21DC172B28E900B62416 /* MainMenu.xib in Resources */,
				0C60CD02178C462400406974 /* WelcomeWindowController.xib in Resources */,
				0C54EE0F178C4D3600235B84 /* SigninWindowController.xib in Resources */,
			);
			runOnlyForDeploymentPostprocessing = 0;
		};
		4E582DCC16C25378003B59DB /* Resources */ = {
			isa = PBXResourcesBuildPhase;
			buildActionMask = 2147483647;
			files = (
				4E582DD916C25378003B59DB /* InfoPlist.strings in Resources */,
				4E582DE116C25379003B59DB /* Default.png in Resources */,
				4E582DE316C25379003B59DB /* Default@2x.png in Resources */,
				4E582DE516C25379003B59DB /* Default-568h@2x.png in Resources */,
				4E582DE816C25379003B59DB /* MainStoryboard_iPhone.storyboard in Resources */,
				4E582DEB16C25379003B59DB /* MainStoryboard_iPad.storyboard in Resources */,
			);
			runOnlyForDeploymentPostprocessing = 0;
		};
		FBC2047816B95B3700CB5FFB /* Resources */ = {
			isa = PBXResourcesBuildPhase;
			buildActionMask = 2147483647;
			files = (
				FBC2048816B95B3800CB5FFB /* InfoPlist.strings in Resources */,
				3D75F4CD173304F200380629 /* CHANGELOG.md in Resources */,
				3D75F4D0173304F200380629 /* README.md in Resources */,
			);
			runOnlyForDeploymentPostprocessing = 0;
		};
/* End PBXResourcesBuildPhase section */

/* Begin PBXShellScriptBuildPhase section */
		3D48973D1778E8AC008C7B66 /* ShellScript */ = {
			isa = PBXShellScriptBuildPhase;
			buildActionMask = 2147483647;
			files = (
			);
			inputPaths = (
			);
			outputPaths = (
			);
			runOnlyForDeploymentPostprocessing = 0;
			shellPath = /bin/sh;
			shellScript = "# Run the unit tests in this test bundle.\n\"${SYSTEM_DEVELOPER_DIR}/Tools/RunUnitTests\"\n";
		};
/* End PBXShellScriptBuildPhase section */

/* Begin PBXSourcesBuildPhase section */
		3D48973A1778E8AC008C7B66 /* Sources */ = {
			isa = PBXSourcesBuildPhase;
			buildActionMask = 2147483647;
			files = (
				0C35F98517CB8B520010132B /* PYConnection+DataManagement.m in Sources */,
				3D48974B1778E8AC008C7B66 /* libPryvApiKitLogicTests.m in Sources */,
				3D4897541778EE34008C7B66 /* PryvCachingTests.m in Sources */,
				3D6925E4177B73400031F624 /* PYConnectionTests.m in Sources */,
				3D6925E7177B79150031F624 /* PYEventsTests.m in Sources */,
				3D6925EA177B87DC0031F624 /* PYStreamsTests.m in Sources */,
			);
			runOnlyForDeploymentPostprocessing = 0;
		};
		3DAF21C5172B28E900B62416 /* Sources */ = {
			isa = PBXSourcesBuildPhase;
			buildActionMask = 2147483647;
			files = (
				3DAF21D2172B28E900B62416 /* main.m in Sources */,
				3DAF21D9172B28E900B62416 /* AppDelegate.m in Sources */,
				0C60CD01178C462400406974 /* WelcomeWindowController.m in Sources */,
				0C54EE0E178C4D3600235B84 /* SigninWindowController.m in Sources */,
				0C54EE15178C5EBE00235B84 /* WebViewController.m in Sources */,
				0C45BEBB17BA43B5005AB58E /* User.m in Sources */,
			);
			runOnlyForDeploymentPostprocessing = 0;
		};
		4E582DCA16C25378003B59DB /* Sources */ = {
			isa = PBXSourcesBuildPhase;
			buildActionMask = 2147483647;
			files = (
				4E582DDB16C25378003B59DB /* main.m in Sources */,
				4E582DDF16C25379003B59DB /* PYEAppDelegate.m in Sources */,
				4E582DEE16C25379003B59DB /* PYEViewController.m in Sources */,
			);
			runOnlyForDeploymentPostprocessing = 0;
		};
		FBC2047516B95B3700CB5FFB /* Sources */ = {
			isa = PBXSourcesBuildPhase;
			buildActionMask = 2147483647;
			files = (
				FB03E25B16B982CD00DAD162 /* PYEvent.m in Sources */,
				FB03E26116B982CD00DAD162 /* PYAttachment.m in Sources */,
				FB03E26416B982CD00DAD162 /* PYStream.m in Sources */,
				3D6FCEBE16F7CB460003D970 /* PYStream+JSON.m in Sources */,
				3D6D3BBD16F8BBDE0072F480 /* PYConstants.m in Sources */,
				3D6D3BC316F8BD5C0072F480 /* PYError.m in Sources */,
				8AB2362016FA895800B28F06 /* PYClient.m in Sources */,
				8A6D9E7716FB79A1008F2B2C /* PYErrorUtility.m in Sources */,
				3D6C75601703812B000B9195 /* PYConnection.m in Sources */,
				3D67412717106EA10050B251 /* PYEvent+JSON.m in Sources */,
				3D6BE316171C75EB0023A39C /* PYAsyncService.m in Sources */,
				3D75F4CF173304F200380629 /* JSONKit.m in Sources */,
				3D2397BE1733109A00A72637 /* PYJSONUtility.m in Sources */,
				3D82A98C173EDE2A00CB100D /* Reachability.m in Sources */,
				3D9DCF311752BEE20010FE84 /* PYCachingController.m in Sources */,
				3DC817101754021D00A91142 /* PYEventsCachingUtillity.m in Sources */,
				4E6DFE111757417F000DFF7A /* PYEventFilter.m in Sources */,
				3D64493A17639F070042C14C /* PYEventFilterUtility.m in Sources */,
				3D5B9CB81768FFC0007A107A /* PYStreamsCachingUtillity.m in Sources */,
				0C2DEE94178BF79400CDBB54 /* PYWebLoginViewController.m in Sources */,
				0CEB44E117BBCDB9009756E7 /* PYConnection+DataManagement.m in Sources */,
			);
			runOnlyForDeploymentPostprocessing = 0;
		};
		FBC2049216B95F1B00CB5FFB /* Sources */ = {
			isa = PBXSourcesBuildPhase;
			buildActionMask = 2147483647;
			files = (
				FB03E25C16B982CD00DAD162 /* PYEvent.m in Sources */,
				FB03E26216B982CD00DAD162 /* PYAttachment.m in Sources */,
				FB03E26516B982CD00DAD162 /* PYStream.m in Sources */,
				3D6FCEBF16F7CB460003D970 /* PYStream+JSON.m in Sources */,
				3D6D3BBE16F8BBDE0072F480 /* PYConstants.m in Sources */,
				3D6D3BC416F8BD5C0072F480 /* PYError.m in Sources */,
				8AB2362116FA895800B28F06 /* PYClient.m in Sources */,
				8A6D9E7816FB79A1008F2B2C /* PYErrorUtility.m in Sources */,
				3D6C75611703812B000B9195 /* PYConnection.m in Sources */,
				3D67412817106EA10050B251 /* PYEvent+JSON.m in Sources */,
				3D6BE317171C75EB0023A39C /* PYAsyncService.m in Sources */,
				3D2397BF1733109A00A72637 /* PYJSONUtility.m in Sources */,
				3D67FFA0173410B5008D437F /* PYWebLoginViewController.m in Sources */,
				3D82A98D173EDE2A00CB100D /* Reachability.m in Sources */,
				3D9DCF321752BEE20010FE84 /* PYCachingController.m in Sources */,
				3DC817111754021D00A91142 /* PYEventsCachingUtillity.m in Sources */,
				4E6DFE121757417F000DFF7A /* PYEventFilter.m in Sources */,
				3D64493B17639F070042C14C /* PYEventFilterUtility.m in Sources */,
				3D5B9CB91768FFC0007A107A /* PYStreamsCachingUtillity.m in Sources */,
			);
			runOnlyForDeploymentPostprocessing = 0;
		};
/* End PBXSourcesBuildPhase section */

/* Begin PBXTargetDependency section */
		3DAB5929171761E100F2009D /* PBXTargetDependency */ = {
			isa = PBXTargetDependency;
			target = FBC2049516B95F1B00CB5FFB /* libPryvApiKit.a */;
			targetProxy = 3DAB5928171761E100F2009D /* PBXContainerItemProxy */;
		};
/* End PBXTargetDependency section */

/* Begin PBXVariantGroup section */
		3D4897461778E8AC008C7B66 /* InfoPlist.strings */ = {
			isa = PBXVariantGroup;
			children = (
				3D4897471778E8AC008C7B66 /* en */,
			);
			name = InfoPlist.strings;
			sourceTree = "<group>";
		};
		3DAF21CE172B28E900B62416 /* InfoPlist.strings */ = {
			isa = PBXVariantGroup;
			children = (
				3DAF21CF172B28E900B62416 /* en */,
			);
			name = InfoPlist.strings;
			sourceTree = "<group>";
		};
		3DAF21D4172B28E900B62416 /* Credits.rtf */ = {
			isa = PBXVariantGroup;
			children = (
				3DAF21D5172B28E900B62416 /* en */,
			);
			name = Credits.rtf;
			sourceTree = "<group>";
		};
		3DAF21DA172B28E900B62416 /* MainMenu.xib */ = {
			isa = PBXVariantGroup;
			children = (
				3DAF21DB172B28E900B62416 /* en */,
			);
			name = MainMenu.xib;
			sourceTree = "<group>";
		};
		4E582DD716C25378003B59DB /* InfoPlist.strings */ = {
			isa = PBXVariantGroup;
			children = (
				4E582DD816C25378003B59DB /* en */,
			);
			name = InfoPlist.strings;
			sourceTree = "<group>";
		};
		4E582DE616C25379003B59DB /* MainStoryboard_iPhone.storyboard */ = {
			isa = PBXVariantGroup;
			children = (
				4E582DE716C25379003B59DB /* en */,
			);
			name = MainStoryboard_iPhone.storyboard;
			sourceTree = "<group>";
		};
		4E582DE916C25379003B59DB /* MainStoryboard_iPad.storyboard */ = {
			isa = PBXVariantGroup;
			children = (
				4E582DEA16C25379003B59DB /* en */,
			);
			name = MainStoryboard_iPad.storyboard;
			sourceTree = "<group>";
		};
		FBC2048616B95B3800CB5FFB /* InfoPlist.strings */ = {
			isa = PBXVariantGroup;
			children = (
				FBC2048716B95B3800CB5FFB /* en */,
			);
			name = InfoPlist.strings;
			sourceTree = "<group>";
		};
/* End PBXVariantGroup section */

/* Begin XCBuildConfiguration section */
		3D48974E1778E8AC008C7B66 /* Debug */ = {
			isa = XCBuildConfiguration;
			buildSettings = {
				ALWAYS_SEARCH_USER_PATHS = YES;
				BUNDLE_LOADER = "$(BUILT_PRODUCTS_DIR)/iOs Example.app/iOs Example";
				CLANG_LINK_OBJC_RUNTIME = YES;
				FRAMEWORK_SEARCH_PATHS = (
					"\"$(SDKROOT)/Developer/Library/Frameworks\"",
					"\"$(DEVELOPER_LIBRARY_DIR)/Frameworks\"",
				);
				GCC_PRECOMPILE_PREFIX_HEADER = YES;
				GCC_PREFIX_HEADER = "libPryvApiKitLogicTests/libPryvApiKitLogicTests-Prefix.pch";
				GCC_PREPROCESSOR_DEFINITIONS = (
					"DEBUG=1",
					"$(inherited)",
				);
				HEADER_SEARCH_PATHS = (
					"$(PROJECT_DIR)/**",
					"$(BUILT_PRODUCTS_DIR)/**",
				);
				INFOPLIST_FILE = "libPryvApiKitLogicTests/libPryvApiKitLogicTests-Info.plist";
				IPHONEOS_DEPLOYMENT_TARGET = 5.1;
				LIBRARY_SEARCH_PATHS = "$(PROJECT_DIR)/**";
				ONLY_ACTIVE_ARCH = YES;
				OTHER_LDFLAGS = "-ObjC";
				PRODUCT_NAME = "$(TARGET_NAME)";
				SDKROOT = iphoneos;
				TEST_HOST = "$(BUNDLE_LOADER)";
				USER_HEADER_SEARCH_PATHS = "$(PROJECT_DIR)/** $(BUILT_PRODUCTS_DIR)/**";
				WRAPPER_EXTENSION = octest;
			};
			name = Debug;
		};
		3D48974F1778E8AC008C7B66 /* Release */ = {
			isa = XCBuildConfiguration;
			buildSettings = {
				ALWAYS_SEARCH_USER_PATHS = YES;
				BUNDLE_LOADER = "$(BUILT_PRODUCTS_DIR)/iOs Example.app/iOs Example";
				CLANG_LINK_OBJC_RUNTIME = YES;
				FRAMEWORK_SEARCH_PATHS = (
					"\"$(SDKROOT)/Developer/Library/Frameworks\"",
					"\"$(DEVELOPER_LIBRARY_DIR)/Frameworks\"",
				);
				GCC_PRECOMPILE_PREFIX_HEADER = YES;
				GCC_PREFIX_HEADER = "libPryvApiKitLogicTests/libPryvApiKitLogicTests-Prefix.pch";
				HEADER_SEARCH_PATHS = (
					"$(PROJECT_DIR)/**",
					"$(BUILT_PRODUCTS_DIR)/**",
				);
				INFOPLIST_FILE = "libPryvApiKitLogicTests/libPryvApiKitLogicTests-Info.plist";
				IPHONEOS_DEPLOYMENT_TARGET = 5.1;
				LIBRARY_SEARCH_PATHS = "$(PROJECT_DIR)/**";
				OTHER_LDFLAGS = "-ObjC";
				PRODUCT_NAME = "$(TARGET_NAME)";
				SDKROOT = iphoneos;
				TEST_HOST = "$(BUNDLE_LOADER)";
				USER_HEADER_SEARCH_PATHS = "$(PROJECT_DIR)/** $(BUILT_PRODUCTS_DIR)/**";
				VALIDATE_PRODUCT = YES;
				WRAPPER_EXTENSION = octest;
			};
			name = Release;
		};
		3DAF21DE172B28E900B62416 /* Debug */ = {
			isa = XCBuildConfiguration;
			buildSettings = {
				COMBINE_HIDPI_IMAGES = YES;
				GCC_PRECOMPILE_PREFIX_HEADER = YES;
				GCC_PREFIX_HEADER = "OS X example/OS X example-Prefix.pch";
				GCC_PREPROCESSOR_DEFINITIONS = (
					"CACHE=1",
					"DEBUG=1",
					"$(inherited)",
				);
				INFOPLIST_FILE = "OS X example/OS X example-Info.plist";
				MACOSX_DEPLOYMENT_TARGET = 10.6;
				PRODUCT_NAME = "$(TARGET_NAME)";
				WRAPPER_EXTENSION = app;
			};
			name = Debug;
		};
		3DAF21DF172B28E900B62416 /* Release */ = {
			isa = XCBuildConfiguration;
			buildSettings = {
				COMBINE_HIDPI_IMAGES = YES;
				GCC_PRECOMPILE_PREFIX_HEADER = YES;
				GCC_PREFIX_HEADER = "OS X example/OS X example-Prefix.pch";
				INFOPLIST_FILE = "OS X example/OS X example-Info.plist";
				MACOSX_DEPLOYMENT_TARGET = 10.6;
				PRODUCT_NAME = "$(TARGET_NAME)";
				WRAPPER_EXTENSION = app;
			};
			name = Release;
		};
		4E582E0416C2537A003B59DB /* Debug */ = {
			isa = XCBuildConfiguration;
			buildSettings = {
				ALWAYS_SEARCH_USER_PATHS = YES;
				ARCHS = "$(ARCHS_STANDARD_32_BIT)";
				"CODE_SIGN_IDENTITY[sdk=iphoneos*]" = "iPhone Developer";
				FRAMEWORK_SEARCH_PATHS = (
					"$(inherited)",
					"\"$(SYSTEM_APPS_DIR)/Xcode.app/Contents/Developer/Library/Frameworks\"",
				);
				GCC_PRECOMPILE_PREFIX_HEADER = YES;
				GCC_PREFIX_HEADER = "iOs Example/iOs Example-Prefix.pch";
				GCC_VERSION = "";
				HEADER_SEARCH_PATHS = (
					"$(PROJECT_DIR)/**",
					"$(BUILT_PRODUCTS_DIR)/**",
				);
				INFOPLIST_FILE = "iOs Example/iOs Example-Info.plist";
				IPHONEOS_DEPLOYMENT_TARGET = 5.1;
				OTHER_LDFLAGS = "-ObjC";
				PRODUCT_NAME = "$(TARGET_NAME)";
				SDKROOT = iphoneos6.1;
				TARGETED_DEVICE_FAMILY = "1,2";
				USER_HEADER_SEARCH_PATHS = "$(PROJECT_DIR)/** $(BUILT_PRODUCTS_DIR)/**";
				WRAPPER_EXTENSION = app;
			};
			name = Debug;
		};
		4E582E0516C2537A003B59DB /* Release */ = {
			isa = XCBuildConfiguration;
			buildSettings = {
				ALWAYS_SEARCH_USER_PATHS = YES;
				ARCHS = "$(ARCHS_STANDARD_32_BIT)";
				"CODE_SIGN_IDENTITY[sdk=iphoneos*]" = "iPhone Developer";
				FRAMEWORK_SEARCH_PATHS = (
					"$(inherited)",
					"\"$(SYSTEM_APPS_DIR)/Xcode.app/Contents/Developer/Library/Frameworks\"",
				);
				GCC_PRECOMPILE_PREFIX_HEADER = YES;
				GCC_PREFIX_HEADER = "iOs Example/iOs Example-Prefix.pch";
				GCC_VERSION = "";
				HEADER_SEARCH_PATHS = (
					"$(PROJECT_DIR)/**",
					"$(BUILT_PRODUCTS_DIR)/**",
				);
				INFOPLIST_FILE = "iOs Example/iOs Example-Info.plist";
				IPHONEOS_DEPLOYMENT_TARGET = 5.1;
				OTHER_CFLAGS = "-DNS_BLOCK_ASSERTIONS=1";
				OTHER_LDFLAGS = "-ObjC";
				PRODUCT_NAME = "$(TARGET_NAME)";
				SDKROOT = iphoneos6.1;
				TARGETED_DEVICE_FAMILY = "1,2";
				USER_HEADER_SEARCH_PATHS = "$(PROJECT_DIR)/** $(BUILT_PRODUCTS_DIR)/**";
				VALIDATE_PRODUCT = YES;
				WRAPPER_EXTENSION = app;
			};
			name = Release;
		};
		FBC2048D16B95B3800CB5FFB /* Debug */ = {
			isa = XCBuildConfiguration;
			buildSettings = {
				ALWAYS_SEARCH_USER_PATHS = NO;
				ARCHS = "$(ARCHS_STANDARD_32_64_BIT)";
				CLANG_CXX_LANGUAGE_STANDARD = "gnu++0x";
				CLANG_CXX_LIBRARY = "libc++";
				CLANG_ENABLE_OBJC_ARC = NO;
				CLANG_LINK_OBJC_RUNTIME = NO;
				CLANG_WARN_CONSTANT_CONVERSION = YES;
				CLANG_WARN_EMPTY_BODY = YES;
				CLANG_WARN_ENUM_CONVERSION = YES;
				CLANG_WARN_INT_CONVERSION = YES;
				CLANG_WARN__DUPLICATE_METHOD_MATCH = YES;
				COPY_PHASE_STRIP = NO;
				GCC_C_LANGUAGE_STANDARD = gnu99;
				GCC_DYNAMIC_NO_PIC = NO;
				GCC_ENABLE_OBJC_EXCEPTIONS = YES;
				GCC_OPTIMIZATION_LEVEL = 0;
				GCC_PREPROCESSOR_DEFINITIONS = (
					"DEBUG=1",
					"$(inherited)",
					"CACHE=1",
				);
				GCC_SYMBOLS_PRIVATE_EXTERN = NO;
				GCC_VERSION = com.apple.compilers.llvm.clang.1_0;
				GCC_WARN_64_TO_32_BIT_CONVERSION = YES;
				GCC_WARN_ABOUT_RETURN_TYPE = YES;
				GCC_WARN_UNINITIALIZED_AUTOS = YES;
				GCC_WARN_UNUSED_VARIABLE = YES;
				HEADER_SEARCH_PATHS = "$(PROJECT_DIR)/**";
				IPHONEOS_DEPLOYMENT_TARGET = 5.1;
				MACOSX_DEPLOYMENT_TARGET = 10.6;
				ONLY_ACTIVE_ARCH = NO;
				SDKROOT = macosx10.6;
				USER_HEADER_SEARCH_PATHS = "$(PROJECT_DIR)/**";
			};
			name = Debug;
		};
		FBC2048E16B95B3800CB5FFB /* Release */ = {
			isa = XCBuildConfiguration;
			buildSettings = {
				ALWAYS_SEARCH_USER_PATHS = NO;
				ARCHS = "$(ARCHS_STANDARD_32_64_BIT)";
				CLANG_CXX_LANGUAGE_STANDARD = "gnu++0x";
				CLANG_CXX_LIBRARY = "libc++";
				CLANG_ENABLE_OBJC_ARC = NO;
				CLANG_LINK_OBJC_RUNTIME = NO;
				CLANG_WARN_CONSTANT_CONVERSION = YES;
				CLANG_WARN_EMPTY_BODY = YES;
				CLANG_WARN_ENUM_CONVERSION = YES;
				CLANG_WARN_INT_CONVERSION = YES;
				CLANG_WARN__DUPLICATE_METHOD_MATCH = YES;
				COPY_PHASE_STRIP = YES;
				DEBUG_INFORMATION_FORMAT = "dwarf-with-dsym";
				GCC_C_LANGUAGE_STANDARD = gnu99;
				GCC_ENABLE_OBJC_EXCEPTIONS = YES;
				GCC_VERSION = com.apple.compilers.llvm.clang.1_0;
				GCC_WARN_64_TO_32_BIT_CONVERSION = YES;
				GCC_WARN_ABOUT_RETURN_TYPE = YES;
				GCC_WARN_UNINITIALIZED_AUTOS = YES;
				GCC_WARN_UNUSED_VARIABLE = YES;
				HEADER_SEARCH_PATHS = "$(PROJECT_DIR)/**";
				IPHONEOS_DEPLOYMENT_TARGET = 5.1;
				MACOSX_DEPLOYMENT_TARGET = 10.6;
				SDKROOT = macosx10.6;
				USER_HEADER_SEARCH_PATHS = "$(PROJECT_DIR)/**";
			};
			name = Release;
		};
		FBC2049016B95B3800CB5FFB /* Debug */ = {
			isa = XCBuildConfiguration;
			buildSettings = {
				ARCHS = "$(ARCHS_STANDARD_32_64_BIT)";
				CLANG_ENABLE_OBJC_ARC = NO;
				CLANG_LINK_OBJC_RUNTIME = NO;
				COMBINE_HIDPI_IMAGES = YES;
				DYLIB_COMPATIBILITY_VERSION = 1;
				DYLIB_CURRENT_VERSION = 1;
				FRAMEWORK_VERSION = A;
				GCC_PRECOMPILE_PREFIX_HEADER = YES;
				GCC_PREFIX_HEADER = "PryvApiKit/PryvApiKit-Prefix.pch";
				HEADER_SEARCH_PATHS = "";
				INFOPLIST_FILE = "PryvApiKit/PryvApiKit-Info.plist";
				MACOSX_DEPLOYMENT_TARGET = 10.6;
				ONLY_ACTIVE_ARCH = NO;
				PRODUCT_NAME = PryvApiKit;
				SDKROOT = macosx10.6;
				USER_HEADER_SEARCH_PATHS = "";
				VALID_ARCHS = "x86_64 i386";
				WRAPPER_EXTENSION = framework;
			};
			name = Debug;
		};
		FBC2049116B95B3800CB5FFB /* Release */ = {
			isa = XCBuildConfiguration;
			buildSettings = {
				ARCHS = "$(ARCHS_STANDARD_32_64_BIT)";
				CLANG_ENABLE_OBJC_ARC = NO;
				CLANG_LINK_OBJC_RUNTIME = NO;
				COMBINE_HIDPI_IMAGES = YES;
				DYLIB_COMPATIBILITY_VERSION = 1;
				DYLIB_CURRENT_VERSION = 1;
				FRAMEWORK_VERSION = A;
				GCC_PRECOMPILE_PREFIX_HEADER = YES;
				GCC_PREFIX_HEADER = "PryvApiKit/PryvApiKit-Prefix.pch";
				HEADER_SEARCH_PATHS = "";
				INFOPLIST_FILE = "PryvApiKit/PryvApiKit-Info.plist";
				MACOSX_DEPLOYMENT_TARGET = 10.6;
				ONLY_ACTIVE_ARCH = NO;
				PRODUCT_NAME = PryvApiKit;
				SDKROOT = macosx10.6;
				USER_HEADER_SEARCH_PATHS = "";
				VALID_ARCHS = "x86_64 i386";
				WRAPPER_EXTENSION = framework;
			};
			name = Release;
		};
		FBC204A116B95F1C00CB5FFB /* Debug */ = {
			isa = XCBuildConfiguration;
			buildSettings = {
				ALWAYS_SEARCH_USER_PATHS = YES;
				ARCHS = "$(ARCHS_STANDARD_32_BIT)";
				CLANG_ENABLE_OBJC_ARC = NO;
				DSTROOT = /tmp/PryvApiKit.dst;
				GCC_PRECOMPILE_PREFIX_HEADER = YES;
				GCC_PREFIX_HEADER = "PryvApiKit/PryvApiKit-Prefix.pch";
				GCC_PREPROCESSOR_DEFINITIONS = (
					"DEBUG=1",
					"$(inherited)",
				);
				GCC_VERSION = "";
				IPHONEOS_DEPLOYMENT_TARGET = 5.1;
				OTHER_LDFLAGS = (
					"-ObjC",
					"-all_load",
				);
				PRODUCT_NAME = PryvApiKit;
				PUBLIC_HEADERS_FOLDER_PATH = "include/$(PRODUCT_NAME)";
				SDKROOT = iphoneos;
				SKIP_INSTALL = YES;
				TARGETED_DEVICE_FAMILY = "1,2";
			};
			name = Debug;
		};
		FBC204A216B95F1C00CB5FFB /* Release */ = {
			isa = XCBuildConfiguration;
			buildSettings = {
				ALWAYS_SEARCH_USER_PATHS = YES;
				ARCHS = "$(ARCHS_STANDARD_32_BIT)";
				CLANG_ENABLE_OBJC_ARC = NO;
				DSTROOT = /tmp/PryvApiKit.dst;
				GCC_PRECOMPILE_PREFIX_HEADER = YES;
				GCC_PREFIX_HEADER = "PryvApiKit/PryvApiKit-Prefix.pch";
				GCC_VERSION = "";
				IPHONEOS_DEPLOYMENT_TARGET = 5.1;
				OTHER_LDFLAGS = (
					"-ObjC",
					"-all_load",
				);
				PRODUCT_NAME = PryvApiKit;
				PUBLIC_HEADERS_FOLDER_PATH = "include/$(PRODUCT_NAME)";
				SDKROOT = iphoneos;
				SKIP_INSTALL = YES;
				TARGETED_DEVICE_FAMILY = "1,2";
				VALIDATE_PRODUCT = YES;
			};
			name = Release;
		};
/* End XCBuildConfiguration section */

/* Begin XCConfigurationList section */
		3D48974D1778E8AC008C7B66 /* Build configuration list for PBXNativeTarget "libPryvApiKitLogicTests" */ = {
			isa = XCConfigurationList;
			buildConfigurations = (
				3D48974E1778E8AC008C7B66 /* Debug */,
				3D48974F1778E8AC008C7B66 /* Release */,
			);
			defaultConfigurationIsVisible = 0;
			defaultConfigurationName = Release;
		};
		3DAF21DD172B28E900B62416 /* Build configuration list for PBXNativeTarget "OS X example" */ = {
			isa = XCConfigurationList;
			buildConfigurations = (
				3DAF21DE172B28E900B62416 /* Debug */,
				3DAF21DF172B28E900B62416 /* Release */,
			);
			defaultConfigurationIsVisible = 0;
			defaultConfigurationName = Release;
		};
		4E582E0816C2537A003B59DB /* Build configuration list for PBXNativeTarget "iOs Example" */ = {
			isa = XCConfigurationList;
			buildConfigurations = (
				4E582E0416C2537A003B59DB /* Debug */,
				4E582E0516C2537A003B59DB /* Release */,
			);
			defaultConfigurationIsVisible = 0;
			defaultConfigurationName = Release;
		};
		FBC2047416B95B3700CB5FFB /* Build configuration list for PBXProject "PryvApiKit" */ = {
			isa = XCConfigurationList;
			buildConfigurations = (
				FBC2048D16B95B3800CB5FFB /* Debug */,
				FBC2048E16B95B3800CB5FFB /* Release */,
			);
			defaultConfigurationIsVisible = 0;
			defaultConfigurationName = Release;
		};
		FBC2048F16B95B3800CB5FFB /* Build configuration list for PBXNativeTarget "PryvApiKit.framework" */ = {
			isa = XCConfigurationList;
			buildConfigurations = (
				FBC2049016B95B3800CB5FFB /* Debug */,
				FBC2049116B95B3800CB5FFB /* Release */,
			);
			defaultConfigurationIsVisible = 0;
			defaultConfigurationName = Release;
		};
		FBC204A016B95F1C00CB5FFB /* Build configuration list for PBXNativeTarget "libPryvApiKit.a" */ = {
			isa = XCConfigurationList;
			buildConfigurations = (
				FBC204A116B95F1C00CB5FFB /* Debug */,
				FBC204A216B95F1C00CB5FFB /* Release */,
			);
			defaultConfigurationIsVisible = 0;
			defaultConfigurationName = Release;
		};
/* End XCConfigurationList section */
	};
	rootObject = FBC2047116B95B3700CB5FFB /* Project object */;
}
