PODS:
  - AnyJSON (0.1.0)
  - PryvApiKit (0.0.1):
    - AnyJSON
    - PryvApiKit/CWLSynthesizeSingleton
    - PryvApiKit/Reachability
  - PryvApiKit/CWLSynthesizeSingleton (0.0.1):
    - AnyJSON
  - PryvApiKit/Reachability (0.0.1):
    - AnyJSON

DEPENDENCIES:
  - PryvApiKit (from `../../PryvApiKit.podspec`)

EXTERNAL SOURCES:
  PryvApiKit:
    :path: ../../PryvApiKit.podspec

SPEC CHECKSUMS:
  AnyJSON: 693e7998be311cb6b77790fd46ce2bec64f1f853
  PryvApiKit: 5d71dec0b0d88115dcae906f916f3f55d1a9adf5

COCOAPODS: 0.29.0
