// !$*UTF8*$!
{
	archiveVersion = 1;
	classes = {
	};
	objectVersion = 46;
	objects = {

/* Begin PBXBuildFile section */
		0C095FAA18C4CE23009A820F /* WebKit.framework in Frameworks */ = {isa = PBXBuildFile; fileRef = 0C095FA918C4CE23009A820F /* WebKit.framework */; };
		10EA2E43C717413482574C84 /* libPods-PrYv-OSX-ExampleTests.a in Frameworks */ = {isa = PBXBuildFile; fileRef = E47ECFEDCCA24CC79C5B337B /* libPods-PrYv-OSX-ExampleTests.a */; };
		ED92786559A14D09A71E2B68 /* libPods.a in Frameworks */ = {isa = PBXBuildFile; fileRef = 8E2F2D28C27B492D82FAB4BB /* libPods.a */; };
		FB1CEF4018C4BC9F002584F7 /* PYBaseConnectionTests.m in Sources */ = {isa = PBXBuildFile; fileRef = FB1CEF3F18C4BC9F002584F7 /* PYBaseConnectionTests.m */; };
		FB1CEF4218C4BCC2002584F7 /* PYEventAttachmentTests.m in Sources */ = {isa = PBXBuildFile; fileRef = FB1CEF4118C4BCC2002584F7 /* PYEventAttachmentTests.m */; };
		FB31950318D206E8004564C6 /* 350x150.png in Resources */ = {isa = PBXBuildFile; fileRef = FB31950218D206E8004564C6 /* 350x150.png */; };
		FB31950518D21BE7004564C6 /* 350x150.png in Resources */ = {isa = PBXBuildFile; fileRef = FB31950218D206E8004564C6 /* 350x150.png */; };
		FBE2E8DB18B225150059691E /* Cocoa.framework in Frameworks */ = {isa = PBXBuildFile; fileRef = FBE2E8DA18B225150059691E /* Cocoa.framework */; };
		FBE2E8E518B225150059691E /* InfoPlist.strings in Resources */ = {isa = PBXBuildFile; fileRef = FBE2E8E318B225150059691E /* InfoPlist.strings */; };
		FBE2E8E718B225150059691E /* main.m in Sources */ = {isa = PBXBuildFile; fileRef = FBE2E8E618B225150059691E /* main.m */; };
		FBE2E8EB18B225150059691E /* Credits.rtf in Resources */ = {isa = PBXBuildFile; fileRef = FBE2E8E918B225150059691E /* Credits.rtf */; };
		FBE2E8EE18B225150059691E /* AppDelegate.m in Sources */ = {isa = PBXBuildFile; fileRef = FBE2E8ED18B225150059691E /* AppDelegate.m */; };
		FBE2E8F318B225150059691E /* Images.xcassets in Resources */ = {isa = PBXBuildFile; fileRef = FBE2E8F218B225150059691E /* Images.xcassets */; };
		FBE2E8FB18B225150059691E /* Cocoa.framework in Frameworks */ = {isa = PBXBuildFile; fileRef = FBE2E8DA18B225150059691E /* Cocoa.framework */; };
		FBE2E90318B225150059691E /* InfoPlist.strings in Resources */ = {isa = PBXBuildFile; fileRef = FBE2E90118B225150059691E /* InfoPlist.strings */; };
		FBE2E90518B225150059691E /* PrYv_OSX_ExampleTests.m in Sources */ = {isa = PBXBuildFile; fileRef = FBE2E90418B225150059691E /* PrYv_OSX_ExampleTests.m */; };
		FBE2E90F18B225520059691E /* SenTestingKit.framework in Frameworks */ = {isa = PBXBuildFile; fileRef = FBE2E90E18B225520059691E /* SenTestingKit.framework */; };
		FBE2E93418B227E20059691E /* offLineTests.m in Sources */ = {isa = PBXBuildFile; fileRef = FBE2E91418B227C10059691E /* offLineTests.m */; };
		FBE2E93518B227E20059691E /* PryvCachingTests.m in Sources */ = {isa = PBXBuildFile; fileRef = FBE2E91618B227C10059691E /* PryvCachingTests.m */; };
		FBE2E93618B227E20059691E /* PYConnectionTests.m in Sources */ = {isa = PBXBuildFile; fileRef = FBE2E91818B227C10059691E /* PYConnectionTests.m */; };
		FBE2E93718B227E20059691E /* PYEventFilterTest.m in Sources */ = {isa = PBXBuildFile; fileRef = FBE2E91A18B227C10059691E /* PYEventFilterTest.m */; };
		FBE2E93818B227E20059691E /* PYEventsTests.m in Sources */ = {isa = PBXBuildFile; fileRef = FBE2E91C18B227C10059691E /* PYEventsTests.m */; };
		FBE2E93918B227E20059691E /* PYSupervisorTest.m in Sources */ = {isa = PBXBuildFile; fileRef = FBE2E91E18B227C10059691E /* PYSupervisorTest.m */; };
		FBE2E93A18B227E20059691E /* PYEventTypesTests.m in Sources */ = {isa = PBXBuildFile; fileRef = FBE2E92018B227C10059691E /* PYEventTypesTests.m */; };
		FBE2E93B18B227E20059691E /* PYStreamsTests.m in Sources */ = {isa = PBXBuildFile; fileRef = FBE2E92218B227C10059691E /* PYStreamsTests.m */; };
		FBE2E93C18B227E20059691E /* PYTestConstants.m in Sources */ = {isa = PBXBuildFile; fileRef = FBE2E92418B227C10059691E /* PYTestConstants.m */; };
		FBE2E93D18B227E20059691E /* PYTestsUtils.m in Sources */ = {isa = PBXBuildFile; fileRef = FBE2E92718B227C10059691E /* PYTestsUtils.m */; };
		FBE2E94318B228450059691E /* User.m in Sources */ = {isa = PBXBuildFile; fileRef = FBE2E94218B228450059691E /* User.m */; };
		FBE2E94A18B2284E0059691E /* WelcomeWindowController.m in Sources */ = {isa = PBXBuildFile; fileRef = FBE2E94518B2284E0059691E /* WelcomeWindowController.m */; };
		FBE2E94B18B2284E0059691E /* SigninWindowController.m in Sources */ = {isa = PBXBuildFile; fileRef = FBE2E94718B2284E0059691E /* SigninWindowController.m */; };
		FBE2E94C18B2284E0059691E /* WebViewController.m in Sources */ = {isa = PBXBuildFile; fileRef = FBE2E94918B2284E0059691E /* WebViewController.m */; };
		FBE2E95018B228640059691E /* WelcomeWindowController.xib in Resources */ = {isa = PBXBuildFile; fileRef = FBE2E94D18B228640059691E /* WelcomeWindowController.xib */; };
		FBE2E95118B228640059691E /* SigninWindowController.xib in Resources */ = {isa = PBXBuildFile; fileRef = FBE2E94E18B228640059691E /* SigninWindowController.xib */; };
		FBE2E95518B229D60059691E /* MainMenu.xib in Resources */ = {isa = PBXBuildFile; fileRef = FBE2E95318B229D60059691E /* MainMenu.xib */; };
/* End PBXBuildFile section */

/* Begin PBXContainerItemProxy section */
		FBE2E8FC18B225150059691E /* PBXContainerItemProxy */ = {
			isa = PBXContainerItemProxy;
			containerPortal = FBE2E8CF18B225150059691E /* Project object */;
			proxyType = 1;
			remoteGlobalIDString = FBE2E8D618B225150059691E;
			remoteInfo = "PrYv-OSX-Example";
		};
/* End PBXContainerItemProxy section */

/* Begin PBXFileReference section */
		0C095FA918C4CE23009A820F /* WebKit.framework */ = {isa = PBXFileReference; lastKnownFileType = wrapper.framework; name = WebKit.framework; path = System/Library/Frameworks/WebKit.framework; sourceTree = SDKROOT; };
		4E0F0C22CAF54046A17382CB /* Pods-PrYv-OSX-ExampleTests.xcconfig */ = {isa = PBXFileReference; includeInIndex = 1; lastKnownFileType = text.xcconfig; name = "Pods-PrYv-OSX-ExampleTests.xcconfig"; path = "Pods/Pods-PrYv-OSX-ExampleTests.xcconfig"; sourceTree = "<group>"; };
		89AEA2EA23974EB299548FC2 /* Pods.xcconfig */ = {isa = PBXFileReference; includeInIndex = 1; lastKnownFileType = text.xcconfig; name = Pods.xcconfig; path = Pods/Pods.xcconfig; sourceTree = "<group>"; };
		8E2F2D28C27B492D82FAB4BB /* libPods.a */ = {isa = PBXFileReference; explicitFileType = archive.ar; includeInIndex = 0; path = libPods.a; sourceTree = BUILT_PRODUCTS_DIR; };
		E47ECFEDCCA24CC79C5B337B /* libPods-PrYv-OSX-ExampleTests.a */ = {isa = PBXFileReference; explicitFileType = archive.ar; includeInIndex = 0; path = "libPods-PrYv-OSX-ExampleTests.a"; sourceTree = BUILT_PRODUCTS_DIR; };
		FB1CEF3E18C4BC9F002584F7 /* PYBaseConnectionTests.h */ = {isa = PBXFileReference; fileEncoding = 4; lastKnownFileType = sourcecode.c.h; name = PYBaseConnectionTests.h; path = ../common/PYBaseConnectionTests.h; sourceTree = "<group>"; };
		FB1CEF3F18C4BC9F002584F7 /* PYBaseConnectionTests.m */ = {isa = PBXFileReference; fileEncoding = 4; lastKnownFileType = sourcecode.c.objc; name = PYBaseConnectionTests.m; path = ../common/PYBaseConnectionTests.m; sourceTree = "<group>"; };
		FB1CEF4118C4BCC2002584F7 /* PYEventAttachmentTests.m */ = {isa = PBXFileReference; fileEncoding = 4; lastKnownFileType = sourcecode.c.objc; name = PYEventAttachmentTests.m; path = ../common/PYEventAttachmentTests.m; sourceTree = "<group>"; };
		FB31950218D206E8004564C6 /* 350x150.png */ = {isa = PBXFileReference; lastKnownFileType = image.png; path = 350x150.png; sourceTree = "<group>"; };
		FBE2E8D718B225150059691E /* PrYv-OSX-Example.app */ = {isa = PBXFileReference; explicitFileType = wrapper.application; includeInIndex = 0; path = "PrYv-OSX-Example.app"; sourceTree = BUILT_PRODUCTS_DIR; };
		FBE2E8DA18B225150059691E /* Cocoa.framework */ = {isa = PBXFileReference; lastKnownFileType = wrapper.framework; name = Cocoa.framework; path = System/Library/Frameworks/Cocoa.framework; sourceTree = SDKROOT; };
		FBE2E8DD18B225150059691E /* AppKit.framework */ = {isa = PBXFileReference; lastKnownFileType = wrapper.framework; name = AppKit.framework; path = System/Library/Frameworks/AppKit.framework; sourceTree = SDKROOT; };
		FBE2E8DE18B225150059691E /* CoreData.framework */ = {isa = PBXFileReference; lastKnownFileType = wrapper.framework; name = CoreData.framework; path = System/Library/Frameworks/CoreData.framework; sourceTree = SDKROOT; };
		FBE2E8DF18B225150059691E /* Foundation.framework */ = {isa = PBXFileReference; lastKnownFileType = wrapper.framework; name = Foundation.framework; path = System/Library/Frameworks/Foundation.framework; sourceTree = SDKROOT; };
		FBE2E8E218B225150059691E /* PrYv-OSX-Example-Info.plist */ = {isa = PBXFileReference; lastKnownFileType = text.plist.xml; path = "PrYv-OSX-Example-Info.plist"; sourceTree = "<group>"; };
		FBE2E8E418B225150059691E /* en */ = {isa = PBXFileReference; lastKnownFileType = text.plist.strings; name = en; path = en.lproj/InfoPlist.strings; sourceTree = "<group>"; };
		FBE2E8E618B225150059691E /* main.m */ = {isa = PBXFileReference; lastKnownFileType = sourcecode.c.objc; path = main.m; sourceTree = "<group>"; };
		FBE2E8E818B225150059691E /* PrYv-OSX-Example-Prefix.pch */ = {isa = PBXFileReference; lastKnownFileType = sourcecode.c.h; path = "PrYv-OSX-Example-Prefix.pch"; sourceTree = "<group>"; };
		FBE2E8EA18B225150059691E /* en */ = {isa = PBXFileReference; lastKnownFileType = text.rtf; name = en; path = en.lproj/Credits.rtf; sourceTree = "<group>"; };
		FBE2E8EC18B225150059691E /* AppDelegate.h */ = {isa = PBXFileReference; lastKnownFileType = sourcecode.c.h; path = AppDelegate.h; sourceTree = "<group>"; };
		FBE2E8ED18B225150059691E /* AppDelegate.m */ = {isa = PBXFileReference; lastKnownFileType = sourcecode.c.objc; path = AppDelegate.m; sourceTree = "<group>"; };
		FBE2E8F218B225150059691E /* Images.xcassets */ = {isa = PBXFileReference; lastKnownFileType = folder.assetcatalog; path = Images.xcassets; sourceTree = "<group>"; };
		FBE2E8F818B225150059691E /* PrYv-OSX-ExampleTests.octest */ = {isa = PBXFileReference; explicitFileType = wrapper.cfbundle; includeInIndex = 0; path = "PrYv-OSX-ExampleTests.octest"; sourceTree = BUILT_PRODUCTS_DIR; };
		FBE2E90018B225150059691E /* PrYv-OSX-ExampleTests-Info.plist */ = {isa = PBXFileReference; lastKnownFileType = text.plist.xml; path = "PrYv-OSX-ExampleTests-Info.plist"; sourceTree = "<group>"; };
		FBE2E90218B225150059691E /* en */ = {isa = PBXFileReference; lastKnownFileType = text.plist.strings; name = en; path = en.lproj/InfoPlist.strings; sourceTree = "<group>"; };
		FBE2E90418B225150059691E /* PrYv_OSX_ExampleTests.m */ = {isa = PBXFileReference; lastKnownFileType = sourcecode.c.objc; path = PrYv_OSX_ExampleTests.m; sourceTree = "<group>"; };
		FBE2E90E18B225520059691E /* SenTestingKit.framework */ = {isa = PBXFileReference; lastKnownFileType = wrapper.framework; name = SenTestingKit.framework; path = Library/Frameworks/SenTestingKit.framework; sourceTree = DEVELOPER_DIR; };
		FBE2E91418B227C10059691E /* offLineTests.m */ = {isa = PBXFileReference; fileEncoding = 4; lastKnownFileType = sourcecode.c.objc; name = offLineTests.m; path = ../common/offLineTests.m; sourceTree = "<group>"; };
		FBE2E91618B227C10059691E /* PryvCachingTests.m */ = {isa = PBXFileReference; fileEncoding = 4; lastKnownFileType = sourcecode.c.objc; name = PryvCachingTests.m; path = ../common/PryvCachingTests.m; sourceTree = "<group>"; };
		FBE2E91818B227C10059691E /* PYConnectionTests.m */ = {isa = PBXFileReference; fileEncoding = 4; lastKnownFileType = sourcecode.c.objc; name = PYConnectionTests.m; path = ../common/PYConnectionTests.m; sourceTree = "<group>"; };
		FBE2E91A18B227C10059691E /* PYEventFilterTest.m */ = {isa = PBXFileReference; fileEncoding = 4; lastKnownFileType = sourcecode.c.objc; name = PYEventFilterTest.m; path = ../common/PYEventFilterTest.m; sourceTree = "<group>"; };
		FBE2E91C18B227C10059691E /* PYEventsTests.m */ = {isa = PBXFileReference; fileEncoding = 4; lastKnownFileType = sourcecode.c.objc; name = PYEventsTests.m; path = ../common/PYEventsTests.m; sourceTree = "<group>"; };
		FBE2E91E18B227C10059691E /* PYSupervisorTest.m */ = {isa = PBXFileReference; fileEncoding = 4; lastKnownFileType = sourcecode.c.objc; name = PYSupervisorTest.m; path = ../common/PYSupervisorTest.m; sourceTree = "<group>"; };
		FBE2E92018B227C10059691E /* PYEventTypesTests.m */ = {isa = PBXFileReference; fileEncoding = 4; lastKnownFileType = sourcecode.c.objc; name = PYEventTypesTests.m; path = ../common/PYEventTypesTests.m; sourceTree = "<group>"; };
		FBE2E92218B227C10059691E /* PYStreamsTests.m */ = {isa = PBXFileReference; fileEncoding = 4; lastKnownFileType = sourcecode.c.objc; name = PYStreamsTests.m; path = ../common/PYStreamsTests.m; sourceTree = "<group>"; };
		FBE2E92318B227C10059691E /* PYTestConstants.h */ = {isa = PBXFileReference; fileEncoding = 4; lastKnownFileType = sourcecode.c.h; name = PYTestConstants.h; path = ../common/PYTestConstants.h; sourceTree = "<group>"; };
		FBE2E92418B227C10059691E /* PYTestConstants.m */ = {isa = PBXFileReference; fileEncoding = 4; lastKnownFileType = sourcecode.c.objc; name = PYTestConstants.m; path = ../common/PYTestConstants.m; sourceTree = "<group>"; };
		FBE2E92618B227C10059691E /* PYTestsUtils.h */ = {isa = PBXFileReference; fileEncoding = 4; lastKnownFileType = sourcecode.c.h; path = PYTestsUtils.h; sourceTree = "<group>"; };
		FBE2E92718B227C10059691E /* PYTestsUtils.m */ = {isa = PBXFileReference; fileEncoding = 4; lastKnownFileType = sourcecode.c.objc; path = PYTestsUtils.m; sourceTree = "<group>"; };
		FBE2E94118B228450059691E /* User.h */ = {isa = PBXFileReference; fileEncoding = 4; lastKnownFileType = sourcecode.c.h; path = User.h; sourceTree = "<group>"; };
		FBE2E94218B228450059691E /* User.m */ = {isa = PBXFileReference; fileEncoding = 4; lastKnownFileType = sourcecode.c.objc; path = User.m; sourceTree = "<group>"; };
		FBE2E94418B2284E0059691E /* WelcomeWindowController.h */ = {isa = PBXFileReference; fileEncoding = 4; lastKnownFileType = sourcecode.c.h; path = WelcomeWindowController.h; sourceTree = "<group>"; };
		FBE2E94518B2284E0059691E /* WelcomeWindowController.m */ = {isa = PBXFileReference; fileEncoding = 4; lastKnownFileType = sourcecode.c.objc; path = WelcomeWindowController.m; sourceTree = "<group>"; };
		FBE2E94618B2284E0059691E /* SigninWindowController.h */ = {isa = PBXFileReference; fileEncoding = 4; lastKnownFileType = sourcecode.c.h; path = SigninWindowController.h; sourceTree = "<group>"; };
		FBE2E94718B2284E0059691E /* SigninWindowController.m */ = {isa = PBXFileReference; fileEncoding = 4; lastKnownFileType = sourcecode.c.objc; path = SigninWindowController.m; sourceTree = "<group>"; };
		FBE2E94818B2284E0059691E /* WebViewController.h */ = {isa = PBXFileReference; fileEncoding = 4; lastKnownFileType = sourcecode.c.h; path = WebViewController.h; sourceTree = "<group>"; };
		FBE2E94918B2284E0059691E /* WebViewController.m */ = {isa = PBXFileReference; fileEncoding = 4; lastKnownFileType = sourcecode.c.objc; path = WebViewController.m; sourceTree = "<group>"; };
		FBE2E94D18B228640059691E /* WelcomeWindowController.xib */ = {isa = PBXFileReference; fileEncoding = 4; lastKnownFileType = file.xib; path = WelcomeWindowController.xib; sourceTree = "<group>"; };
		FBE2E94E18B228640059691E /* SigninWindowController.xib */ = {isa = PBXFileReference; fileEncoding = 4; lastKnownFileType = file.xib; path = SigninWindowController.xib; sourceTree = "<group>"; };
		FBE2E95418B229D60059691E /* en */ = {isa = PBXFileReference; lastKnownFileType = file.xib; name = en; path = en.lproj/MainMenu.xib; sourceTree = "<group>"; };
/* End PBXFileReference section */

/* Begin PBXFrameworksBuildPhase section */
		FBE2E8D418B225150059691E /* Frameworks */ = {
			isa = PBXFrameworksBuildPhase;
			buildActionMask = 2147483647;
			files = (
				0C095FAA18C4CE23009A820F /* WebKit.framework in Frameworks */,
				FBE2E8DB18B225150059691E /* Cocoa.framework in Frameworks */,
				ED92786559A14D09A71E2B68 /* libPods.a in Frameworks */,
			);
			runOnlyForDeploymentPostprocessing = 0;
		};
		FBE2E8F518B225150059691E /* Frameworks */ = {
			isa = PBXFrameworksBuildPhase;
			buildActionMask = 2147483647;
			files = (
				FBE2E90F18B225520059691E /* SenTestingKit.framework in Frameworks */,
				FBE2E8FB18B225150059691E /* Cocoa.framework in Frameworks */,
				10EA2E43C717413482574C84 /* libPods-PrYv-OSX-ExampleTests.a in Frameworks */,
			);
			runOnlyForDeploymentPostprocessing = 0;
		};
/* End PBXFrameworksBuildPhase section */

/* Begin PBXGroup section */
		FB31950118D206E8004564C6 /* Resources */ = {
			isa = PBXGroup;
			children = (
				FB31950218D206E8004564C6 /* 350x150.png */,
			);
			path = Resources;
			sourceTree = "<group>";
		};
		FBE2E8CE18B225150059691E = {
			isa = PBXGroup;
			children = (
				FBE2E91018B2279D0059691E /* PrYv-Common */,
				FBE2E8E018B225150059691E /* PrYv-OSX-Example */,
				FBE2E8FE18B225150059691E /* PrYv-OSX-ExampleTests */,
				FBE2E8D918B225150059691E /* Frameworks */,
				FBE2E8D818B225150059691E /* Products */,
				89AEA2EA23974EB299548FC2 /* Pods.xcconfig */,
				4E0F0C22CAF54046A17382CB /* Pods-PrYv-OSX-ExampleTests.xcconfig */,
			);
			sourceTree = "<group>";
		};
		FBE2E8D818B225150059691E /* Products */ = {
			isa = PBXGroup;
			children = (
				FBE2E8D718B225150059691E /* PrYv-OSX-Example.app */,
				FBE2E8F818B225150059691E /* PrYv-OSX-ExampleTests.octest */,
			);
			name = Products;
			sourceTree = "<group>";
		};
		FBE2E8D918B225150059691E /* Frameworks */ = {
			isa = PBXGroup;
			children = (
				0C095FA918C4CE23009A820F /* WebKit.framework */,
				FBE2E90E18B225520059691E /* SenTestingKit.framework */,
				FBE2E8DA18B225150059691E /* Cocoa.framework */,
				FBE2E8DC18B225150059691E /* Other Frameworks */,
				8E2F2D28C27B492D82FAB4BB /* libPods.a */,
				E47ECFEDCCA24CC79C5B337B /* libPods-PrYv-OSX-ExampleTests.a */,
			);
			name = Frameworks;
			sourceTree = "<group>";
		};
		FBE2E8DC18B225150059691E /* Other Frameworks */ = {
			isa = PBXGroup;
			children = (
				FBE2E8DD18B225150059691E /* AppKit.framework */,
				FBE2E8DE18B225150059691E /* CoreData.framework */,
				FBE2E8DF18B225150059691E /* Foundation.framework */,
			);
			name = "Other Frameworks";
			sourceTree = "<group>";
		};
		FBE2E8E018B225150059691E /* PrYv-OSX-Example */ = {
			isa = PBXGroup;
			children = (
				FBE2E93E18B228120059691E /* Model */,
				FBE2E94018B228240059691E /* Controller */,
				FBE2E93F18B2281B0059691E /* View */,
				FBE2E8EC18B225150059691E /* AppDelegate.h */,
				FBE2E8ED18B225150059691E /* AppDelegate.m */,
				FBE2E8F218B225150059691E /* Images.xcassets */,
				FBE2E8E118B225150059691E /* Supporting Files */,
			);
			path = "PrYv-OSX-Example";
			sourceTree = "<group>";
		};
		FBE2E8E118B225150059691E /* Supporting Files */ = {
			isa = PBXGroup;
			children = (
				FBE2E8E218B225150059691E /* PrYv-OSX-Example-Info.plist */,
				FBE2E8E318B225150059691E /* InfoPlist.strings */,
				FBE2E8E618B225150059691E /* main.m */,
				FBE2E8E818B225150059691E /* PrYv-OSX-Example-Prefix.pch */,
				FBE2E8E918B225150059691E /* Credits.rtf */,
			);
			name = "Supporting Files";
			sourceTree = "<group>";
		};
		FBE2E8FE18B225150059691E /* PrYv-OSX-ExampleTests */ = {
			isa = PBXGroup;
			children = (
				FBE2E90418B225150059691E /* PrYv_OSX_ExampleTests.m */,
				FBE2E8FF18B225150059691E /* Supporting Files */,
			);
			path = "PrYv-OSX-ExampleTests";
			sourceTree = "<group>";
		};
		FBE2E8FF18B225150059691E /* Supporting Files */ = {
			isa = PBXGroup;
			children = (
				FBE2E90018B225150059691E /* PrYv-OSX-ExampleTests-Info.plist */,
				FBE2E90118B225150059691E /* InfoPlist.strings */,
			);
			name = "Supporting Files";
			sourceTree = "<group>";
		};
		FBE2E91018B2279D0059691E /* PrYv-Common */ = {
			isa = PBXGroup;
			children = (
				FBE2E91418B227C10059691E /* offLineTests.m */,
				FB1CEF3E18C4BC9F002584F7 /* PYBaseConnectionTests.h */,
				FB1CEF3F18C4BC9F002584F7 /* PYBaseConnectionTests.m */,
				FBE2E91618B227C10059691E /* PryvCachingTests.m */,
				FBE2E91818B227C10059691E /* PYConnectionTests.m */,
				FB1CEF4118C4BCC2002584F7 /* PYEventAttachmentTests.m */,
				FBE2E91A18B227C10059691E /* PYEventFilterTest.m */,
				FBE2E91C18B227C10059691E /* PYEventsTests.m */,
				FBE2E91E18B227C10059691E /* PYSupervisorTest.m */,
				FBE2E92018B227C10059691E /* PYEventTypesTests.m */,
				FBE2E92218B227C10059691E /* PYStreamsTests.m */,
				FBE2E92318B227C10059691E /* PYTestConstants.h */,
				FBE2E92418B227C10059691E /* PYTestConstants.m */,
				FB31950118D206E8004564C6 /* Resources */,
				FBE2E92518B227C10059691E /* Utils */,
			);
			name = "PrYv-Common";
			sourceTree = "<group>";
		};
		FBE2E92518B227C10059691E /* Utils */ = {
			isa = PBXGroup;
			children = (
				FBE2E92618B227C10059691E /* PYTestsUtils.h */,
				FBE2E92718B227C10059691E /* PYTestsUtils.m */,
			);
			name = Utils;
			path = ../common/Utils;
			sourceTree = "<group>";
		};
		FBE2E93E18B228120059691E /* Model */ = {
			isa = PBXGroup;
			children = (
				FBE2E94118B228450059691E /* User.h */,
				FBE2E94218B228450059691E /* User.m */,
			);
			name = Model;
			sourceTree = "<group>";
		};
		FBE2E93F18B2281B0059691E /* View */ = {
			isa = PBXGroup;
			children = (
				FBE2E94D18B228640059691E /* WelcomeWindowController.xib */,
				FBE2E94E18B228640059691E /* SigninWindowController.xib */,
				FBE2E95318B229D60059691E /* MainMenu.xib */,
			);
			name = View;
			sourceTree = "<group>";
		};
		FBE2E94018B228240059691E /* Controller */ = {
			isa = PBXGroup;
			children = (
				FBE2E94418B2284E0059691E /* WelcomeWindowController.h */,
				FBE2E94518B2284E0059691E /* WelcomeWindowController.m */,
				FBE2E94618B2284E0059691E /* SigninWindowController.h */,
				FBE2E94718B2284E0059691E /* SigninWindowController.m */,
				FBE2E94818B2284E0059691E /* WebViewController.h */,
				FBE2E94918B2284E0059691E /* WebViewController.m */,
			);
			name = Controller;
			sourceTree = "<group>";
		};
/* End PBXGroup section */

/* Begin PBXNativeTarget section */
		FBE2E8D618B225150059691E /* PrYv-OSX-Example */ = {
			isa = PBXNativeTarget;
			buildConfigurationList = FBE2E90818B225150059691E /* Build configuration list for PBXNativeTarget "PrYv-OSX-Example" */;
			buildPhases = (
				A1BE303E0B074D85B34DA179 /* Check Pods Manifest.lock */,
				FBE2E8D318B225150059691E /* Sources */,
				FBE2E8D418B225150059691E /* Frameworks */,
				FBE2E8D518B225150059691E /* Resources */,
				C7F1E042FA0E443E9B48C0FB /* Copy Pods Resources */,
			);
			buildRules = (
			);
			dependencies = (
			);
			name = "PrYv-OSX-Example";
			productName = "PrYv-OSX-Example";
			productReference = FBE2E8D718B225150059691E /* PrYv-OSX-Example.app */;
			productType = "com.apple.product-type.application";
		};
		FBE2E8F718B225150059691E /* PrYv-OSX-ExampleTests */ = {
			isa = PBXNativeTarget;
			buildConfigurationList = FBE2E90B18B225150059691E /* Build configuration list for PBXNativeTarget "PrYv-OSX-ExampleTests" */;
			buildPhases = (
				7F4D6E2AB3094491BDA07078 /* Check Pods Manifest.lock */,
				FBE2E8F418B225150059691E /* Sources */,
				FBE2E8F518B225150059691E /* Frameworks */,
				FBE2E8F618B225150059691E /* Resources */,
				A9D142C996654A4EB8F60724 /* Copy Pods Resources */,
			);
			buildRules = (
			);
			dependencies = (
				FBE2E8FD18B225150059691E /* PBXTargetDependency */,
			);
			name = "PrYv-OSX-ExampleTests";
			productName = "PrYv-OSX-ExampleTests";
			productReference = FBE2E8F818B225150059691E /* PrYv-OSX-ExampleTests.octest */;
			productType = "com.apple.product-type.bundle.unit-test";
		};
/* End PBXNativeTarget section */

/* Begin PBXProject section */
		FBE2E8CF18B225150059691E /* Project object */ = {
			isa = PBXProject;
			attributes = {
				LastUpgradeCheck = 0500;
				ORGANIZATIONNAME = PrYv;
				TargetAttributes = {
					FBE2E8F718B225150059691E = {
						TestTargetID = FBE2E8D618B225150059691E;
					};
				};
			};
			buildConfigurationList = FBE2E8D218B225150059691E /* Build configuration list for PBXProject "PrYv-OSX-Example" */;
			compatibilityVersion = "Xcode 3.2";
			developmentRegion = English;
			hasScannedForEncodings = 0;
			knownRegions = (
				en,
				Base,
			);
			mainGroup = FBE2E8CE18B225150059691E;
			productRefGroup = FBE2E8D818B225150059691E /* Products */;
			projectDirPath = "";
			projectRoot = "";
			targets = (
				FBE2E8D618B225150059691E /* PrYv-OSX-Example */,
				FBE2E8F718B225150059691E /* PrYv-OSX-ExampleTests */,
			);
		};
/* End PBXProject section */

/* Begin PBXResourcesBuildPhase section */
		FBE2E8D518B225150059691E /* Resources */ = {
			isa = PBXResourcesBuildPhase;
			buildActionMask = 2147483647;
			files = (
				FBE2E8E518B225150059691E /* InfoPlist.strings in Resources */,
				FBE2E8F318B225150059691E /* Images.xcassets in Resources */,
				FB31950318D206E8004564C6 /* 350x150.png in Resources */,
				FBE2E8EB18B225150059691E /* Credits.rtf in Resources */,
				FBE2E95118B228640059691E /* SigninWindowController.xib in Resources */,
				FBE2E95518B229D60059691E /* MainMenu.xib in Resources */,
				FBE2E95018B228640059691E /* WelcomeWindowController.xib in Resources */,
			);
			runOnlyForDeploymentPostprocessing = 0;
		};
		FBE2E8F618B225150059691E /* Resources */ = {
			isa = PBXResourcesBuildPhase;
			buildActionMask = 2147483647;
			files = (
				FB31950518D21BE7004564C6 /* 350x150.png in Resources */,
				FBE2E90318B225150059691E /* InfoPlist.strings in Resources */,
			);
			runOnlyForDeploymentPostprocessing = 0;
		};
/* End PBXResourcesBuildPhase section */

/* Begin PBXShellScriptBuildPhase section */
		7F4D6E2AB3094491BDA07078 /* Check Pods Manifest.lock */ = {
			isa = PBXShellScriptBuildPhase;
			buildActionMask = 2147483647;
			files = (
			);
			inputPaths = (
			);
			name = "Check Pods Manifest.lock";
			outputPaths = (
			);
			runOnlyForDeploymentPostprocessing = 0;
			shellPath = /bin/sh;
			shellScript = "diff \"${PODS_ROOT}/../Podfile.lock\" \"${PODS_ROOT}/Manifest.lock\" > /dev/null\nif [[ $? != 0 ]] ; then\n    cat << EOM\nerror: The sandbox is not in sync with the Podfile.lock. Run 'pod install' or update your CocoaPods installation.\nEOM\n    exit 1\nfi\n";
			showEnvVarsInLog = 0;
		};
		A1BE303E0B074D85B34DA179 /* Check Pods Manifest.lock */ = {
			isa = PBXShellScriptBuildPhase;
			buildActionMask = 2147483647;
			files = (
			);
			inputPaths = (
			);
			name = "Check Pods Manifest.lock";
			outputPaths = (
			);
			runOnlyForDeploymentPostprocessing = 0;
			shellPath = /bin/sh;
			shellScript = "diff \"${PODS_ROOT}/../Podfile.lock\" \"${PODS_ROOT}/Manifest.lock\" > /dev/null\nif [[ $? != 0 ]] ; then\n    cat << EOM\nerror: The sandbox is not in sync with the Podfile.lock. Run 'pod install' or update your CocoaPods installation.\nEOM\n    exit 1\nfi\n";
			showEnvVarsInLog = 0;
		};
		A9D142C996654A4EB8F60724 /* Copy Pods Resources */ = {
			isa = PBXShellScriptBuildPhase;
			buildActionMask = 2147483647;
			files = (
			);
			inputPaths = (
			);
			name = "Copy Pods Resources";
			outputPaths = (
			);
			runOnlyForDeploymentPostprocessing = 0;
			shellPath = /bin/sh;
			shellScript = "\"${SRCROOT}/Pods/Pods-PrYv-OSX-ExampleTests-resources.sh\"\n";
			showEnvVarsInLog = 0;
		};
		C7F1E042FA0E443E9B48C0FB /* Copy Pods Resources */ = {
			isa = PBXShellScriptBuildPhase;
			buildActionMask = 2147483647;
			files = (
			);
			inputPaths = (
			);
			name = "Copy Pods Resources";
			outputPaths = (
			);
			runOnlyForDeploymentPostprocessing = 0;
			shellPath = /bin/sh;
			shellScript = "\"${SRCROOT}/Pods/Pods-resources.sh\"\n";
			showEnvVarsInLog = 0;
		};
/* End PBXShellScriptBuildPhase section */

/* Begin PBXSourcesBuildPhase section */
		FBE2E8D318B225150059691E /* Sources */ = {
			isa = PBXSourcesBuildPhase;
			buildActionMask = 2147483647;
			files = (
				FBE2E94A18B2284E0059691E /* WelcomeWindowController.m in Sources */,
				FBE2E94C18B2284E0059691E /* WebViewController.m in Sources */,
				FBE2E8EE18B225150059691E /* AppDelegate.m in Sources */,
				FBE2E8E718B225150059691E /* main.m in Sources */,
				FBE2E94318B228450059691E /* User.m in Sources */,
				FBE2E94B18B2284E0059691E /* SigninWindowController.m in Sources */,
			);
			runOnlyForDeploymentPostprocessing = 0;
		};
		FBE2E8F418B225150059691E /* Sources */ = {
			isa = PBXSourcesBuildPhase;
			buildActionMask = 2147483647;
			files = (
				FBE2E90518B225150059691E /* PrYv_OSX_ExampleTests.m in Sources */,
				FBE2E93818B227E20059691E /* PYEventsTests.m in Sources */,
				FBE2E93C18B227E20059691E /* PYTestConstants.m in Sources */,
				FBE2E93518B227E20059691E /* PryvCachingTests.m in Sources */,
				FBE2E93A18B227E20059691E /* PYEventTypesTests.m in Sources */,
				FB1CEF4018C4BC9F002584F7 /* PYBaseConnectionTests.m in Sources */,
				FBE2E93718B227E20059691E /* PYEventFilterTest.m in Sources */,
				FB1CEF4218C4BCC2002584F7 /* PYEventAttachmentTests.m in Sources */,
				FBE2E93618B227E20059691E /* PYConnectionTests.m in Sources */,
				FBE2E93418B227E20059691E /* offLineTests.m in Sources */,
				FBE2E93B18B227E20059691E /* PYStreamsTests.m in Sources */,
				FBE2E93D18B227E20059691E /* PYTestsUtils.m in Sources */,
				FBE2E93918B227E20059691E /* PYSupervisorTest.m in Sources */,
			);
			runOnlyForDeploymentPostprocessing = 0;
		};
/* End PBXSourcesBuildPhase section */

/* Begin PBXTargetDependency section */
		FBE2E8FD18B225150059691E /* PBXTargetDependency */ = {
			isa = PBXTargetDependency;
			target = FBE2E8D618B225150059691E /* PrYv-OSX-Example */;
			targetProxy = FBE2E8FC18B225150059691E /* PBXContainerItemProxy */;
		};
/* End PBXTargetDependency section */

/* Begin PBXVariantGroup section */
		FBE2E8E318B225150059691E /* InfoPlist.strings */ = {
			isa = PBXVariantGroup;
			children = (
				FBE2E8E418B225150059691E /* en */,
			);
			name = InfoPlist.strings;
			sourceTree = "<group>";
		};
		FBE2E8E918B225150059691E /* Credits.rtf */ = {
			isa = PBXVariantGroup;
			children = (
				FBE2E8EA18B225150059691E /* en */,
			);
			name = Credits.rtf;
			sourceTree = "<group>";
		};
		FBE2E90118B225150059691E /* InfoPlist.strings */ = {
			isa = PBXVariantGroup;
			children = (
				FBE2E90218B225150059691E /* en */,
			);
			name = InfoPlist.strings;
			sourceTree = "<group>";
		};
		FBE2E95318B229D60059691E /* MainMenu.xib */ = {
			isa = PBXVariantGroup;
			children = (
				FBE2E95418B229D60059691E /* en */,
			);
			name = MainMenu.xib;
			sourceTree = "<group>";
		};
/* End PBXVariantGroup section */

/* Begin XCBuildConfiguration section */
		FBB2D37D18DF09BE006B063C /* Coverage */ = {
			isa = XCBuildConfiguration;
			buildSettings = {
				ALWAYS_SEARCH_USER_PATHS = NO;
				CLANG_CXX_LANGUAGE_STANDARD = "gnu++0x";
				CLANG_CXX_LIBRARY = "libc++";
				CLANG_ENABLE_OBJC_ARC = NO;
				CLANG_WARN_BOOL_CONVERSION = YES;
				CLANG_WARN_CONSTANT_CONVERSION = YES;
				CLANG_WARN_DIRECT_OBJC_ISA_USAGE = YES_ERROR;
				CLANG_WARN_EMPTY_BODY = YES;
				CLANG_WARN_ENUM_CONVERSION = YES;
				CLANG_WARN_INT_CONVERSION = YES;
				CLANG_WARN_OBJC_ROOT_CLASS = YES_ERROR;
				CLANG_WARN__DUPLICATE_METHOD_MATCH = YES;
				COPY_PHASE_STRIP = NO;
				GCC_C_LANGUAGE_STANDARD = gnu99;
				GCC_DYNAMIC_NO_PIC = NO;
				GCC_ENABLE_OBJC_EXCEPTIONS = YES;
				GCC_GENERATE_TEST_COVERAGE_FILES = YES;
				GCC_INSTRUMENT_PROGRAM_FLOW_ARCS = YES;
				GCC_OPTIMIZATION_LEVEL = 0;
				GCC_PREPROCESSOR_DEFINITIONS = (
					"DEBUG=1",
					"$(inherited)",
				);
				GCC_SYMBOLS_PRIVATE_EXTERN = NO;
				GCC_WARN_64_TO_32_BIT_CONVERSION = YES;
				GCC_WARN_ABOUT_RETURN_TYPE = YES_ERROR;
				GCC_WARN_UNDECLARED_SELECTOR = YES;
				GCC_WARN_UNINITIALIZED_AUTOS = YES;
				GCC_WARN_UNUSED_FUNCTION = YES;
				GCC_WARN_UNUSED_VARIABLE = YES;
				MACOSX_DEPLOYMENT_TARGET = 10.6;
				ONLY_ACTIVE_ARCH = YES;
				SDKROOT = macosx;
			};
			name = Coverage;
		};
		FBB2D37E18DF09BE006B063C /* Coverage */ = {
			isa = XCBuildConfiguration;
			baseConfigurationReference = 89AEA2EA23974EB299548FC2 /* Pods.xcconfig */;
			buildSettings = {
				ASSETCATALOG_COMPILER_APPICON_NAME = AppIcon;
				COMBINE_HIDPI_IMAGES = YES;
				GCC_PRECOMPILE_PREFIX_HEADER = YES;
				GCC_PREFIX_HEADER = "PrYv-OSX-Example/PrYv-OSX-Example-Prefix.pch";
				INFOPLIST_FILE = "PrYv-OSX-Example/PrYv-OSX-Example-Info.plist";
				PRODUCT_NAME = "$(TARGET_NAME)";
				WRAPPER_EXTENSION = app;
			};
			name = Coverage;
		};
		FBB2D37F18DF09BE006B063C /* Coverage */ = {
			isa = XCBuildConfiguration;
			baseConfigurationReference = 4E0F0C22CAF54046A17382CB /* Pods-PrYv-OSX-ExampleTests.xcconfig */;
			buildSettings = {
				BUNDLE_LOADER = "$(BUILT_PRODUCTS_DIR)/PrYv-OSX-Example.app/Contents/MacOS/PrYv-OSX-Example";
				COMBINE_HIDPI_IMAGES = YES;
				FRAMEWORK_SEARCH_PATHS = (
					"$(DEVELOPER_FRAMEWORKS_DIR)",
					"$(inherited)",
				);
				GCC_PRECOMPILE_PREFIX_HEADER = YES;
				GCC_PREFIX_HEADER = "PrYv-OSX-Example/PrYv-OSX-Example-Prefix.pch";
				GCC_PREPROCESSOR_DEFINITIONS = (
					"DEBUG=1",
					"$(inherited)",
				);
				INFOPLIST_FILE = "PrYv-OSX-ExampleTests/PrYv-OSX-ExampleTests-Info.plist";
				PRODUCT_NAME = "$(TARGET_NAME)";
				TEST_HOST = "$(BUNDLE_LOADER)";
				WRAPPER_EXTENSION = octest;
			};
			name = Coverage;
		};
		FBE2E90618B225150059691E /* Debug */ = {
			isa = XCBuildConfiguration;
			buildSettings = {
				ALWAYS_SEARCH_USER_PATHS = NO;
				CLANG_CXX_LANGUAGE_STANDARD = "gnu++0x";
				CLANG_CXX_LIBRARY = "libc++";
				CLANG_ENABLE_OBJC_ARC = NO;
				CLANG_WARN_BOOL_CONVERSION = YES;
				CLANG_WARN_CONSTANT_CONVERSION = YES;
				CLANG_WARN_DIRECT_OBJC_ISA_USAGE = YES_ERROR;
				CLANG_WARN_EMPTY_BODY = YES;
				CLANG_WARN_ENUM_CONVERSION = YES;
				CLANG_WARN_INT_CONVERSION = YES;
				CLANG_WARN_OBJC_ROOT_CLASS = YES_ERROR;
				CLANG_WARN__DUPLICATE_METHOD_MATCH = YES;
				COPY_PHASE_STRIP = NO;
				GCC_C_LANGUAGE_STANDARD = gnu99;
				GCC_DYNAMIC_NO_PIC = NO;
				GCC_ENABLE_OBJC_EXCEPTIONS = YES;
				GCC_INSTRUMENT_PROGRAM_FLOW_ARCS = YES;
				GCC_OPTIMIZATION_LEVEL = 0;
				GCC_PREPROCESSOR_DEFINITIONS = (
					"DEBUG=1",
					"$(inherited)",
				);
				GCC_SYMBOLS_PRIVATE_EXTERN = NO;
				GCC_WARN_64_TO_32_BIT_CONVERSION = YES;
				GCC_WARN_ABOUT_RETURN_TYPE = YES_ERROR;
				GCC_WARN_UNDECLARED_SELECTOR = YES;
				GCC_WARN_UNINITIALIZED_AUTOS = YES;
				GCC_WARN_UNUSED_FUNCTION = YES;
				GCC_WARN_UNUSED_VARIABLE = YES;
				MACOSX_DEPLOYMENT_TARGET = 10.6;
				ONLY_ACTIVE_ARCH = YES;
				SDKROOT = macosx;
			};
			name = Debug;
		};
		FBE2E90718B225150059691E /* Release */ = {
			isa = XCBuildConfiguration;
			buildSettings = {
				ALWAYS_SEARCH_USER_PATHS = NO;
				CLANG_CXX_LANGUAGE_STANDARD = "gnu++0x";
				CLANG_CXX_LIBRARY = "libc++";
				CLANG_ENABLE_OBJC_ARC = NO;
				CLANG_WARN_BOOL_CONVERSION = YES;
				CLANG_WARN_CONSTANT_CONVERSION = YES;
				CLANG_WARN_DIRECT_OBJC_ISA_USAGE = YES_ERROR;
				CLANG_WARN_EMPTY_BODY = YES;
				CLANG_WARN_ENUM_CONVERSION = YES;
				CLANG_WARN_INT_CONVERSION = YES;
				CLANG_WARN_OBJC_ROOT_CLASS = YES_ERROR;
				CLANG_WARN__DUPLICATE_METHOD_MATCH = YES;
				COPY_PHASE_STRIP = YES;
				DEBUG_INFORMATION_FORMAT = "dwarf-with-dsym";
				ENABLE_NS_ASSERTIONS = NO;
				GCC_C_LANGUAGE_STANDARD = gnu99;
				GCC_ENABLE_OBJC_EXCEPTIONS = YES;
				GCC_INSTRUMENT_PROGRAM_FLOW_ARCS = YES;
				GCC_WARN_64_TO_32_BIT_CONVERSION = YES;
				GCC_WARN_ABOUT_RETURN_TYPE = YES_ERROR;
				GCC_WARN_UNDECLARED_SELECTOR = YES;
				GCC_WARN_UNINITIALIZED_AUTOS = YES;
				GCC_WARN_UNUSED_FUNCTION = YES;
				GCC_WARN_UNUSED_VARIABLE = YES;
				MACOSX_DEPLOYMENT_TARGET = 10.6;
				ONLY_ACTIVE_ARCH = YES;
				SDKROOT = macosx;
			};
			name = Release;
		};
		FBE2E90918B225150059691E /* Debug */ = {
			isa = XCBuildConfiguration;
			baseConfigurationReference = 89AEA2EA23974EB299548FC2 /* Pods.xcconfig */;
			buildSettings = {
				ASSETCATALOG_COMPILER_APPICON_NAME = AppIcon;
				COMBINE_HIDPI_IMAGES = YES;
				GCC_PRECOMPILE_PREFIX_HEADER = YES;
				GCC_PREFIX_HEADER = "PrYv-OSX-Example/PrYv-OSX-Example-Prefix.pch";
				INFOPLIST_FILE = "PrYv-OSX-Example/PrYv-OSX-Example-Info.plist";
				PRODUCT_NAME = "$(TARGET_NAME)";
				WRAPPER_EXTENSION = app;
			};
			name = Debug;
		};
		FBE2E90A18B225150059691E /* Release */ = {
			isa = XCBuildConfiguration;
			baseConfigurationReference = 89AEA2EA23974EB299548FC2 /* Pods.xcconfig */;
			buildSettings = {
				ASSETCATALOG_COMPILER_APPICON_NAME = AppIcon;
				COMBINE_HIDPI_IMAGES = YES;
				GCC_PRECOMPILE_PREFIX_HEADER = YES;
				GCC_PREFIX_HEADER = "PrYv-OSX-Example/PrYv-OSX-Example-Prefix.pch";
				INFOPLIST_FILE = "PrYv-OSX-Example/PrYv-OSX-Example-Info.plist";
				PRODUCT_NAME = "$(TARGET_NAME)";
				WRAPPER_EXTENSION = app;
			};
			name = Release;
		};
		FBE2E90C18B225150059691E /* Debug */ = {
			isa = XCBuildConfiguration;
			baseConfigurationReference = 4E0F0C22CAF54046A17382CB /* Pods-PrYv-OSX-ExampleTests.xcconfig */;
			buildSettings = {
				BUNDLE_LOADER = "$(BUILT_PRODUCTS_DIR)/PrYv-OSX-Example.app/Contents/MacOS/PrYv-OSX-Example";
				COMBINE_HIDPI_IMAGES = YES;
				FRAMEWORK_SEARCH_PATHS = (
					"$(DEVELOPER_FRAMEWORKS_DIR)",
					"$(inherited)",
				);
				GCC_PRECOMPILE_PREFIX_HEADER = YES;
				GCC_PREFIX_HEADER = "PrYv-OSX-Example/PrYv-OSX-Example-Prefix.pch";
				GCC_PREPROCESSOR_DEFINITIONS = (
					"DEBUG=1",
					"$(inherited)",
				);
				INFOPLIST_FILE = "PrYv-OSX-ExampleTests/PrYv-OSX-ExampleTests-Info.plist";
				PRODUCT_NAME = "$(TARGET_NAME)";
				TEST_HOST = "$(BUNDLE_LOADER)";
				WRAPPER_EXTENSION = octest;
			};
			name = Debug;
		};
		FBE2E90D18B225150059691E /* Release */ = {
			isa = XCBuildConfiguration;
			baseConfigurationReference = 4E0F0C22CAF54046A17382CB /* Pods-PrYv-OSX-ExampleTests.xcconfig */;
			buildSettings = {
				BUNDLE_LOADER = "$(BUILT_PRODUCTS_DIR)/PrYv-OSX-Example.app/Contents/MacOS/PrYv-OSX-Example";
				COMBINE_HIDPI_IMAGES = YES;
				FRAMEWORK_SEARCH_PATHS = (
					"$(DEVELOPER_FRAMEWORKS_DIR)",
					"$(inherited)",
				);
				GCC_PRECOMPILE_PREFIX_HEADER = YES;
				GCC_PREFIX_HEADER = "PrYv-OSX-Example/PrYv-OSX-Example-Prefix.pch";
				INFOPLIST_FILE = "PrYv-OSX-ExampleTests/PrYv-OSX-ExampleTests-Info.plist";
				PRODUCT_NAME = "$(TARGET_NAME)";
				TEST_HOST = "$(BUNDLE_LOADER)";
				WRAPPER_EXTENSION = octest;
			};
			name = Release;
		};
/* End XCBuildConfiguration section */

/* Begin XCConfigurationList section */
		FBE2E8D218B225150059691E /* Build configuration list for PBXProject "PrYv-OSX-Example" */ = {
			isa = XCConfigurationList;
			buildConfigurations = (
				FBE2E90618B225150059691E /* Debug */,
				FBB2D37D18DF09BE006B063C /* Coverage */,
				FBE2E90718B225150059691E /* Release */,
			);
			defaultConfigurationIsVisible = 0;
			defaultConfigurationName = Release;
		};
		FBE2E90818B225150059691E /* Build configuration list for PBXNativeTarget "PrYv-OSX-Example" */ = {
			isa = XCConfigurationList;
			buildConfigurations = (
				FBE2E90918B225150059691E /* Debug */,
				FBB2D37E18DF09BE006B063C /* Coverage */,
				FBE2E90A18B225150059691E /* Release */,
			);
			defaultConfigurationIsVisible = 0;
			defaultConfigurationName = Release;
		};
		FBE2E90B18B225150059691E /* Build configuration list for PBXNativeTarget "PrYv-OSX-ExampleTests" */ = {
			isa = XCConfigurationList;
			buildConfigurations = (
				FBE2E90C18B225150059691E /* Debug */,
				FBB2D37F18DF09BE006B063C /* Coverage */,
				FBE2E90D18B225150059691E /* Release */,
			);
			defaultConfigurationIsVisible = 0;
			defaultConfigurationName = Release;
		};
/* End XCConfigurationList section */
	};
	rootObject = FBE2E8CF18B225150059691E /* Project object */;
}
