PODS:
  - AnyJSON (0.1.0)
  - OCMock (2.2.3)
  - PryvApiKit (0.0.1):
    - AnyJSON
    - PryvApiKit/CWLSynthesizeSingleton
    - PryvApiKit/Reachability
  - PryvApiKit/CWLSynthesizeSingleton (0.0.1):
    - AnyJSON
  - PryvApiKit/Reachability (0.0.1):
    - AnyJSON

DEPENDENCIES:
  - OCMock
  - PryvApiKit (from `../../PryvApiKit.podspec`)

EXTERNAL SOURCES:
  PryvApiKit:
    :path: ../../PryvApiKit.podspec

SPEC CHECKSUMS:
  AnyJSON: 693e7998be311cb6b77790fd46ce2bec64f1f853
  OCMock: 74e4ddbcef134170dcc844f91c691f13868075d7
  PryvApiKit: 0d55e2797c78b5a3a1dbaf808aa0fae42adaff24

COCOAPODS: 0.29.0
